{
  "version": 4,
  "terraform_version": "1.9.8",
  "serial": 47,
  "lineage": "c88338cf-4fc3-1250-5a2f-a8ff2ef145ec",
  "outputs": {
    "tls_sshkey": {
      "value": "-----BEGIN OPENSSH PRIVATE KEY-----\nb3BlbnNzaC1rZXktdjEAAAAABG5vbmUAAAAEbm9uZQAAAAAAAAABAAACFwAAAAdz\nc2gtcnNhAAAAAwEAAQAAAgEAog6L6ucklR6OZqWULY3i5JCgZ63xPr8TsrY3shEp\n7wB2Eu5GhEnheiGPwobY6JB8ndBqyDucu5K303uEXBZBES4a3T6pPqv4+gVqwOIG\nAmotUgih0aa4hpFSqDTRYCYF30xO6u9cJVO+kfnXSlDYamVVFF1oOn2w1iRaCoyQ\nfSVNcjiuqNHtLxNl0AQKaPU2a0DSdKLDNaoOXk9U9dqA70dPDOnMAp8LmCeijIiU\nAd/xAAiMvLZ558K31/W9n4hfV5nrUll0gUhWG8ZmpIlknNiDZkaJcs6SfC1IdUbp\nUs4FzSGX9xrsTJQaDo9F0W9P8bogmJP+zJIBDYIwSbyUjB5OpN6zVbLSzFQzt//r\njS/9iXJJ7wLYl/HehTgsScZVY30PcbZdcW/Baljo73nNbYAw4GSRMEy27n01pxfP\ntzO60kn/Y1PhFjhOj2sQyUZR10EMWl4078GmdECVlkcrdufqFiBVRHEd5BKai+eX\n8j3PVxREp6Rwem0fLSX3AeLGn9lgkXKAyJ1lt+C6EZLPM5EAh6kKSDkXdNxlMM9k\nZXVrPZSwGKH+p9xEzVSPBJkRzcs69qNmFWDbftwsaIZlJ9MIq4k4atx11hhG3seR\nC0GJ1wEMi/pR1X3Ob5o8D8m7vKXrVLiMKYJ+T+kX52+TkiV9t0mZWh5ajGk/709K\nmvEAAAc47zULdO81C3QAAAAHc3NoLXJzYQAAAgEAog6L6ucklR6OZqWULY3i5JCg\nZ63xPr8TsrY3shEp7wB2Eu5GhEnheiGPwobY6JB8ndBqyDucu5K303uEXBZBES4a\n3T6pPqv4+gVqwOIGAmotUgih0aa4hpFSqDTRYCYF30xO6u9cJVO+kfnXSlDYamVV\nFF1oOn2w1iRaCoyQfSVNcjiuqNHtLxNl0AQKaPU2a0DSdKLDNaoOXk9U9dqA70dP\nDOnMAp8LmCeijIiUAd/xAAiMvLZ558K31/W9n4hfV5nrUll0gUhWG8ZmpIlknNiD\nZkaJcs6SfC1IdUbpUs4FzSGX9xrsTJQaDo9F0W9P8bogmJP+zJIBDYIwSbyUjB5O\npN6zVbLSzFQzt//rjS/9iXJJ7wLYl/HehTgsScZVY30PcbZdcW/Baljo73nNbYAw\n4GSRMEy27n01pxfPtzO60kn/Y1PhFjhOj2sQyUZR10EMWl4078GmdECVlkcrdufq\nFiBVRHEd5BKai+eX8j3PVxREp6Rwem0fLSX3AeLGn9lgkXKAyJ1lt+C6EZLPM5EA\nh6kKSDkXdNxlMM9kZXVrPZSwGKH+p9xEzVSPBJkRzcs69qNmFWDbftwsaIZlJ9MI\nq4k4atx11hhG3seRC0GJ1wEMi/pR1X3Ob5o8D8m7vKXrVLiMKYJ+T+kX52+TkiV9\nt0mZWh5ajGk/709KmvEAAAADAQABAAACAQCSD4JUSdhS/qNiKMKQ/F0PnLq2N7RD\n1XwvisRQHeAppcTF8zRjbyNmLHGh5mAB3Jg0tPBJYFE3TlmYpq75QKWMkn1sA1oP\nPni8/7zj89NuwbvvQBB5IUcXIkvZhyFfA2YviFtorCvlCMGuV/yO4qbr3kD8heO3\nNCn6F/F/qIliAgj3ddcWGX8o+ta80aeASeKucFI/BaPj7k3c+qucmz+yahb5kI9r\nnWWZ0b9T4pVjyy8v1ITkYaMmG/4PC1HJQ+SK1BOguTekfkn95qgEjEC+jPaBa/ne\nHAkzGq0/5pXNKBtac3jAIufvbVy+2qsWxLjNKfDPFDSGtOF2B2z2SJ2o7T6EvwYf\nPjxDda4pP8U1mp5jnPFJcHKxcVk/1UgUVzqOkC1R/Q4vg34peemz5WxMxY5zP5Aj\nd5JLvp79G0HBkUgGq407EPBuniZFNBgiVcNuFehlGnqDG2Xel7POuRm3CmoM2uc4\nOjezQEAr3aSdZVbqQqt+fRWvoE7r4i7YHKrIKo7JPKGHfZLOCdAvcYAjuPn6auFS\n1+jEuqtOiJyI8wb45/2U6ElhtiDhh8UWG1BX2/ki8vGtHvgswaURFvpPXtpB3uSV\nCOqgJy6trUiorjDDghi+6KgFun8g1J9c7ca1Oj2ZL8Rz/sVwtMrTnALxBwZrDsjY\nPwDNK1fTvfdbcQAAAQBwuUfU1X3GV3qhptFDXD6URjBycLJKObzPCrFfa0t7b9Bb\nRPRw9aGK1+52bLKZ+OujibonwJYpfIOrq9dALLKbXPKmMs2ClK5Mgpn4P2iasBfa\nDHFQPjc+ZOsNkLjTyY75aQ6Xj7MgQMXUPGmX85OuqidRYMuNgjrp7iZKyKMunwEV\nKqmQNOgfZjjc7UgMo8je+wc+PYs9OntCVK2VI/qVYCC32lPAeIfGdd5pgFYTV1aX\nEt0W9/NimSTOmWClAkHryJnUzmOGLBn8PbcZFloP4K6hyKVBE3x3jQzRw35L1bH8\nyLFeZK5ZYcK4oGus44T6noumicVvYgePY09dodw8AAABAQDH6mtcWpNpJ2SjC1jR\nl8avxiw8/cmOOpRaacZ1J8MYbNKOp5mXUWXHItw4Zifuhl9Mmrs+3aw0eM0pWukZ\nQRFM5gV67ss91VjTMIYzmDnTWFJUe1VTi0Nd4cOEPlF8Th1S9qJcG/RuXK6G9nE+\nqQ7GlmZPGBweff4rBc6kfXUR68O7AhDZrjuAWIE0UTVYyY4S1BwSeYJxqeeXtLHu\nbNYKSoJTZliwgrUU+LflHX0j7a/AfQ7ePo8BCBgJZY/KCgKI+lR/ycQak9efE2jw\nuy6Q0qbx8jDKg+NInXg3U2nqD2vFu/06w1KfJF5AcShB7UW4UPetnRGAph2bfRWt\n1Li/AAABAQDPhSvyHdL/giw9FiOWxAUMuWQyjfF5jrK8j4YqkNGkmpTNfDRfd3lW\nAZvOAzsk2xzBczE9MbD2Hi7YeuAi7td4JtEO2B6ai/VckR1nHyX4Dh1wo2rcTuDO\nLBLH8hF5Xc8ISEe6owN7z953mmmvx13iPGRgdjwxABLdQx0BeL4fFFwNWYuOSZ0w\nE5hKH1mybAtsZZRbzDo4IXG5U1gmjr2EQ+x57mKq85wZ0or4YtrTDoDE0lTvLI1S\nv7WOK6Sxa25oQ/lq77NWNe4ZuDuOTxnolUVwbQbpHPP7gscSeBih/k1M512JIemd\nQYCnRDmOznqQ9Wcw1RddgVfQztVOaGhPAAAAAAEC\n-----END OPENSSH PRIVATE KEY-----\n",
      "type": "string",
      "sensitive": true
    }
  },
  "resources": [
    {
      "module": "module.aws-ec2",
      "mode": "managed",
      "type": "aws_eip_association",
      "name": "bastion_association",
      "provider": "provider[\"registry.terraform.io/hashicorp/aws\"]",
      "instances": [
        {
          "schema_version": 0,
          "attributes": {
            "allocation_id": "eipalloc-0520d20079b78b944",
            "allow_reassociation": null,
            "id": "eipassoc-0b090ca9ec8fb49d5",
            "instance_id": "i-06dc918fa5c5054f9",
            "network_interface_id": "eni-0ba8421d1bd9eb9e5",
            "private_ip_address": "10.0.10.206",
            "public_ip": "52.204.43.190"
          },
          "sensitive_attributes": [],
          "private": "bnVsbA==",
          "dependencies": [
            "module.aws-ec2.aws_instance.bastion_host",
            "module.aws-sg.aws_security_group.basic_allow_common",
            "module.aws-sg.aws_security_group.basic_allow_internet",
            "module.aws-sg.aws_security_group.basic_bastion_host",
            "module.aws-vpc.aws_eip.bastion_eip",
            "module.aws-vpc.aws_subnet.public_subnets",
            "module.aws-vpc.aws_vpc.main_vpc",
            "module.ssh-key.aws_key_pair.common_key",
            "module.ssh-key.tls_private_key.ssh_key_instances"
          ]
        }
      ]
    },
    {
      "module": "module.aws-ec2",
      "mode": "managed",
      "type": "aws_instance",
      "name": "bastion_host",
      "provider": "provider[\"registry.terraform.io/hashicorp/aws\"]",
      "instances": [
        {
          "schema_version": 1,
          "attributes": {
            "ami": "ami-06b21ccaeff8cd686",
            "arn": "arn:aws:ec2:us-east-1:637423499518:instance/i-06dc918fa5c5054f9",
            "associate_public_ip_address": false,
            "availability_zone": "us-east-1a",
            "capacity_reservation_specification": [
              {
                "capacity_reservation_preference": "open",
                "capacity_reservation_target": []
              }
            ],
            "cpu_core_count": 1,
            "cpu_options": [
              {
                "amd_sev_snp": "",
                "core_count": 1,
                "threads_per_core": 1
              }
            ],
            "cpu_threads_per_core": 1,
            "credit_specification": [
              {
                "cpu_credits": "standard"
              }
            ],
            "disable_api_stop": false,
            "disable_api_termination": false,
            "ebs_block_device": [],
            "ebs_optimized": false,
            "enclave_options": [
              {
                "enabled": false
              }
            ],
            "ephemeral_block_device": [],
            "get_password_data": false,
            "hibernation": false,
            "host_id": "",
            "host_resource_group_arn": null,
            "iam_instance_profile": "",
            "id": "i-06dc918fa5c5054f9",
            "instance_initiated_shutdown_behavior": "stop",
            "instance_lifecycle": "",
            "instance_market_options": [],
            "instance_state": "running",
            "instance_type": "t2.micro",
            "ipv6_address_count": 0,
            "ipv6_addresses": [],
            "key_name": "due1-common-key",
            "launch_template": [],
            "maintenance_options": [
              {
                "auto_recovery": "default"
              }
            ],
            "metadata_options": [
              {
                "http_endpoint": "enabled",
                "http_protocol_ipv6": "disabled",
                "http_put_response_hop_limit": 2,
                "http_tokens": "required",
                "instance_metadata_tags": "disabled"
              }
            ],
            "monitoring": false,
            "network_interface": [],
            "outpost_arn": "",
            "password_data": "",
            "placement_group": "",
            "placement_partition_number": 0,
            "primary_network_interface_id": "eni-0ba8421d1bd9eb9e5",
            "private_dns": "ip-10-0-10-206.ec2.internal",
            "private_dns_name_options": [
              {
                "enable_resource_name_dns_a_record": false,
                "enable_resource_name_dns_aaaa_record": false,
                "hostname_type": "ip-name"
              }
            ],
            "private_ip": "10.0.10.206",
            "public_dns": "",
            "public_ip": "",
            "root_block_device": [
              {
                "delete_on_termination": true,
                "device_name": "/dev/xvda",
                "encrypted": false,
                "iops": 3000,
                "kms_key_id": "",
                "tags": {},
                "tags_all": {},
                "throughput": 125,
                "volume_id": "vol-057155376a4a1b23e",
                "volume_size": 8,
                "volume_type": "gp3"
              }
            ],
            "secondary_private_ips": [],
            "security_groups": [
              "sg-0644ff9b3cc0dd6c6",
              "sg-07100978bf2568ff3",
              "sg-0d337c33ab54ab5b7"
            ],
            "source_dest_check": true,
            "spot_instance_request_id": "",
            "subnet_id": "subnet-0d5d835246dafa999",
            "tags": {
              "Name": "due1-bastion-machine",
              "Owner": "huyhoang.ph",
              "Terraform": "True"
            },
            "tags_all": {
              "Name": "due1-bastion-machine",
              "Owner": "huyhoang.ph",
              "Terraform": "True"
            },
            "tenancy": "default",
            "timeouts": null,
            "user_data": null,
            "user_data_base64": null,
            "user_data_replace_on_change": false,
            "volume_tags": null,
            "vpc_security_group_ids": [
              "sg-0644ff9b3cc0dd6c6",
              "sg-07100978bf2568ff3",
              "sg-0d337c33ab54ab5b7"
            ]
          },
          "sensitive_attributes": [],
          "private": "eyJlMmJmYjczMC1lY2FhLTExZTYtOGY4OC0zNDM2M2JjN2M0YzAiOnsiY3JlYXRlIjo2MDAwMDAwMDAwMDAsImRlbGV0ZSI6MTIwMDAwMDAwMDAwMCwicmVhZCI6OTAwMDAwMDAwMDAwLCJ1cGRhdGUiOjYwMDAwMDAwMDAwMH0sInNjaGVtYV92ZXJzaW9uIjoiMSJ9",
          "dependencies": [
            "module.aws-sg.aws_security_group.basic_allow_common",
            "module.aws-sg.aws_security_group.basic_allow_internet",
            "module.aws-sg.aws_security_group.basic_bastion_host",
            "module.aws-vpc.aws_subnet.public_subnets",
            "module.aws-vpc.aws_vpc.main_vpc",
            "module.ssh-key.aws_key_pair.common_key",
            "module.ssh-key.tls_private_key.ssh_key_instances"
          ]
        }
      ]
    },
    {
      "module": "module.aws-sg",
      "mode": "managed",
      "type": "aws_security_group",
      "name": "basic_allow_common",
      "provider": "provider[\"registry.terraform.io/hashicorp/aws\"]",
      "instances": [
        {
          "schema_version": 1,
          "attributes": {
            "arn": "arn:aws:ec2:us-east-1:637423499518:security-group/sg-0644ff9b3cc0dd6c6",
            "description": "SG for common purpose between resources",
            "egress": [],
            "id": "sg-0644ff9b3cc0dd6c6",
            "ingress": [],
            "name": "due1-common-sg",
            "name_prefix": "",
            "owner_id": "637423499518",
            "revoke_rules_on_delete": false,
            "tags": {
              "Environment": "Development",
              "Name": "due1-common-sg",
              "Terraform": "True"
            },
            "tags_all": {
              "Environment": "Development",
              "Name": "due1-common-sg",
              "Terraform": "True"
            },
            "timeouts": null,
            "vpc_id": "vpc-0269517b5f3757940"
          },
          "sensitive_attributes": [],
          "private": "eyJlMmJmYjczMC1lY2FhLTExZTYtOGY4OC0zNDM2M2JjN2M0YzAiOnsiY3JlYXRlIjo2MDAwMDAwMDAwMDAsImRlbGV0ZSI6OTAwMDAwMDAwMDAwfSwic2NoZW1hX3ZlcnNpb24iOiIxIn0=",
          "dependencies": [
            "module.aws-vpc.aws_vpc.main_vpc"
          ]
        }
      ]
    },
    {
      "module": "module.aws-sg",
      "mode": "managed",
      "type": "aws_security_group",
      "name": "basic_allow_internet",
      "provider": "provider[\"registry.terraform.io/hashicorp/aws\"]",
      "instances": [
        {
          "schema_version": 1,
          "attributes": {
            "arn": "arn:aws:ec2:us-east-1:637423499518:security-group/sg-0d337c33ab54ab5b7",
            "description": "SG for all resources that need to access to The Internet",
            "egress": [],
            "id": "sg-0d337c33ab54ab5b7",
            "ingress": [],
            "name": "due1-allow-internet-sg",
            "name_prefix": "",
            "owner_id": "637423499518",
            "revoke_rules_on_delete": false,
            "tags": {
              "Environment": "Development",
              "Name": "due1-allow-internet-sg",
              "Terraform": "True"
            },
            "tags_all": {
              "Environment": "Development",
              "Name": "due1-allow-internet-sg",
              "Terraform": "True"
            },
            "timeouts": null,
            "vpc_id": "vpc-0269517b5f3757940"
          },
          "sensitive_attributes": [],
          "private": "eyJlMmJmYjczMC1lY2FhLTExZTYtOGY4OC0zNDM2M2JjN2M0YzAiOnsiY3JlYXRlIjo2MDAwMDAwMDAwMDAsImRlbGV0ZSI6OTAwMDAwMDAwMDAwfSwic2NoZW1hX3ZlcnNpb24iOiIxIn0=",
          "dependencies": [
            "module.aws-vpc.aws_vpc.main_vpc"
          ]
        }
      ]
    },
    {
      "module": "module.aws-sg",
      "mode": "managed",
      "type": "aws_security_group",
      "name": "basic_bastion_host",
      "provider": "provider[\"registry.terraform.io/hashicorp/aws\"]",
      "instances": [
        {
          "schema_version": 1,
          "attributes": {
            "arn": "arn:aws:ec2:us-east-1:637423499518:security-group/sg-07100978bf2568ff3",
            "description": "SG for bastion host",
            "egress": [],
            "id": "sg-07100978bf2568ff3",
            "ingress": [],
            "name": "due1-bastion-sg",
            "name_prefix": "",
            "owner_id": "637423499518",
            "revoke_rules_on_delete": false,
            "tags": {
              "Environment": "Development",
              "Name": "due1-bastion-sg",
              "Terraform": "True"
            },
            "tags_all": {
              "Environment": "Development",
              "Name": "due1-bastion-sg",
              "Terraform": "True"
            },
            "timeouts": null,
            "vpc_id": "vpc-0269517b5f3757940"
          },
          "sensitive_attributes": [],
          "private": "eyJlMmJmYjczMC1lY2FhLTExZTYtOGY4OC0zNDM2M2JjN2M0YzAiOnsiY3JlYXRlIjo2MDAwMDAwMDAwMDAsImRlbGV0ZSI6OTAwMDAwMDAwMDAwfSwic2NoZW1hX3ZlcnNpb24iOiIxIn0=",
          "dependencies": [
            "module.aws-vpc.aws_vpc.main_vpc"
          ]
        }
      ]
    },
    {
      "module": "module.aws-sg",
      "mode": "managed",
      "type": "aws_security_group",
      "name": "basic_database",
      "provider": "provider[\"registry.terraform.io/hashicorp/aws\"]",
      "instances": [
        {
          "schema_version": 1,
          "attributes": {
            "arn": "arn:aws:ec2:us-east-1:637423499518:security-group/sg-04b307615980a933d",
            "description": "SG for database",
            "egress": [],
            "id": "sg-04b307615980a933d",
            "ingress": [],
            "name": "due1-database-sg",
            "name_prefix": "",
            "owner_id": "637423499518",
            "revoke_rules_on_delete": false,
            "tags": {
              "Environment": "Development",
              "Name": "due1-database-sg",
              "Terraform": "True"
            },
            "tags_all": {
              "Environment": "Development",
              "Name": "due1-database-sg",
              "Terraform": "True"
            },
            "timeouts": null,
            "vpc_id": "vpc-0269517b5f3757940"
          },
          "sensitive_attributes": [],
          "private": "eyJlMmJmYjczMC1lY2FhLTExZTYtOGY4OC0zNDM2M2JjN2M0YzAiOnsiY3JlYXRlIjo2MDAwMDAwMDAwMDAsImRlbGV0ZSI6OTAwMDAwMDAwMDAwfSwic2NoZW1hX3ZlcnNpb24iOiIxIn0=",
          "dependencies": [
            "module.aws-vpc.aws_vpc.main_vpc"
          ]
        }
      ]
    },
    {
      "module": "module.aws-sg",
      "mode": "managed",
      "type": "aws_security_group",
      "name": "basic_elb",
      "provider": "provider[\"registry.terraform.io/hashicorp/aws\"]",
      "instances": [
        {
          "schema_version": 1,
          "attributes": {
            "arn": "arn:aws:ec2:us-east-1:637423499518:security-group/sg-091bd481044ab260e",
            "description": "SG for ELB to receive traffics",
            "egress": [],
            "id": "sg-091bd481044ab260e",
            "ingress": [],
            "name": "due1-elb-sg",
            "name_prefix": "",
            "owner_id": "637423499518",
            "revoke_rules_on_delete": false,
            "tags": {
              "Environment": "Development",
              "Name": "due1-elb-sg",
              "Terraform": "True"
            },
            "tags_all": {
              "Environment": "Development",
              "Name": "due1-elb-sg",
              "Terraform": "True"
            },
            "timeouts": null,
            "vpc_id": "vpc-0269517b5f3757940"
          },
          "sensitive_attributes": [],
          "private": "eyJlMmJmYjczMC1lY2FhLTExZTYtOGY4OC0zNDM2M2JjN2M0YzAiOnsiY3JlYXRlIjo2MDAwMDAwMDAwMDAsImRlbGV0ZSI6OTAwMDAwMDAwMDAwfSwic2NoZW1hX3ZlcnNpb24iOiIxIn0=",
          "dependencies": [
            "module.aws-vpc.aws_vpc.main_vpc"
          ]
        }
      ]
    },
    {
      "module": "module.aws-sg",
      "mode": "managed",
      "type": "aws_security_group",
      "name": "basic_was",
      "provider": "provider[\"registry.terraform.io/hashicorp/aws\"]",
      "instances": [
        {
          "schema_version": 1,
          "attributes": {
            "arn": "arn:aws:ec2:us-east-1:637423499518:security-group/sg-0be8cab9a45dcf0ce",
            "description": "SG for Web Application Server machines",
            "egress": [],
            "id": "sg-0be8cab9a45dcf0ce",
            "ingress": [],
            "name": "due1-was-sg",
            "name_prefix": "",
            "owner_id": "637423499518",
            "revoke_rules_on_delete": false,
            "tags": {
              "Environment": "Development",
              "Name": "due1-was-sg",
              "Terraform": "True"
            },
            "tags_all": {
              "Environment": "Development",
              "Name": "due1-was-sg",
              "Terraform": "True"
            },
            "timeouts": null,
            "vpc_id": "vpc-0269517b5f3757940"
          },
          "sensitive_attributes": [],
          "private": "eyJlMmJmYjczMC1lY2FhLTExZTYtOGY4OC0zNDM2M2JjN2M0YzAiOnsiY3JlYXRlIjo2MDAwMDAwMDAwMDAsImRlbGV0ZSI6OTAwMDAwMDAwMDAwfSwic2NoZW1hX3ZlcnNpb24iOiIxIn0=",
          "dependencies": [
            "module.aws-vpc.aws_vpc.main_vpc"
          ]
        }
      ]
    },
    {
      "module": "module.aws-sg",
      "mode": "managed",
      "type": "aws_vpc_security_group_egress_rule",
      "name": "allow_internet",
      "provider": "provider[\"registry.terraform.io/hashicorp/aws\"]",
      "instances": [
        {
          "index_key": 0,
          "schema_version": 0,
          "attributes": {
            "arn": "arn:aws:ec2:us-east-1:637423499518:security-group-rule/sgr-06b0ec75f8086eda8",
            "cidr_ipv4": "0.0.0.0/0",
            "cidr_ipv6": null,
            "description": null,
            "from_port": 80,
            "id": "sgr-06b0ec75f8086eda8",
            "ip_protocol": "tcp",
            "prefix_list_id": null,
            "referenced_security_group_id": null,
            "security_group_id": "sg-0d337c33ab54ab5b7",
            "security_group_rule_id": "sgr-06b0ec75f8086eda8",
            "tags": null,
            "tags_all": {},
            "to_port": 80
          },
          "sensitive_attributes": [],
          "dependencies": [
            "module.aws-sg.aws_security_group.basic_allow_internet",
            "module.aws-vpc.aws_vpc.main_vpc"
          ]
        },
        {
          "index_key": 1,
          "schema_version": 0,
          "attributes": {
            "arn": "arn:aws:ec2:us-east-1:637423499518:security-group-rule/sgr-0b99ae38e3ba30866",
            "cidr_ipv4": "0.0.0.0/0",
            "cidr_ipv6": null,
            "description": null,
            "from_port": 443,
            "id": "sgr-0b99ae38e3ba30866",
            "ip_protocol": "tcp",
            "prefix_list_id": null,
            "referenced_security_group_id": null,
            "security_group_id": "sg-0d337c33ab54ab5b7",
            "security_group_rule_id": "sgr-0b99ae38e3ba30866",
            "tags": null,
            "tags_all": {},
            "to_port": 443
          },
          "sensitive_attributes": [],
          "dependencies": [
            "module.aws-sg.aws_security_group.basic_allow_internet",
            "module.aws-vpc.aws_vpc.main_vpc"
          ]
        }
      ]
    },
    {
      "module": "module.aws-sg",
      "mode": "managed",
      "type": "aws_vpc_security_group_egress_rule",
      "name": "bastion_to_common",
      "provider": "provider[\"registry.terraform.io/hashicorp/aws\"]",
      "instances": [
        {
          "schema_version": 0,
          "attributes": {
            "arn": "arn:aws:ec2:us-east-1:637423499518:security-group-rule/sgr-092362949ad793f03",
            "cidr_ipv4": null,
            "cidr_ipv6": null,
            "description": "Allow Bastion to ssh to all machines",
            "from_port": 22,
            "id": "sgr-092362949ad793f03",
            "ip_protocol": "tcp",
            "prefix_list_id": null,
            "referenced_security_group_id": "sg-0644ff9b3cc0dd6c6",
            "security_group_id": "sg-07100978bf2568ff3",
            "security_group_rule_id": "sgr-092362949ad793f03",
            "tags": null,
            "tags_all": {},
            "to_port": 22
          },
          "sensitive_attributes": [],
          "dependencies": [
            "module.aws-sg.aws_security_group.basic_allow_common",
            "module.aws-sg.aws_security_group.basic_bastion_host",
            "module.aws-vpc.aws_vpc.main_vpc"
          ]
        }
      ]
    },
    {
      "module": "module.aws-sg",
      "mode": "managed",
      "type": "aws_vpc_security_group_egress_rule",
      "name": "elb_route_to_was",
      "provider": "provider[\"registry.terraform.io/hashicorp/aws\"]",
      "instances": [
        {
          "index_key": 0,
          "schema_version": 0,
          "attributes": {
            "arn": "arn:aws:ec2:us-east-1:637423499518:security-group-rule/sgr-038cb55b6136ed738",
            "cidr_ipv4": null,
            "cidr_ipv6": null,
            "description": "Allow traffic from ELB port 80 to WAS",
            "from_port": 80,
            "id": "sgr-038cb55b6136ed738",
            "ip_protocol": "tcp",
            "prefix_list_id": null,
            "referenced_security_group_id": "sg-0be8cab9a45dcf0ce",
            "security_group_id": "sg-091bd481044ab260e",
            "security_group_rule_id": "sgr-038cb55b6136ed738",
            "tags": null,
            "tags_all": {},
            "to_port": 80
          },
          "sensitive_attributes": [],
          "dependencies": [
            "module.aws-sg.aws_security_group.basic_elb",
            "module.aws-sg.aws_security_group.basic_was",
            "module.aws-vpc.aws_vpc.main_vpc"
          ]
        },
        {
          "index_key": 1,
          "schema_version": 0,
          "attributes": {
            "arn": "arn:aws:ec2:us-east-1:637423499518:security-group-rule/sgr-09acdf3d40d153fa0",
            "cidr_ipv4": null,
            "cidr_ipv6": null,
            "description": "Allow traffic from ELB port 443 to WAS",
            "from_port": 443,
            "id": "sgr-09acdf3d40d153fa0",
            "ip_protocol": "tcp",
            "prefix_list_id": null,
            "referenced_security_group_id": "sg-0be8cab9a45dcf0ce",
            "security_group_id": "sg-091bd481044ab260e",
            "security_group_rule_id": "sgr-09acdf3d40d153fa0",
            "tags": null,
            "tags_all": {},
            "to_port": 443
          },
          "sensitive_attributes": [],
          "dependencies": [
            "module.aws-sg.aws_security_group.basic_elb",
            "module.aws-sg.aws_security_group.basic_was",
            "module.aws-vpc.aws_vpc.main_vpc"
          ]
        }
      ]
    },
    {
      "module": "module.aws-sg",
      "mode": "managed",
      "type": "aws_vpc_security_group_egress_rule",
      "name": "was_to_database",
      "provider": "provider[\"registry.terraform.io/hashicorp/aws\"]",
      "instances": [
        {
          "schema_version": 0,
          "attributes": {
            "arn": "arn:aws:ec2:us-east-1:637423499518:security-group-rule/sgr-0ff62c3999917b87d",
            "cidr_ipv4": null,
            "cidr_ipv6": null,
            "description": null,
            "from_port": 3306,
            "id": "sgr-0ff62c3999917b87d",
            "ip_protocol": "tcp",
            "prefix_list_id": null,
            "referenced_security_group_id": "sg-04b307615980a933d",
            "security_group_id": "sg-0be8cab9a45dcf0ce",
            "security_group_rule_id": "sgr-0ff62c3999917b87d",
            "tags": null,
            "tags_all": {},
            "to_port": 3306
          },
          "sensitive_attributes": [],
          "dependencies": [
            "module.aws-sg.aws_security_group.basic_database",
            "module.aws-sg.aws_security_group.basic_was",
            "module.aws-vpc.aws_vpc.main_vpc"
          ]
        }
      ]
    },
    {
      "module": "module.aws-sg",
      "mode": "managed",
      "type": "aws_vpc_security_group_ingress_rule",
      "name": "bastion_host_allow_ssh",
      "provider": "provider[\"registry.terraform.io/hashicorp/aws\"]",
      "instances": [
        {
          "schema_version": 0,
          "attributes": {
            "arn": "arn:aws:ec2:us-east-1:637423499518:security-group-rule/sgr-09a01a1861172caed",
            "cidr_ipv4": "0.0.0.0/0",
            "cidr_ipv6": null,
            "description": "Allow SSH from source",
            "from_port": 22,
            "id": "sgr-09a01a1861172caed",
            "ip_protocol": "tcp",
            "prefix_list_id": null,
            "referenced_security_group_id": null,
            "security_group_id": "sg-07100978bf2568ff3",
            "security_group_rule_id": "sgr-09a01a1861172caed",
            "tags": null,
            "tags_all": {},
            "to_port": 22
          },
          "sensitive_attributes": [],
          "dependencies": [
            "module.aws-sg.aws_security_group.basic_bastion_host",
            "module.aws-vpc.aws_vpc.main_vpc"
          ]
        }
      ]
    },
    {
      "module": "module.aws-sg",
      "mode": "managed",
      "type": "aws_vpc_security_group_ingress_rule",
      "name": "common_allow_bastion",
      "provider": "provider[\"registry.terraform.io/hashicorp/aws\"]",
      "instances": [
        {
          "schema_version": 0,
          "attributes": {
            "arn": "arn:aws:ec2:us-east-1:637423499518:security-group-rule/sgr-053a57e32dd27499d",
            "cidr_ipv4": null,
            "cidr_ipv6": null,
            "description": "Allow SSH traffic from bastion",
            "from_port": 22,
            "id": "sgr-053a57e32dd27499d",
            "ip_protocol": "tcp",
            "prefix_list_id": null,
            "referenced_security_group_id": "sg-07100978bf2568ff3",
            "security_group_id": "sg-0644ff9b3cc0dd6c6",
            "security_group_rule_id": "sgr-053a57e32dd27499d",
            "tags": null,
            "tags_all": {},
            "to_port": 22
          },
          "sensitive_attributes": [],
          "dependencies": [
            "module.aws-sg.aws_security_group.basic_allow_common",
            "module.aws-sg.aws_security_group.basic_bastion_host",
            "module.aws-vpc.aws_vpc.main_vpc"
          ]
        }
      ]
    },
    {
      "module": "module.aws-sg",
      "mode": "managed",
      "type": "aws_vpc_security_group_ingress_rule",
      "name": "elb_allow_public",
      "provider": "provider[\"registry.terraform.io/hashicorp/aws\"]",
      "instances": [
        {
          "index_key": 0,
          "schema_version": 0,
          "attributes": {
            "arn": "arn:aws:ec2:us-east-1:637423499518:security-group-rule/sgr-0f29dc5d1e48dec83",
            "cidr_ipv4": "0.0.0.0/0",
            "cidr_ipv6": null,
            "description": "Allow public access on port 80 from ELB",
            "from_port": 80,
            "id": "sgr-0f29dc5d1e48dec83",
            "ip_protocol": "tcp",
            "prefix_list_id": null,
            "referenced_security_group_id": null,
            "security_group_id": "sg-091bd481044ab260e",
            "security_group_rule_id": "sgr-0f29dc5d1e48dec83",
            "tags": null,
            "tags_all": {},
            "to_port": 80
          },
          "sensitive_attributes": [],
          "dependencies": [
            "module.aws-sg.aws_security_group.basic_elb",
            "module.aws-vpc.aws_vpc.main_vpc"
          ]
        },
        {
          "index_key": 1,
          "schema_version": 0,
          "attributes": {
            "arn": "arn:aws:ec2:us-east-1:637423499518:security-group-rule/sgr-02778238f4f7d8f11",
            "cidr_ipv4": "0.0.0.0/0",
            "cidr_ipv6": null,
            "description": "Allow public access on port 443 from ELB",
            "from_port": 443,
            "id": "sgr-02778238f4f7d8f11",
            "ip_protocol": "tcp",
            "prefix_list_id": null,
            "referenced_security_group_id": null,
            "security_group_id": "sg-091bd481044ab260e",
            "security_group_rule_id": "sgr-02778238f4f7d8f11",
            "tags": null,
            "tags_all": {},
            "to_port": 443
          },
          "sensitive_attributes": [],
          "dependencies": [
            "module.aws-sg.aws_security_group.basic_elb",
            "module.aws-vpc.aws_vpc.main_vpc"
          ]
        }
      ]
    },
    {
      "module": "module.aws-sg",
      "mode": "managed",
      "type": "aws_vpc_security_group_ingress_rule",
      "name": "was_receive_elb",
      "provider": "provider[\"registry.terraform.io/hashicorp/aws\"]",
      "instances": [
        {
          "index_key": 0,
          "schema_version": 0,
          "attributes": {
            "arn": "arn:aws:ec2:us-east-1:637423499518:security-group-rule/sgr-033eb3a2a77f79a74",
            "cidr_ipv4": null,
            "cidr_ipv6": null,
            "description": "Receive traffic from ELB port 80",
            "from_port": 80,
            "id": "sgr-033eb3a2a77f79a74",
            "ip_protocol": "tcp",
            "prefix_list_id": null,
            "referenced_security_group_id": "sg-091bd481044ab260e",
            "security_group_id": "sg-0be8cab9a45dcf0ce",
            "security_group_rule_id": "sgr-033eb3a2a77f79a74",
            "tags": null,
            "tags_all": {},
            "to_port": 80
          },
          "sensitive_attributes": [],
          "dependencies": [
            "module.aws-sg.aws_security_group.basic_elb",
            "module.aws-sg.aws_security_group.basic_was",
            "module.aws-vpc.aws_vpc.main_vpc"
          ]
        },
        {
          "index_key": 1,
          "schema_version": 0,
          "attributes": {
            "arn": "arn:aws:ec2:us-east-1:637423499518:security-group-rule/sgr-02e33e20a9dff91c1",
            "cidr_ipv4": null,
            "cidr_ipv6": null,
            "description": "Receive traffic from ELB port 443",
            "from_port": 443,
            "id": "sgr-02e33e20a9dff91c1",
            "ip_protocol": "tcp",
            "prefix_list_id": null,
            "referenced_security_group_id": "sg-091bd481044ab260e",
            "security_group_id": "sg-0be8cab9a45dcf0ce",
            "security_group_rule_id": "sgr-02e33e20a9dff91c1",
            "tags": null,
            "tags_all": {},
            "to_port": 443
          },
          "sensitive_attributes": [],
          "dependencies": [
            "module.aws-sg.aws_security_group.basic_elb",
            "module.aws-sg.aws_security_group.basic_was",
            "module.aws-vpc.aws_vpc.main_vpc"
          ]
        }
      ]
    },
    {
      "module": "module.aws-vpc",
      "mode": "managed",
      "type": "aws_default_security_group",
      "name": "default",
      "provider": "provider[\"registry.terraform.io/hashicorp/aws\"]",
      "instances": [
        {
          "schema_version": 1,
          "attributes": {
            "arn": "arn:aws:ec2:us-east-1:637423499518:security-group/sg-018f6f9ed2a854bf7",
            "description": "default VPC security group",
            "egress": [],
            "id": "sg-018f6f9ed2a854bf7",
            "ingress": [],
            "name": "default",
            "name_prefix": "",
            "owner_id": "637423499518",
            "revoke_rules_on_delete": false,
            "tags": null,
            "tags_all": {},
            "vpc_id": "vpc-0269517b5f3757940"
          },
          "sensitive_attributes": [],
          "private": "eyJzY2hlbWFfdmVyc2lvbiI6IjEifQ==",
          "dependencies": [
            "module.aws-vpc.aws_vpc.main_vpc"
          ]
        }
      ]
    },
    {
      "module": "module.aws-vpc",
      "mode": "managed",
      "type": "aws_eip",
      "name": "bastion_eip",
      "provider": "provider[\"registry.terraform.io/hashicorp/aws\"]",
      "instances": [
        {
          "schema_version": 0,
          "attributes": {
            "address": null,
            "allocation_id": "eipalloc-0520d20079b78b944",
            "arn": "arn:aws:ec2:us-east-1:637423499518:elastic-ip/eipalloc-0520d20079b78b944",
            "associate_with_private_ip": null,
            "association_id": "",
            "carrier_ip": "",
            "customer_owned_ip": "",
            "customer_owned_ipv4_pool": "",
            "domain": "vpc",
            "id": "eipalloc-0520d20079b78b944",
            "instance": "",
            "ipam_pool_id": null,
            "network_border_group": "us-east-1",
            "network_interface": "",
            "private_dns": null,
            "private_ip": "",
            "ptr_record": "",
            "public_dns": "ec2-52-204-43-190.compute-1.amazonaws.com",
            "public_ip": "52.204.43.190",
            "public_ipv4_pool": "amazon",
            "tags": {
              "Environment": "Development",
              "Name": "due1-bastion-eip",
              "Terraform": "True"
            },
            "tags_all": {
              "Environment": "Development",
              "Name": "due1-bastion-eip",
              "Terraform": "True"
            },
            "timeouts": null,
            "vpc": true
          },
          "sensitive_attributes": [],
          "private": "eyJlMmJmYjczMC1lY2FhLTExZTYtOGY4OC0zNDM2M2JjN2M0YzAiOnsiZGVsZXRlIjoxODAwMDAwMDAwMDAsInJlYWQiOjkwMDAwMDAwMDAwMCwidXBkYXRlIjozMDAwMDAwMDAwMDB9fQ=="
        }
      ]
    },
    {
      "module": "module.aws-vpc",
      "mode": "managed",
      "type": "aws_eip",
      "name": "nat_eip",
      "provider": "provider[\"registry.terraform.io/hashicorp/aws\"]",
      "instances": [
        {
          "schema_version": 0,
          "attributes": {
            "address": null,
            "allocation_id": "eipalloc-0b10627d2a8889906",
            "arn": "arn:aws:ec2:us-east-1:637423499518:elastic-ip/eipalloc-0b10627d2a8889906",
            "associate_with_private_ip": null,
            "association_id": "",
            "carrier_ip": "",
            "customer_owned_ip": "",
            "customer_owned_ipv4_pool": "",
            "domain": "vpc",
            "id": "eipalloc-0b10627d2a8889906",
            "instance": "",
            "ipam_pool_id": null,
            "network_border_group": "us-east-1",
            "network_interface": "",
            "private_dns": null,
            "private_ip": "",
            "ptr_record": "",
            "public_dns": "ec2-3-217-13-27.compute-1.amazonaws.com",
            "public_ip": "3.217.13.27",
            "public_ipv4_pool": "amazon",
            "tags": {
              "Environment": "Development",
              "Name": "due1-nat-eip",
              "Terraform": "True"
            },
            "tags_all": {
              "Environment": "Development",
              "Name": "due1-nat-eip",
              "Terraform": "True"
            },
            "timeouts": null,
            "vpc": true
          },
          "sensitive_attributes": [],
          "private": "eyJlMmJmYjczMC1lY2FhLTExZTYtOGY4OC0zNDM2M2JjN2M0YzAiOnsiZGVsZXRlIjoxODAwMDAwMDAwMDAsInJlYWQiOjkwMDAwMDAwMDAwMCwidXBkYXRlIjozMDAwMDAwMDAwMDB9fQ=="
        }
      ]
    },
    {
      "module": "module.aws-vpc",
      "mode": "managed",
      "type": "aws_internet_gateway",
      "name": "public-gateway",
      "provider": "provider[\"registry.terraform.io/hashicorp/aws\"]",
      "instances": [
        {
          "schema_version": 0,
          "attributes": {
            "arn": "arn:aws:ec2:us-east-1:637423499518:internet-gateway/igw-07f4f4b2eb179ba9e",
            "id": "igw-07f4f4b2eb179ba9e",
            "owner_id": "637423499518",
            "tags": {
              "Environment": "Development",
              "Name": "due1-main-igw",
              "Terraform": "True"
            },
            "tags_all": {
              "Environment": "Development",
              "Name": "due1-main-igw",
              "Terraform": "True"
            },
            "timeouts": null,
            "vpc_id": "vpc-0269517b5f3757940"
          },
          "sensitive_attributes": [],
          "private": "eyJlMmJmYjczMC1lY2FhLTExZTYtOGY4OC0zNDM2M2JjN2M0YzAiOnsiY3JlYXRlIjoxMjAwMDAwMDAwMDAwLCJkZWxldGUiOjEyMDAwMDAwMDAwMDAsInVwZGF0ZSI6MTIwMDAwMDAwMDAwMH19",
          "dependencies": [
            "module.aws-vpc.aws_vpc.main_vpc"
          ]
        }
      ]
    },
    {
      "module": "module.aws-vpc",
      "mode": "managed",
      "type": "aws_nat_gateway",
      "name": "main_nat",
      "provider": "provider[\"registry.terraform.io/hashicorp/aws\"]",
      "instances": [
        {
          "schema_version": 0,
          "attributes": {
            "allocation_id": "eipalloc-0b10627d2a8889906",
            "association_id": "eipassoc-0431a89aaac563421",
            "connectivity_type": "public",
            "id": "nat-00403530e061356bf",
            "network_interface_id": "eni-019d8e9b059e4d01e",
            "private_ip": "10.0.10.69",
            "public_ip": "3.217.13.27",
            "secondary_allocation_ids": null,
            "secondary_private_ip_address_count": 0,
            "secondary_private_ip_addresses": [],
            "subnet_id": "subnet-0d5d835246dafa999",
            "tags": {
              "Environment": "Development",
              "Name": "due1-main-nat-gateway",
              "Terraform": "True"
            },
            "tags_all": {
              "Environment": "Development",
              "Name": "due1-main-nat-gateway",
              "Terraform": "True"
            },
            "timeouts": null
          },
          "sensitive_attributes": [],
          "private": "eyJlMmJmYjczMC1lY2FhLTExZTYtOGY4OC0zNDM2M2JjN2M0YzAiOnsiY3JlYXRlIjo2MDAwMDAwMDAwMDAsImRlbGV0ZSI6MTgwMDAwMDAwMDAwMCwidXBkYXRlIjo2MDAwMDAwMDAwMDB9fQ==",
          "dependencies": [
            "module.aws-vpc.aws_eip.nat_eip",
            "module.aws-vpc.aws_subnet.public_subnets",
            "module.aws-vpc.aws_vpc.main_vpc"
          ]
        }
      ]
    },
    {
      "module": "module.aws-vpc",
      "mode": "managed",
      "type": "aws_route_table",
      "name": "private_route_table",
      "provider": "provider[\"registry.terraform.io/hashicorp/aws\"]",
      "instances": [
        {
          "schema_version": 0,
          "attributes": {
            "arn": "arn:aws:ec2:us-east-1:637423499518:route-table/rtb-033ef8de0c9ab6d2f",
            "id": "rtb-033ef8de0c9ab6d2f",
            "owner_id": "637423499518",
            "propagating_vgws": [],
            "route": [
              {
                "carrier_gateway_id": "",
                "cidr_block": "0.0.0.0/0",
                "core_network_arn": "",
                "destination_prefix_list_id": "",
                "egress_only_gateway_id": "",
                "gateway_id": "",
                "ipv6_cidr_block": "",
                "local_gateway_id": "",
                "nat_gateway_id": "nat-00403530e061356bf",
                "network_interface_id": "",
                "transit_gateway_id": "",
                "vpc_endpoint_id": "",
                "vpc_peering_connection_id": ""
              }
            ],
            "tags": {
              "Environment": "Development",
              "Name": "due1-pri-route-table",
              "Terraform": "True"
            },
            "tags_all": {
              "Environment": "Development",
              "Name": "due1-pri-route-table",
              "Terraform": "True"
            },
            "timeouts": null,
            "vpc_id": "vpc-0269517b5f3757940"
          },
          "sensitive_attributes": [],
          "private": "eyJlMmJmYjczMC1lY2FhLTExZTYtOGY4OC0zNDM2M2JjN2M0YzAiOnsiY3JlYXRlIjozMDAwMDAwMDAwMDAsImRlbGV0ZSI6MzAwMDAwMDAwMDAwLCJ1cGRhdGUiOjEyMDAwMDAwMDAwMH19",
          "dependencies": [
            "module.aws-vpc.aws_eip.nat_eip",
            "module.aws-vpc.aws_nat_gateway.main_nat",
            "module.aws-vpc.aws_subnet.public_subnets",
            "module.aws-vpc.aws_vpc.main_vpc"
          ]
        }
      ]
    },
    {
      "module": "module.aws-vpc",
      "mode": "managed",
      "type": "aws_route_table",
      "name": "public_route_table",
      "provider": "provider[\"registry.terraform.io/hashicorp/aws\"]",
      "instances": [
        {
          "schema_version": 0,
          "attributes": {
            "arn": "arn:aws:ec2:us-east-1:637423499518:route-table/rtb-0378947166b10a435",
            "id": "rtb-0378947166b10a435",
            "owner_id": "637423499518",
            "propagating_vgws": [],
            "route": [
              {
                "carrier_gateway_id": "",
                "cidr_block": "0.0.0.0/0",
                "core_network_arn": "",
                "destination_prefix_list_id": "",
                "egress_only_gateway_id": "",
                "gateway_id": "igw-07f4f4b2eb179ba9e",
                "ipv6_cidr_block": "",
                "local_gateway_id": "",
                "nat_gateway_id": "",
                "network_interface_id": "",
                "transit_gateway_id": "",
                "vpc_endpoint_id": "",
                "vpc_peering_connection_id": ""
              }
            ],
            "tags": {
              "Environment": "Development",
              "Name": "due1-pub-route-table",
              "Terraform": "True"
            },
            "tags_all": {
              "Environment": "Development",
              "Name": "due1-pub-route-table",
              "Terraform": "True"
            },
            "timeouts": null,
            "vpc_id": "vpc-0269517b5f3757940"
          },
          "sensitive_attributes": [],
          "private": "eyJlMmJmYjczMC1lY2FhLTExZTYtOGY4OC0zNDM2M2JjN2M0YzAiOnsiY3JlYXRlIjozMDAwMDAwMDAwMDAsImRlbGV0ZSI6MzAwMDAwMDAwMDAwLCJ1cGRhdGUiOjEyMDAwMDAwMDAwMH19",
          "dependencies": [
            "module.aws-vpc.aws_internet_gateway.public-gateway",
            "module.aws-vpc.aws_vpc.main_vpc"
          ]
        }
      ]
    },
    {
      "module": "module.aws-vpc",
      "mode": "managed",
      "type": "aws_route_table_association",
      "name": "pri_association",
      "provider": "provider[\"registry.terraform.io/hashicorp/aws\"]",
      "instances": [
        {
          "index_key": 0,
          "schema_version": 0,
          "attributes": {
            "gateway_id": "",
            "id": "rtbassoc-0dac18b469c83101f",
            "route_table_id": "rtb-033ef8de0c9ab6d2f",
            "subnet_id": "subnet-0318deb330fdacc24",
            "timeouts": null
          },
          "sensitive_attributes": [],
          "private": "eyJlMmJmYjczMC1lY2FhLTExZTYtOGY4OC0zNDM2M2JjN2M0YzAiOnsiY3JlYXRlIjozMDAwMDAwMDAwMDAsImRlbGV0ZSI6MzAwMDAwMDAwMDAwLCJ1cGRhdGUiOjEyMDAwMDAwMDAwMH19",
          "dependencies": [
            "module.aws-vpc.aws_eip.nat_eip",
            "module.aws-vpc.aws_nat_gateway.main_nat",
            "module.aws-vpc.aws_route_table.private_route_table",
            "module.aws-vpc.aws_subnet.private_subnets",
            "module.aws-vpc.aws_subnet.public_subnets",
            "module.aws-vpc.aws_vpc.main_vpc"
          ]
        },
        {
          "index_key": 1,
          "schema_version": 0,
          "attributes": {
            "gateway_id": "",
            "id": "rtbassoc-096f2780e8fcc2cdf",
            "route_table_id": "rtb-033ef8de0c9ab6d2f",
            "subnet_id": "subnet-0d1b9fec3ac3fefb5",
            "timeouts": null
          },
          "sensitive_attributes": [],
          "private": "eyJlMmJmYjczMC1lY2FhLTExZTYtOGY4OC0zNDM2M2JjN2M0YzAiOnsiY3JlYXRlIjozMDAwMDAwMDAwMDAsImRlbGV0ZSI6MzAwMDAwMDAwMDAwLCJ1cGRhdGUiOjEyMDAwMDAwMDAwMH19",
          "dependencies": [
            "module.aws-vpc.aws_eip.nat_eip",
            "module.aws-vpc.aws_nat_gateway.main_nat",
            "module.aws-vpc.aws_route_table.private_route_table",
            "module.aws-vpc.aws_subnet.private_subnets",
            "module.aws-vpc.aws_subnet.public_subnets",
            "module.aws-vpc.aws_vpc.main_vpc"
          ]
        },
        {
          "index_key": 2,
          "schema_version": 0,
          "attributes": {
            "gateway_id": "",
            "id": "rtbassoc-0b2761a6ee0887e77",
            "route_table_id": "rtb-033ef8de0c9ab6d2f",
            "subnet_id": "subnet-0d3e37c36c9a4c07d",
            "timeouts": null
          },
          "sensitive_attributes": [],
          "private": "eyJlMmJmYjczMC1lY2FhLTExZTYtOGY4OC0zNDM2M2JjN2M0YzAiOnsiY3JlYXRlIjozMDAwMDAwMDAwMDAsImRlbGV0ZSI6MzAwMDAwMDAwMDAwLCJ1cGRhdGUiOjEyMDAwMDAwMDAwMH19",
          "dependencies": [
            "module.aws-vpc.aws_eip.nat_eip",
            "module.aws-vpc.aws_nat_gateway.main_nat",
            "module.aws-vpc.aws_route_table.private_route_table",
            "module.aws-vpc.aws_subnet.private_subnets",
            "module.aws-vpc.aws_subnet.public_subnets",
            "module.aws-vpc.aws_vpc.main_vpc"
          ]
        }
      ]
    },
    {
      "module": "module.aws-vpc",
      "mode": "managed",
      "type": "aws_route_table_association",
      "name": "pub_association",
      "provider": "provider[\"registry.terraform.io/hashicorp/aws\"]",
      "instances": [
        {
          "index_key": 0,
          "schema_version": 0,
          "attributes": {
            "gateway_id": "",
            "id": "rtbassoc-0df422d9392b95ff0",
            "route_table_id": "rtb-0378947166b10a435",
            "subnet_id": "subnet-0d5d835246dafa999",
            "timeouts": null
          },
          "sensitive_attributes": [],
          "private": "eyJlMmJmYjczMC1lY2FhLTExZTYtOGY4OC0zNDM2M2JjN2M0YzAiOnsiY3JlYXRlIjozMDAwMDAwMDAwMDAsImRlbGV0ZSI6MzAwMDAwMDAwMDAwLCJ1cGRhdGUiOjEyMDAwMDAwMDAwMH19",
          "dependencies": [
            "module.aws-vpc.aws_internet_gateway.public-gateway",
            "module.aws-vpc.aws_route_table.public_route_table",
            "module.aws-vpc.aws_subnet.public_subnets",
            "module.aws-vpc.aws_vpc.main_vpc"
          ]
        },
        {
          "index_key": 1,
          "schema_version": 0,
          "attributes": {
            "gateway_id": "",
            "id": "rtbassoc-0a6b0311fbbd5a7a1",
            "route_table_id": "rtb-0378947166b10a435",
            "subnet_id": "subnet-06e45da1c09056b93",
            "timeouts": null
          },
          "sensitive_attributes": [],
          "private": "eyJlMmJmYjczMC1lY2FhLTExZTYtOGY4OC0zNDM2M2JjN2M0YzAiOnsiY3JlYXRlIjozMDAwMDAwMDAwMDAsImRlbGV0ZSI6MzAwMDAwMDAwMDAwLCJ1cGRhdGUiOjEyMDAwMDAwMDAwMH19",
          "dependencies": [
            "module.aws-vpc.aws_internet_gateway.public-gateway",
            "module.aws-vpc.aws_route_table.public_route_table",
            "module.aws-vpc.aws_subnet.public_subnets",
            "module.aws-vpc.aws_vpc.main_vpc"
          ]
        },
        {
          "index_key": 2,
          "schema_version": 0,
          "attributes": {
            "gateway_id": "",
            "id": "rtbassoc-0ddb94cfaa0a510f9",
            "route_table_id": "rtb-0378947166b10a435",
            "subnet_id": "subnet-02c6eb02636e76780",
            "timeouts": null
          },
          "sensitive_attributes": [],
          "private": "eyJlMmJmYjczMC1lY2FhLTExZTYtOGY4OC0zNDM2M2JjN2M0YzAiOnsiY3JlYXRlIjozMDAwMDAwMDAwMDAsImRlbGV0ZSI6MzAwMDAwMDAwMDAwLCJ1cGRhdGUiOjEyMDAwMDAwMDAwMH19",
          "dependencies": [
            "module.aws-vpc.aws_internet_gateway.public-gateway",
            "module.aws-vpc.aws_route_table.public_route_table",
            "module.aws-vpc.aws_subnet.public_subnets",
            "module.aws-vpc.aws_vpc.main_vpc"
          ]
        }
      ]
    },
    {
      "module": "module.aws-vpc",
      "mode": "managed",
      "type": "aws_subnet",
      "name": "database_subnets",
      "provider": "provider[\"registry.terraform.io/hashicorp/aws\"]",
      "instances": [
        {
          "index_key": 0,
          "schema_version": 1,
          "attributes": {
            "arn": "arn:aws:ec2:us-east-1:637423499518:subnet/subnet-0079afac63ef4b6c5",
            "assign_ipv6_address_on_creation": false,
            "availability_zone": "us-east-1a",
            "availability_zone_id": "use1-az4",
            "cidr_block": "10.0.12.0/24",
            "customer_owned_ipv4_pool": "",
            "enable_dns64": false,
            "enable_lni_at_device_index": 0,
            "enable_resource_name_dns_a_record_on_launch": false,
            "enable_resource_name_dns_aaaa_record_on_launch": false,
            "id": "subnet-0079afac63ef4b6c5",
            "ipv6_cidr_block": "",
            "ipv6_cidr_block_association_id": "",
            "ipv6_native": false,
            "map_customer_owned_ip_on_launch": false,
            "map_public_ip_on_launch": false,
            "outpost_arn": "",
            "owner_id": "637423499518",
            "private_dns_hostname_type_on_launch": "ip-name",
            "tags": {
              "Environment": "Development",
              "Name": "due1-db-subnet-001",
              "Terraform": "True"
            },
            "tags_all": {
              "Environment": "Development",
              "Name": "due1-db-subnet-001",
              "Terraform": "True"
            },
            "timeouts": null,
            "vpc_id": "vpc-0269517b5f3757940"
          },
          "sensitive_attributes": [],
          "private": "eyJlMmJmYjczMC1lY2FhLTExZTYtOGY4OC0zNDM2M2JjN2M0YzAiOnsiY3JlYXRlIjo2MDAwMDAwMDAwMDAsImRlbGV0ZSI6MTIwMDAwMDAwMDAwMH0sInNjaGVtYV92ZXJzaW9uIjoiMSJ9",
          "dependencies": [
            "module.aws-vpc.aws_vpc.main_vpc"
          ]
        },
        {
          "index_key": 1,
          "schema_version": 1,
          "attributes": {
            "arn": "arn:aws:ec2:us-east-1:637423499518:subnet/subnet-0b90ac48750558b76",
            "assign_ipv6_address_on_creation": false,
            "availability_zone": "us-east-1b",
            "availability_zone_id": "use1-az6",
            "cidr_block": "10.0.22.0/24",
            "customer_owned_ipv4_pool": "",
            "enable_dns64": false,
            "enable_lni_at_device_index": 0,
            "enable_resource_name_dns_a_record_on_launch": false,
            "enable_resource_name_dns_aaaa_record_on_launch": false,
            "id": "subnet-0b90ac48750558b76",
            "ipv6_cidr_block": "",
            "ipv6_cidr_block_association_id": "",
            "ipv6_native": false,
            "map_customer_owned_ip_on_launch": false,
            "map_public_ip_on_launch": false,
            "outpost_arn": "",
            "owner_id": "637423499518",
            "private_dns_hostname_type_on_launch": "ip-name",
            "tags": {
              "Environment": "Development",
              "Name": "due1-db-subnet-002",
              "Terraform": "True"
            },
            "tags_all": {
              "Environment": "Development",
              "Name": "due1-db-subnet-002",
              "Terraform": "True"
            },
            "timeouts": null,
            "vpc_id": "vpc-0269517b5f3757940"
          },
          "sensitive_attributes": [],
          "private": "eyJlMmJmYjczMC1lY2FhLTExZTYtOGY4OC0zNDM2M2JjN2M0YzAiOnsiY3JlYXRlIjo2MDAwMDAwMDAwMDAsImRlbGV0ZSI6MTIwMDAwMDAwMDAwMH0sInNjaGVtYV92ZXJzaW9uIjoiMSJ9",
          "dependencies": [
            "module.aws-vpc.aws_vpc.main_vpc"
          ]
        },
        {
          "index_key": 2,
          "schema_version": 1,
          "attributes": {
            "arn": "arn:aws:ec2:us-east-1:637423499518:subnet/subnet-06f03fbecc9ae9bd1",
            "assign_ipv6_address_on_creation": false,
            "availability_zone": "us-east-1c",
            "availability_zone_id": "use1-az1",
            "cidr_block": "10.0.32.0/24",
            "customer_owned_ipv4_pool": "",
            "enable_dns64": false,
            "enable_lni_at_device_index": 0,
            "enable_resource_name_dns_a_record_on_launch": false,
            "enable_resource_name_dns_aaaa_record_on_launch": false,
            "id": "subnet-06f03fbecc9ae9bd1",
            "ipv6_cidr_block": "",
            "ipv6_cidr_block_association_id": "",
            "ipv6_native": false,
            "map_customer_owned_ip_on_launch": false,
            "map_public_ip_on_launch": false,
            "outpost_arn": "",
            "owner_id": "637423499518",
            "private_dns_hostname_type_on_launch": "ip-name",
            "tags": {
              "Environment": "Development",
              "Name": "due1-db-subnet-003",
              "Terraform": "True"
            },
            "tags_all": {
              "Environment": "Development",
              "Name": "due1-db-subnet-003",
              "Terraform": "True"
            },
            "timeouts": null,
            "vpc_id": "vpc-0269517b5f3757940"
          },
          "sensitive_attributes": [],
          "private": "eyJlMmJmYjczMC1lY2FhLTExZTYtOGY4OC0zNDM2M2JjN2M0YzAiOnsiY3JlYXRlIjo2MDAwMDAwMDAwMDAsImRlbGV0ZSI6MTIwMDAwMDAwMDAwMH0sInNjaGVtYV92ZXJzaW9uIjoiMSJ9",
          "dependencies": [
            "module.aws-vpc.aws_vpc.main_vpc"
          ]
        }
      ]
    },
    {
      "module": "module.aws-vpc",
      "mode": "managed",
      "type": "aws_subnet",
      "name": "private_subnets",
      "provider": "provider[\"registry.terraform.io/hashicorp/aws\"]",
      "instances": [
        {
          "index_key": 0,
          "schema_version": 1,
          "attributes": {
            "arn": "arn:aws:ec2:us-east-1:637423499518:subnet/subnet-0318deb330fdacc24",
            "assign_ipv6_address_on_creation": false,
            "availability_zone": "us-east-1a",
            "availability_zone_id": "use1-az4",
            "cidr_block": "10.0.11.0/24",
            "customer_owned_ipv4_pool": "",
            "enable_dns64": false,
            "enable_lni_at_device_index": 0,
            "enable_resource_name_dns_a_record_on_launch": false,
            "enable_resource_name_dns_aaaa_record_on_launch": false,
            "id": "subnet-0318deb330fdacc24",
            "ipv6_cidr_block": "",
            "ipv6_cidr_block_association_id": "",
            "ipv6_native": false,
            "map_customer_owned_ip_on_launch": false,
            "map_public_ip_on_launch": false,
            "outpost_arn": "",
            "owner_id": "637423499518",
            "private_dns_hostname_type_on_launch": "ip-name",
            "tags": {
              "Environment": "Development",
              "Name": "due1-pri-subnet-001",
              "Terraform": "True"
            },
            "tags_all": {
              "Environment": "Development",
              "Name": "due1-pri-subnet-001",
              "Terraform": "True"
            },
            "timeouts": null,
            "vpc_id": "vpc-0269517b5f3757940"
          },
          "sensitive_attributes": [],
          "private": "eyJlMmJmYjczMC1lY2FhLTExZTYtOGY4OC0zNDM2M2JjN2M0YzAiOnsiY3JlYXRlIjo2MDAwMDAwMDAwMDAsImRlbGV0ZSI6MTIwMDAwMDAwMDAwMH0sInNjaGVtYV92ZXJzaW9uIjoiMSJ9",
          "dependencies": [
            "module.aws-vpc.aws_vpc.main_vpc"
          ]
        },
        {
          "index_key": 1,
          "schema_version": 1,
          "attributes": {
            "arn": "arn:aws:ec2:us-east-1:637423499518:subnet/subnet-0d1b9fec3ac3fefb5",
            "assign_ipv6_address_on_creation": false,
            "availability_zone": "us-east-1b",
            "availability_zone_id": "use1-az6",
            "cidr_block": "10.0.21.0/24",
            "customer_owned_ipv4_pool": "",
            "enable_dns64": false,
            "enable_lni_at_device_index": 0,
            "enable_resource_name_dns_a_record_on_launch": false,
            "enable_resource_name_dns_aaaa_record_on_launch": false,
            "id": "subnet-0d1b9fec3ac3fefb5",
            "ipv6_cidr_block": "",
            "ipv6_cidr_block_association_id": "",
            "ipv6_native": false,
            "map_customer_owned_ip_on_launch": false,
            "map_public_ip_on_launch": false,
            "outpost_arn": "",
            "owner_id": "637423499518",
            "private_dns_hostname_type_on_launch": "ip-name",
            "tags": {
              "Environment": "Development",
              "Name": "due1-pri-subnet-002",
              "Terraform": "True"
            },
            "tags_all": {
              "Environment": "Development",
              "Name": "due1-pri-subnet-002",
              "Terraform": "True"
            },
            "timeouts": null,
            "vpc_id": "vpc-0269517b5f3757940"
          },
          "sensitive_attributes": [],
          "private": "eyJlMmJmYjczMC1lY2FhLTExZTYtOGY4OC0zNDM2M2JjN2M0YzAiOnsiY3JlYXRlIjo2MDAwMDAwMDAwMDAsImRlbGV0ZSI6MTIwMDAwMDAwMDAwMH0sInNjaGVtYV92ZXJzaW9uIjoiMSJ9",
          "dependencies": [
            "module.aws-vpc.aws_vpc.main_vpc"
          ]
        },
        {
          "index_key": 2,
          "schema_version": 1,
          "attributes": {
            "arn": "arn:aws:ec2:us-east-1:637423499518:subnet/subnet-0d3e37c36c9a4c07d",
            "assign_ipv6_address_on_creation": false,
            "availability_zone": "us-east-1c",
            "availability_zone_id": "use1-az1",
            "cidr_block": "10.0.31.0/24",
            "customer_owned_ipv4_pool": "",
            "enable_dns64": false,
            "enable_lni_at_device_index": 0,
            "enable_resource_name_dns_a_record_on_launch": false,
            "enable_resource_name_dns_aaaa_record_on_launch": false,
            "id": "subnet-0d3e37c36c9a4c07d",
            "ipv6_cidr_block": "",
            "ipv6_cidr_block_association_id": "",
            "ipv6_native": false,
            "map_customer_owned_ip_on_launch": false,
            "map_public_ip_on_launch": false,
            "outpost_arn": "",
            "owner_id": "637423499518",
            "private_dns_hostname_type_on_launch": "ip-name",
            "tags": {
              "Environment": "Development",
              "Name": "due1-pri-subnet-003",
              "Terraform": "True"
            },
            "tags_all": {
              "Environment": "Development",
              "Name": "due1-pri-subnet-003",
              "Terraform": "True"
            },
            "timeouts": null,
            "vpc_id": "vpc-0269517b5f3757940"
          },
          "sensitive_attributes": [],
          "private": "eyJlMmJmYjczMC1lY2FhLTExZTYtOGY4OC0zNDM2M2JjN2M0YzAiOnsiY3JlYXRlIjo2MDAwMDAwMDAwMDAsImRlbGV0ZSI6MTIwMDAwMDAwMDAwMH0sInNjaGVtYV92ZXJzaW9uIjoiMSJ9",
          "dependencies": [
            "module.aws-vpc.aws_vpc.main_vpc"
          ]
        }
      ]
    },
    {
      "module": "module.aws-vpc",
      "mode": "managed",
      "type": "aws_subnet",
      "name": "public_subnets",
      "provider": "provider[\"registry.terraform.io/hashicorp/aws\"]",
      "instances": [
        {
          "index_key": 0,
          "schema_version": 1,
          "attributes": {
            "arn": "arn:aws:ec2:us-east-1:637423499518:subnet/subnet-0d5d835246dafa999",
            "assign_ipv6_address_on_creation": false,
            "availability_zone": "us-east-1a",
            "availability_zone_id": "use1-az4",
            "cidr_block": "10.0.10.0/24",
            "customer_owned_ipv4_pool": "",
            "enable_dns64": false,
            "enable_lni_at_device_index": 0,
            "enable_resource_name_dns_a_record_on_launch": false,
            "enable_resource_name_dns_aaaa_record_on_launch": false,
            "id": "subnet-0d5d835246dafa999",
            "ipv6_cidr_block": "",
            "ipv6_cidr_block_association_id": "",
            "ipv6_native": false,
            "map_customer_owned_ip_on_launch": false,
            "map_public_ip_on_launch": false,
            "outpost_arn": "",
            "owner_id": "637423499518",
            "private_dns_hostname_type_on_launch": "ip-name",
            "tags": {
              "Environment": "Development",
              "Name": "due1-pub-subnet-001",
              "Terraform": "True"
            },
            "tags_all": {
              "Environment": "Development",
              "Name": "due1-pub-subnet-001",
              "Terraform": "True"
            },
            "timeouts": null,
            "vpc_id": "vpc-0269517b5f3757940"
          },
          "sensitive_attributes": [],
          "private": "eyJlMmJmYjczMC1lY2FhLTExZTYtOGY4OC0zNDM2M2JjN2M0YzAiOnsiY3JlYXRlIjo2MDAwMDAwMDAwMDAsImRlbGV0ZSI6MTIwMDAwMDAwMDAwMH0sInNjaGVtYV92ZXJzaW9uIjoiMSJ9",
          "dependencies": [
            "module.aws-vpc.aws_vpc.main_vpc"
          ]
        },
        {
          "index_key": 1,
          "schema_version": 1,
          "attributes": {
            "arn": "arn:aws:ec2:us-east-1:637423499518:subnet/subnet-06e45da1c09056b93",
            "assign_ipv6_address_on_creation": false,
            "availability_zone": "us-east-1b",
            "availability_zone_id": "use1-az6",
            "cidr_block": "10.0.20.0/24",
            "customer_owned_ipv4_pool": "",
            "enable_dns64": false,
            "enable_lni_at_device_index": 0,
            "enable_resource_name_dns_a_record_on_launch": false,
            "enable_resource_name_dns_aaaa_record_on_launch": false,
            "id": "subnet-06e45da1c09056b93",
            "ipv6_cidr_block": "",
            "ipv6_cidr_block_association_id": "",
            "ipv6_native": false,
            "map_customer_owned_ip_on_launch": false,
            "map_public_ip_on_launch": false,
            "outpost_arn": "",
            "owner_id": "637423499518",
            "private_dns_hostname_type_on_launch": "ip-name",
            "tags": {
              "Environment": "Development",
              "Name": "due1-pub-subnet-002",
              "Terraform": "True"
            },
            "tags_all": {
              "Environment": "Development",
              "Name": "due1-pub-subnet-002",
              "Terraform": "True"
            },
            "timeouts": null,
            "vpc_id": "vpc-0269517b5f3757940"
          },
          "sensitive_attributes": [],
          "private": "eyJlMmJmYjczMC1lY2FhLTExZTYtOGY4OC0zNDM2M2JjN2M0YzAiOnsiY3JlYXRlIjo2MDAwMDAwMDAwMDAsImRlbGV0ZSI6MTIwMDAwMDAwMDAwMH0sInNjaGVtYV92ZXJzaW9uIjoiMSJ9",
          "dependencies": [
            "module.aws-vpc.aws_vpc.main_vpc"
          ]
        },
        {
          "index_key": 2,
          "schema_version": 1,
          "attributes": {
            "arn": "arn:aws:ec2:us-east-1:637423499518:subnet/subnet-02c6eb02636e76780",
            "assign_ipv6_address_on_creation": false,
            "availability_zone": "us-east-1c",
            "availability_zone_id": "use1-az1",
            "cidr_block": "10.0.30.0/24",
            "customer_owned_ipv4_pool": "",
            "enable_dns64": false,
            "enable_lni_at_device_index": 0,
            "enable_resource_name_dns_a_record_on_launch": false,
            "enable_resource_name_dns_aaaa_record_on_launch": false,
            "id": "subnet-02c6eb02636e76780",
            "ipv6_cidr_block": "",
            "ipv6_cidr_block_association_id": "",
            "ipv6_native": false,
            "map_customer_owned_ip_on_launch": false,
            "map_public_ip_on_launch": false,
            "outpost_arn": "",
            "owner_id": "637423499518",
            "private_dns_hostname_type_on_launch": "ip-name",
            "tags": {
              "Environment": "Development",
              "Name": "due1-pub-subnet-003",
              "Terraform": "True"
            },
            "tags_all": {
              "Environment": "Development",
              "Name": "due1-pub-subnet-003",
              "Terraform": "True"
            },
            "timeouts": null,
            "vpc_id": "vpc-0269517b5f3757940"
          },
          "sensitive_attributes": [],
          "private": "eyJlMmJmYjczMC1lY2FhLTExZTYtOGY4OC0zNDM2M2JjN2M0YzAiOnsiY3JlYXRlIjo2MDAwMDAwMDAwMDAsImRlbGV0ZSI6MTIwMDAwMDAwMDAwMH0sInNjaGVtYV92ZXJzaW9uIjoiMSJ9",
          "dependencies": [
            "module.aws-vpc.aws_vpc.main_vpc"
          ]
        }
      ]
    },
    {
      "module": "module.aws-vpc",
      "mode": "managed",
      "type": "aws_vpc",
      "name": "main_vpc",
      "provider": "provider[\"registry.terraform.io/hashicorp/aws\"]",
      "instances": [
        {
          "schema_version": 1,
          "attributes": {
            "arn": "arn:aws:ec2:us-east-1:637423499518:vpc/vpc-0269517b5f3757940",
            "assign_generated_ipv6_cidr_block": false,
            "cidr_block": "10.0.0.0/16",
            "default_network_acl_id": "acl-0c4ce8ef54eaae826",
            "default_route_table_id": "rtb-032c6db78f2831838",
            "default_security_group_id": "sg-018f6f9ed2a854bf7",
            "dhcp_options_id": "dopt-05a87793671630ca7",
            "enable_dns_hostnames": false,
            "enable_dns_support": true,
            "enable_network_address_usage_metrics": false,
            "id": "vpc-0269517b5f3757940",
            "instance_tenancy": "default",
            "ipv4_ipam_pool_id": null,
            "ipv4_netmask_length": null,
            "ipv6_association_id": "",
            "ipv6_cidr_block": "",
            "ipv6_cidr_block_network_border_group": "",
            "ipv6_ipam_pool_id": "",
            "ipv6_netmask_length": 0,
            "main_route_table_id": "rtb-032c6db78f2831838",
            "owner_id": "637423499518",
            "tags": {
              "Environment": "Development",
              "Name": "due1-main-vpc",
              "Terraform": "True"
            },
            "tags_all": {
              "Environment": "Development",
              "Name": "due1-main-vpc",
              "Terraform": "True"
            }
          },
          "sensitive_attributes": [],
          "private": "eyJzY2hlbWFfdmVyc2lvbiI6IjEifQ=="
        }
      ]
    },
    {
      "module": "module.ssh-key",
      "mode": "managed",
      "type": "aws_key_pair",
      "name": "common_key",
      "provider": "provider[\"registry.terraform.io/hashicorp/aws\"]",
      "instances": [
        {
          "schema_version": 1,
          "attributes": {
            "arn": "arn:aws:ec2:us-east-1:637423499518:key-pair/due1-common-key",
            "fingerprint": "91:86:83:a8:15:27:69:aa:66:14:41:a1:25:13:f8:03",
            "id": "due1-common-key",
            "key_name": "due1-common-key",
            "key_name_prefix": "",
            "key_pair_id": "key-001e3fe32551c9d63",
            "key_type": "rsa",
            "public_key": "ssh-rsa AAAAB3NzaC1yc2EAAAADAQABAAACAQCiDovq5ySVHo5mpZQtjeLkkKBnrfE+vxOytjeyESnvAHYS7kaESeF6IY/ChtjokHyd0GrIO5y7krfTe4RcFkERLhrdPqk+q/j6BWrA4gYCai1SCKHRpriGkVKoNNFgJgXfTE7q71wlU76R+ddKUNhqZVUUXWg6fbDWJFoKjJB9JU1yOK6o0e0vE2XQBApo9TZrQNJ0osM1qg5eT1T12oDvR08M6cwCnwuYJ6KMiJQB3/EACIy8tnnnwrfX9b2fiF9XmetSWXSBSFYbxmakiWSc2INmRolyzpJ8LUh1RulSzgXNIZf3GuxMlBoOj0XRb0/xuiCYk/7MkgENgjBJvJSMHk6k3rNVstLMVDO3/+uNL/2JcknvAtiX8d6FOCxJxlVjfQ9xtl1xb8FqWOjvec1tgDDgZJEwTLbufTWnF8+3M7rSSf9jU+EWOE6PaxDJRlHXQQxaXjTvwaZ0QJWWRyt25+oWIFVEcR3kEpqL55fyPc9XFESnpHB6bR8tJfcB4saf2WCRcoDInWW34LoRks8zkQCHqQpIORd03GUwz2RldWs9lLAYof6n3ETNVI8EmRHNyzr2o2YVYNt+3CxohmUn0wiriThq3HXWGEbex5ELQYnXAQyL+lHVfc5vmjwPybu8petUuIwpgn5P6Rfnb5OSJX23SZlaHlqMaT/vT0qa8Q==",
            "tags": {
              "Name": "due1-common-key",
              "Terraform": "True"
            },
            "tags_all": {
              "Name": "due1-common-key",
              "Terraform": "True"
            }
          },
          "sensitive_attributes": [],
          "private": "eyJzY2hlbWFfdmVyc2lvbiI6IjEifQ==",
          "dependencies": [
            "module.ssh-key.tls_private_key.ssh_key_instances"
          ]
        }
      ]
    },
    {
      "module": "module.ssh-key",
      "mode": "managed",
      "type": "local_file",
      "name": "ssh_key",
      "provider": "provider[\"registry.terraform.io/hashicorp/local\"]",
      "instances": [
        {
          "schema_version": 0,
          "attributes": {
            "content": "-----BEGIN OPENSSH PRIVATE KEY-----\nb3BlbnNzaC1rZXktdjEAAAAABG5vbmUAAAAEbm9uZQAAAAAAAAABAAACFwAAAAdz\nc2gtcnNhAAAAAwEAAQAAAgEAog6L6ucklR6OZqWULY3i5JCgZ63xPr8TsrY3shEp\n7wB2Eu5GhEnheiGPwobY6JB8ndBqyDucu5K303uEXBZBES4a3T6pPqv4+gVqwOIG\nAmotUgih0aa4hpFSqDTRYCYF30xO6u9cJVO+kfnXSlDYamVVFF1oOn2w1iRaCoyQ\nfSVNcjiuqNHtLxNl0AQKaPU2a0DSdKLDNaoOXk9U9dqA70dPDOnMAp8LmCeijIiU\nAd/xAAiMvLZ558K31/W9n4hfV5nrUll0gUhWG8ZmpIlknNiDZkaJcs6SfC1IdUbp\nUs4FzSGX9xrsTJQaDo9F0W9P8bogmJP+zJIBDYIwSbyUjB5OpN6zVbLSzFQzt//r\njS/9iXJJ7wLYl/HehTgsScZVY30PcbZdcW/Baljo73nNbYAw4GSRMEy27n01pxfP\ntzO60kn/Y1PhFjhOj2sQyUZR10EMWl4078GmdECVlkcrdufqFiBVRHEd5BKai+eX\n8j3PVxREp6Rwem0fLSX3AeLGn9lgkXKAyJ1lt+C6EZLPM5EAh6kKSDkXdNxlMM9k\nZXVrPZSwGKH+p9xEzVSPBJkRzcs69qNmFWDbftwsaIZlJ9MIq4k4atx11hhG3seR\nC0GJ1wEMi/pR1X3Ob5o8D8m7vKXrVLiMKYJ+T+kX52+TkiV9t0mZWh5ajGk/709K\nmvEAAAc47zULdO81C3QAAAAHc3NoLXJzYQAAAgEAog6L6ucklR6OZqWULY3i5JCg\nZ63xPr8TsrY3shEp7wB2Eu5GhEnheiGPwobY6JB8ndBqyDucu5K303uEXBZBES4a\n3T6pPqv4+gVqwOIGAmotUgih0aa4hpFSqDTRYCYF30xO6u9cJVO+kfnXSlDYamVV\nFF1oOn2w1iRaCoyQfSVNcjiuqNHtLxNl0AQKaPU2a0DSdKLDNaoOXk9U9dqA70dP\nDOnMAp8LmCeijIiUAd/xAAiMvLZ558K31/W9n4hfV5nrUll0gUhWG8ZmpIlknNiD\nZkaJcs6SfC1IdUbpUs4FzSGX9xrsTJQaDo9F0W9P8bogmJP+zJIBDYIwSbyUjB5O\npN6zVbLSzFQzt//rjS/9iXJJ7wLYl/HehTgsScZVY30PcbZdcW/Baljo73nNbYAw\n4GSRMEy27n01pxfPtzO60kn/Y1PhFjhOj2sQyUZR10EMWl4078GmdECVlkcrdufq\nFiBVRHEd5BKai+eX8j3PVxREp6Rwem0fLSX3AeLGn9lgkXKAyJ1lt+C6EZLPM5EA\nh6kKSDkXdNxlMM9kZXVrPZSwGKH+p9xEzVSPBJkRzcs69qNmFWDbftwsaIZlJ9MI\nq4k4atx11hhG3seRC0GJ1wEMi/pR1X3Ob5o8D8m7vKXrVLiMKYJ+T+kX52+TkiV9\nt0mZWh5ajGk/709KmvEAAAADAQABAAACAQCSD4JUSdhS/qNiKMKQ/F0PnLq2N7RD\n1XwvisRQHeAppcTF8zRjbyNmLHGh5mAB3Jg0tPBJYFE3TlmYpq75QKWMkn1sA1oP\nPni8/7zj89NuwbvvQBB5IUcXIkvZhyFfA2YviFtorCvlCMGuV/yO4qbr3kD8heO3\nNCn6F/F/qIliAgj3ddcWGX8o+ta80aeASeKucFI/BaPj7k3c+qucmz+yahb5kI9r\nnWWZ0b9T4pVjyy8v1ITkYaMmG/4PC1HJQ+SK1BOguTekfkn95qgEjEC+jPaBa/ne\nHAkzGq0/5pXNKBtac3jAIufvbVy+2qsWxLjNKfDPFDSGtOF2B2z2SJ2o7T6EvwYf\nPjxDda4pP8U1mp5jnPFJcHKxcVk/1UgUVzqOkC1R/Q4vg34peemz5WxMxY5zP5Aj\nd5JLvp79G0HBkUgGq407EPBuniZFNBgiVcNuFehlGnqDG2Xel7POuRm3CmoM2uc4\nOjezQEAr3aSdZVbqQqt+fRWvoE7r4i7YHKrIKo7JPKGHfZLOCdAvcYAjuPn6auFS\n1+jEuqtOiJyI8wb45/2U6ElhtiDhh8UWG1BX2/ki8vGtHvgswaURFvpPXtpB3uSV\nCOqgJy6trUiorjDDghi+6KgFun8g1J9c7ca1Oj2ZL8Rz/sVwtMrTnALxBwZrDsjY\nPwDNK1fTvfdbcQAAAQBwuUfU1X3GV3qhptFDXD6URjBycLJKObzPCrFfa0t7b9Bb\nRPRw9aGK1+52bLKZ+OujibonwJYpfIOrq9dALLKbXPKmMs2ClK5Mgpn4P2iasBfa\nDHFQPjc+ZOsNkLjTyY75aQ6Xj7MgQMXUPGmX85OuqidRYMuNgjrp7iZKyKMunwEV\nKqmQNOgfZjjc7UgMo8je+wc+PYs9OntCVK2VI/qVYCC32lPAeIfGdd5pgFYTV1aX\nEt0W9/NimSTOmWClAkHryJnUzmOGLBn8PbcZFloP4K6hyKVBE3x3jQzRw35L1bH8\nyLFeZK5ZYcK4oGus44T6noumicVvYgePY09dodw8AAABAQDH6mtcWpNpJ2SjC1jR\nl8avxiw8/cmOOpRaacZ1J8MYbNKOp5mXUWXHItw4Zifuhl9Mmrs+3aw0eM0pWukZ\nQRFM5gV67ss91VjTMIYzmDnTWFJUe1VTi0Nd4cOEPlF8Th1S9qJcG/RuXK6G9nE+\nqQ7GlmZPGBweff4rBc6kfXUR68O7AhDZrjuAWIE0UTVYyY4S1BwSeYJxqeeXtLHu\nbNYKSoJTZliwgrUU+LflHX0j7a/AfQ7ePo8BCBgJZY/KCgKI+lR/ycQak9efE2jw\nuy6Q0qbx8jDKg+NInXg3U2nqD2vFu/06w1KfJF5AcShB7UW4UPetnRGAph2bfRWt\n1Li/AAABAQDPhSvyHdL/giw9FiOWxAUMuWQyjfF5jrK8j4YqkNGkmpTNfDRfd3lW\nAZvOAzsk2xzBczE9MbD2Hi7YeuAi7td4JtEO2B6ai/VckR1nHyX4Dh1wo2rcTuDO\nLBLH8hF5Xc8ISEe6owN7z953mmmvx13iPGRgdjwxABLdQx0BeL4fFFwNWYuOSZ0w\nE5hKH1mybAtsZZRbzDo4IXG5U1gmjr2EQ+x57mKq85wZ0or4YtrTDoDE0lTvLI1S\nv7WOK6Sxa25oQ/lq77NWNe4ZuDuOTxnolUVwbQbpHPP7gscSeBih/k1M512JIemd\nQYCnRDmOznqQ9Wcw1RddgVfQztVOaGhPAAAAAAEC\n-----END OPENSSH PRIVATE KEY-----\n",
            "content_base64": null,
            "content_base64sha256": "3OA6o24B3J2aeRpMSuX0VJ4DhR79hjayO+UiDn4iH84=",
            "content_base64sha512": "t5RwEZmnd2cUm/hutZerZokVYwozxxw88Cm+pELsDYq/bzhL2GVpdyIi3KoKw+mcw9AlJH91QRGAP3DSzrtIXg==",
            "content_md5": "34744abdd4ed46af3af2f8d50b21a475",
            "content_sha1": "2bcd867ef5a6e491e701e850bfbec05c4eeaa479",
            "content_sha256": "dce03aa36e01dc9d9a791a4c4ae5f4549e03851efd8636b23be5220e7e221fce",
            "content_sha512": "b794701199a77767149bf86eb597ab668915630a33c71c3cf029bea442ec0d8abf6f384bd86569772222dcaa0ac3e99cc3d025247f754111803f70d2cebb485e",
            "directory_permission": "0777",
            "file_permission": "600",
            "filename": "due1-ssh-key",
            "id": "2bcd867ef5a6e491e701e850bfbec05c4eeaa479",
            "sensitive_content": null,
            "source": null
          },
          "sensitive_attributes": [
            [
              {
                "type": "get_attr",
                "value": "sensitive_content"
              }
            ],
            [
              {
                "type": "get_attr",
                "value": "content"
              }
            ]
          ],
          "dependencies": [
            "module.ssh-key.tls_private_key.ssh_key_instances"
          ]
        }
      ]
    },
    {
      "module": "module.ssh-key",
      "mode": "managed",
      "type": "tls_private_key",
      "name": "ssh_key_instances",
      "provider": "provider[\"registry.terraform.io/hashicorp/tls\"]",
      "instances": [
        {
          "schema_version": 1,
          "attributes": {
            "algorithm": "RSA",
            "ecdsa_curve": "P224",
            "id": "0354d3ba55adf39534f4d2ef9a48a4dfab05706e",
            "private_key_openssh": "-----BEGIN OPENSSH PRIVATE KEY-----\nb3BlbnNzaC1rZXktdjEAAAAABG5vbmUAAAAEbm9uZQAAAAAAAAABAAACFwAAAAdz\nc2gtcnNhAAAAAwEAAQAAAgEAog6L6ucklR6OZqWULY3i5JCgZ63xPr8TsrY3shEp\n7wB2Eu5GhEnheiGPwobY6JB8ndBqyDucu5K303uEXBZBES4a3T6pPqv4+gVqwOIG\nAmotUgih0aa4hpFSqDTRYCYF30xO6u9cJVO+kfnXSlDYamVVFF1oOn2w1iRaCoyQ\nfSVNcjiuqNHtLxNl0AQKaPU2a0DSdKLDNaoOXk9U9dqA70dPDOnMAp8LmCeijIiU\nAd/xAAiMvLZ558K31/W9n4hfV5nrUll0gUhWG8ZmpIlknNiDZkaJcs6SfC1IdUbp\nUs4FzSGX9xrsTJQaDo9F0W9P8bogmJP+zJIBDYIwSbyUjB5OpN6zVbLSzFQzt//r\njS/9iXJJ7wLYl/HehTgsScZVY30PcbZdcW/Baljo73nNbYAw4GSRMEy27n01pxfP\ntzO60kn/Y1PhFjhOj2sQyUZR10EMWl4078GmdECVlkcrdufqFiBVRHEd5BKai+eX\n8j3PVxREp6Rwem0fLSX3AeLGn9lgkXKAyJ1lt+C6EZLPM5EAh6kKSDkXdNxlMM9k\nZXVrPZSwGKH+p9xEzVSPBJkRzcs69qNmFWDbftwsaIZlJ9MIq4k4atx11hhG3seR\nC0GJ1wEMi/pR1X3Ob5o8D8m7vKXrVLiMKYJ+T+kX52+TkiV9t0mZWh5ajGk/709K\nmvEAAAc47zULdO81C3QAAAAHc3NoLXJzYQAAAgEAog6L6ucklR6OZqWULY3i5JCg\nZ63xPr8TsrY3shEp7wB2Eu5GhEnheiGPwobY6JB8ndBqyDucu5K303uEXBZBES4a\n3T6pPqv4+gVqwOIGAmotUgih0aa4hpFSqDTRYCYF30xO6u9cJVO+kfnXSlDYamVV\nFF1oOn2w1iRaCoyQfSVNcjiuqNHtLxNl0AQKaPU2a0DSdKLDNaoOXk9U9dqA70dP\nDOnMAp8LmCeijIiUAd/xAAiMvLZ558K31/W9n4hfV5nrUll0gUhWG8ZmpIlknNiD\nZkaJcs6SfC1IdUbpUs4FzSGX9xrsTJQaDo9F0W9P8bogmJP+zJIBDYIwSbyUjB5O\npN6zVbLSzFQzt//rjS/9iXJJ7wLYl/HehTgsScZVY30PcbZdcW/Baljo73nNbYAw\n4GSRMEy27n01pxfPtzO60kn/Y1PhFjhOj2sQyUZR10EMWl4078GmdECVlkcrdufq\nFiBVRHEd5BKai+eX8j3PVxREp6Rwem0fLSX3AeLGn9lgkXKAyJ1lt+C6EZLPM5EA\nh6kKSDkXdNxlMM9kZXVrPZSwGKH+p9xEzVSPBJkRzcs69qNmFWDbftwsaIZlJ9MI\nq4k4atx11hhG3seRC0GJ1wEMi/pR1X3Ob5o8D8m7vKXrVLiMKYJ+T+kX52+TkiV9\nt0mZWh5ajGk/709KmvEAAAADAQABAAACAQCSD4JUSdhS/qNiKMKQ/F0PnLq2N7RD\n1XwvisRQHeAppcTF8zRjbyNmLHGh5mAB3Jg0tPBJYFE3TlmYpq75QKWMkn1sA1oP\nPni8/7zj89NuwbvvQBB5IUcXIkvZhyFfA2YviFtorCvlCMGuV/yO4qbr3kD8heO3\nNCn6F/F/qIliAgj3ddcWGX8o+ta80aeASeKucFI/BaPj7k3c+qucmz+yahb5kI9r\nnWWZ0b9T4pVjyy8v1ITkYaMmG/4PC1HJQ+SK1BOguTekfkn95qgEjEC+jPaBa/ne\nHAkzGq0/5pXNKBtac3jAIufvbVy+2qsWxLjNKfDPFDSGtOF2B2z2SJ2o7T6EvwYf\nPjxDda4pP8U1mp5jnPFJcHKxcVk/1UgUVzqOkC1R/Q4vg34peemz5WxMxY5zP5Aj\nd5JLvp79G0HBkUgGq407EPBuniZFNBgiVcNuFehlGnqDG2Xel7POuRm3CmoM2uc4\nOjezQEAr3aSdZVbqQqt+fRWvoE7r4i7YHKrIKo7JPKGHfZLOCdAvcYAjuPn6auFS\n1+jEuqtOiJyI8wb45/2U6ElhtiDhh8UWG1BX2/ki8vGtHvgswaURFvpPXtpB3uSV\nCOqgJy6trUiorjDDghi+6KgFun8g1J9c7ca1Oj2ZL8Rz/sVwtMrTnALxBwZrDsjY\nPwDNK1fTvfdbcQAAAQBwuUfU1X3GV3qhptFDXD6URjBycLJKObzPCrFfa0t7b9Bb\nRPRw9aGK1+52bLKZ+OujibonwJYpfIOrq9dALLKbXPKmMs2ClK5Mgpn4P2iasBfa\nDHFQPjc+ZOsNkLjTyY75aQ6Xj7MgQMXUPGmX85OuqidRYMuNgjrp7iZKyKMunwEV\nKqmQNOgfZjjc7UgMo8je+wc+PYs9OntCVK2VI/qVYCC32lPAeIfGdd5pgFYTV1aX\nEt0W9/NimSTOmWClAkHryJnUzmOGLBn8PbcZFloP4K6hyKVBE3x3jQzRw35L1bH8\nyLFeZK5ZYcK4oGus44T6noumicVvYgePY09dodw8AAABAQDH6mtcWpNpJ2SjC1jR\nl8avxiw8/cmOOpRaacZ1J8MYbNKOp5mXUWXHItw4Zifuhl9Mmrs+3aw0eM0pWukZ\nQRFM5gV67ss91VjTMIYzmDnTWFJUe1VTi0Nd4cOEPlF8Th1S9qJcG/RuXK6G9nE+\nqQ7GlmZPGBweff4rBc6kfXUR68O7AhDZrjuAWIE0UTVYyY4S1BwSeYJxqeeXtLHu\nbNYKSoJTZliwgrUU+LflHX0j7a/AfQ7ePo8BCBgJZY/KCgKI+lR/ycQak9efE2jw\nuy6Q0qbx8jDKg+NInXg3U2nqD2vFu/06w1KfJF5AcShB7UW4UPetnRGAph2bfRWt\n1Li/AAABAQDPhSvyHdL/giw9FiOWxAUMuWQyjfF5jrK8j4YqkNGkmpTNfDRfd3lW\nAZvOAzsk2xzBczE9MbD2Hi7YeuAi7td4JtEO2B6ai/VckR1nHyX4Dh1wo2rcTuDO\nLBLH8hF5Xc8ISEe6owN7z953mmmvx13iPGRgdjwxABLdQx0BeL4fFFwNWYuOSZ0w\nE5hKH1mybAtsZZRbzDo4IXG5U1gmjr2EQ+x57mKq85wZ0or4YtrTDoDE0lTvLI1S\nv7WOK6Sxa25oQ/lq77NWNe4ZuDuOTxnolUVwbQbpHPP7gscSeBih/k1M512JIemd\nQYCnRDmOznqQ9Wcw1RddgVfQztVOaGhPAAAAAAEC\n-----END OPENSSH PRIVATE KEY-----\n",
            "private_key_pem": "-----BEGIN RSA PRIVATE KEY-----\nMIIJKgIBAAKCAgEAog6L6ucklR6OZqWULY3i5JCgZ63xPr8TsrY3shEp7wB2Eu5G\nhEnheiGPwobY6JB8ndBqyDucu5K303uEXBZBES4a3T6pPqv4+gVqwOIGAmotUgih\n0aa4hpFSqDTRYCYF30xO6u9cJVO+kfnXSlDYamVVFF1oOn2w1iRaCoyQfSVNcjiu\nqNHtLxNl0AQKaPU2a0DSdKLDNaoOXk9U9dqA70dPDOnMAp8LmCeijIiUAd/xAAiM\nvLZ558K31/W9n4hfV5nrUll0gUhWG8ZmpIlknNiDZkaJcs6SfC1IdUbpUs4FzSGX\n9xrsTJQaDo9F0W9P8bogmJP+zJIBDYIwSbyUjB5OpN6zVbLSzFQzt//rjS/9iXJJ\n7wLYl/HehTgsScZVY30PcbZdcW/Baljo73nNbYAw4GSRMEy27n01pxfPtzO60kn/\nY1PhFjhOj2sQyUZR10EMWl4078GmdECVlkcrdufqFiBVRHEd5BKai+eX8j3PVxRE\np6Rwem0fLSX3AeLGn9lgkXKAyJ1lt+C6EZLPM5EAh6kKSDkXdNxlMM9kZXVrPZSw\nGKH+p9xEzVSPBJkRzcs69qNmFWDbftwsaIZlJ9MIq4k4atx11hhG3seRC0GJ1wEM\ni/pR1X3Ob5o8D8m7vKXrVLiMKYJ+T+kX52+TkiV9t0mZWh5ajGk/709KmvECAwEA\nAQKCAgEAkg+CVEnYUv6jYijCkPxdD5y6tje0Q9V8L4rEUB3gKaXExfM0Y28jZixx\noeZgAdyYNLTwSWBRN05ZmKau+UCljJJ9bANaDz54vP+84/PTbsG770AQeSFHFyJL\n2YchXwNmL4hbaKwr5QjBrlf8juKm695A/IXjtzQp+hfxf6iJYgII93XXFhl/KPrW\nvNGngEnirnBSPwWj4+5N3PqrnJs/smoW+ZCPa51lmdG/U+KVY8svL9SE5GGjJhv+\nDwtRyUPkitQToLk3pH5J/eaoBIxAvoz2gWv53hwJMxqtP+aVzSgbWnN4wCLn721c\nvtqrFsS4zSnwzxQ0hrThdgds9kidqO0+hL8GHz48Q3WuKT/FNZqeY5zxSXBysXFZ\nP9VIFFc6jpAtUf0OL4N+KXnps+VsTMWOcz+QI3eSS76e/RtBwZFIBquNOxDwbp4m\nRTQYIlXDbhXoZRp6gxtl3pezzrkZtwpqDNrnODo3s0BAK92knWVW6kKrfn0Vr6BO\n6+Iu2ByqyCqOyTyhh32SzgnQL3GAI7j5+mrhUtfoxLqrToiciPMG+Of9lOhJYbYg\n4YfFFhtQV9v5IvLxrR74LMGlERb6T17aQd7klQjqoCcura1IqK4ww4IYvuioBbp/\nINSfXO3GtTo9mS/Ec/7FcLTK05wC8QcGaw7I2D8AzStX0733W3ECggEBAMfqa1xa\nk2knZKMLWNGXxq/GLDz9yY46lFppxnUnwxhs0o6nmZdRZcci3DhmJ+6GX0yauz7d\nrDR4zSla6RlBEUzmBXruyz3VWNMwhjOYOdNYUlR7VVOLQ13hw4Q+UXxOHVL2olwb\n9G5crob2cT6pDsaWZk8YHB59/isFzqR9dRHrw7sCENmuO4BYgTRRNVjJjhLUHBJ5\ngnGp55e0se5s1gpKglNmWLCCtRT4t+UdfSPtr8B9Dt4+jwEIGAllj8oKAoj6VH/J\nxBqT158TaPC7LpDSpvHyMMqD40ideDdTaeoPa8W7/TrDUp8kXkBxKEHtRbhQ962d\nEYCmHZt9Fa3UuL8CggEBAM+FK/Id0v+CLD0WI5bEBQy5ZDKN8XmOsryPhiqQ0aSa\nlM18NF93eVYBm84DOyTbHMFzMT0xsPYeLth64CLu13gm0Q7YHpqL9VyRHWcfJfgO\nHXCjatxO4M4sEsfyEXldzwhIR7qjA3vP3neaaa/HXeI8ZGB2PDEAEt1DHQF4vh8U\nXA1Zi45JnTATmEofWbJsC2xllFvMOjghcblTWCaOvYRD7HnuYqrznBnSivhi2tMO\ngMTSVO8sjVK/tY4rpLFrbmhD+Wrvs1Y17hm4O45PGeiVRXBtBukc8/uCxxJ4GKH+\nTUznXYkh6Z1BgKdEOY7OepD1ZzDVF12BV9DO1U5oaE8CggEBAJl0ZcjUdgbniCZn\nVVw9RvQyCE8g+BBHAw2L2Byh0u3yyoVaPVmbz6ZWKfjY4ZoEZy6kL0sIWWFFwSYX\ndIpAGgmPH3HHzxa9p5skyj7cgLasOzZCHbMtWR69Z5khROdIBtZiHyrZAn2cgxNy\nJGdW2dKyLAJWnW8Cg5F+uaol6zFAalQoN8sAJQhV54fDNlHbFUV6r7m2r9yT8QPQ\nXiyIOpxXqUZfb4C+NEXOzUn/oslrb9cvp7QNDTRbhCfiX8dUe7GthiM5O2CzT3X6\nLjlrVUkxiZh6sd0h89sPlPHTA5/5Cl8T+EOdHtSt0/NfaOmCOlxLOnN397Fq0ZtD\nHtr6SH0CggEBAIpN+RHuKpe7i/xSavmqPqtSS6Md0tfu8NSW2xY3WmFX3OBubQFL\nQQS/IbXVlW9k0O9k9GYSXhxJ1XLVwdfGUrhzNlWsWAksSiSdWnlF2ypNTfWqFCgs\nMct2uDWl8Vtv1/FvKs8KoeG8kkooEVPjjYCgO03GvyrxH6Fzfzth22QfT5JeIZJ9\nIVPPW2nbJw6wz5Q4xv2/SPXr5D1dfJyF+WzTUCGbbQr+PQVAuvn7+Fc9jTif7ZdR\nnAaQWlIcaDEOppC67NoGUwGcA8oEbTzVHzFReuwI3dgzQbBYYpC+lbwxHhepAz/H\n6Ei0RSg1Yh75IdrGkzWKb34UHBDAKI2PLCUCggEAcLlH1NV9xld6oabRQ1w+lEYw\ncnCySjm8zwqxX2tLe2/QW0T0cPWhitfudmyymfjro4m6J8CWKXyDq6vXQCyym1zy\npjLNgpSuTIKZ+D9omrAX2gxxUD43PmTrDZC408mO+WkOl4+zIEDF1Dxpl/OTrqon\nUWDLjYI66e4mSsijLp8BFSqpkDToH2Y43O1IDKPI3vsHPj2LPTp7QlStlSP6lWAg\nt9pTwHiHxnXeaYBWE1dWlxLdFvfzYpkkzplgpQJB68iZ1M5jhiwZ/D23GRZaD+Cu\nocilQRN8d40M0cN+S9Wx/MixXmSuWWHCuKBrrOOE+p6LponFb2IHj2NPXaHcPA==\n-----END RSA PRIVATE KEY-----\n",
            "private_key_pem_pkcs8": "-----BEGIN PRIVATE KEY-----\nMIIJRAIBADANBgkqhkiG9w0BAQEFAASCCS4wggkqAgEAAoICAQCiDovq5ySVHo5m\npZQtjeLkkKBnrfE+vxOytjeyESnvAHYS7kaESeF6IY/ChtjokHyd0GrIO5y7krfT\ne4RcFkERLhrdPqk+q/j6BWrA4gYCai1SCKHRpriGkVKoNNFgJgXfTE7q71wlU76R\n+ddKUNhqZVUUXWg6fbDWJFoKjJB9JU1yOK6o0e0vE2XQBApo9TZrQNJ0osM1qg5e\nT1T12oDvR08M6cwCnwuYJ6KMiJQB3/EACIy8tnnnwrfX9b2fiF9XmetSWXSBSFYb\nxmakiWSc2INmRolyzpJ8LUh1RulSzgXNIZf3GuxMlBoOj0XRb0/xuiCYk/7MkgEN\ngjBJvJSMHk6k3rNVstLMVDO3/+uNL/2JcknvAtiX8d6FOCxJxlVjfQ9xtl1xb8Fq\nWOjvec1tgDDgZJEwTLbufTWnF8+3M7rSSf9jU+EWOE6PaxDJRlHXQQxaXjTvwaZ0\nQJWWRyt25+oWIFVEcR3kEpqL55fyPc9XFESnpHB6bR8tJfcB4saf2WCRcoDInWW3\n4LoRks8zkQCHqQpIORd03GUwz2RldWs9lLAYof6n3ETNVI8EmRHNyzr2o2YVYNt+\n3CxohmUn0wiriThq3HXWGEbex5ELQYnXAQyL+lHVfc5vmjwPybu8petUuIwpgn5P\n6Rfnb5OSJX23SZlaHlqMaT/vT0qa8QIDAQABAoICAQCSD4JUSdhS/qNiKMKQ/F0P\nnLq2N7RD1XwvisRQHeAppcTF8zRjbyNmLHGh5mAB3Jg0tPBJYFE3TlmYpq75QKWM\nkn1sA1oPPni8/7zj89NuwbvvQBB5IUcXIkvZhyFfA2YviFtorCvlCMGuV/yO4qbr\n3kD8heO3NCn6F/F/qIliAgj3ddcWGX8o+ta80aeASeKucFI/BaPj7k3c+qucmz+y\nahb5kI9rnWWZ0b9T4pVjyy8v1ITkYaMmG/4PC1HJQ+SK1BOguTekfkn95qgEjEC+\njPaBa/neHAkzGq0/5pXNKBtac3jAIufvbVy+2qsWxLjNKfDPFDSGtOF2B2z2SJ2o\n7T6EvwYfPjxDda4pP8U1mp5jnPFJcHKxcVk/1UgUVzqOkC1R/Q4vg34peemz5WxM\nxY5zP5Ajd5JLvp79G0HBkUgGq407EPBuniZFNBgiVcNuFehlGnqDG2Xel7POuRm3\nCmoM2uc4OjezQEAr3aSdZVbqQqt+fRWvoE7r4i7YHKrIKo7JPKGHfZLOCdAvcYAj\nuPn6auFS1+jEuqtOiJyI8wb45/2U6ElhtiDhh8UWG1BX2/ki8vGtHvgswaURFvpP\nXtpB3uSVCOqgJy6trUiorjDDghi+6KgFun8g1J9c7ca1Oj2ZL8Rz/sVwtMrTnALx\nBwZrDsjYPwDNK1fTvfdbcQKCAQEAx+prXFqTaSdkowtY0ZfGr8YsPP3JjjqUWmnG\ndSfDGGzSjqeZl1FlxyLcOGYn7oZfTJq7Pt2sNHjNKVrpGUERTOYFeu7LPdVY0zCG\nM5g501hSVHtVU4tDXeHDhD5RfE4dUvaiXBv0blyuhvZxPqkOxpZmTxgcHn3+KwXO\npH11EevDuwIQ2a47gFiBNFE1WMmOEtQcEnmCcannl7Sx7mzWCkqCU2ZYsIK1FPi3\n5R19I+2vwH0O3j6PAQgYCWWPygoCiPpUf8nEGpPXnxNo8LsukNKm8fIwyoPjSJ14\nN1Np6g9rxbv9OsNSnyReQHEoQe1FuFD3rZ0RgKYdm30VrdS4vwKCAQEAz4Ur8h3S\n/4IsPRYjlsQFDLlkMo3xeY6yvI+GKpDRpJqUzXw0X3d5VgGbzgM7JNscwXMxPTGw\n9h4u2HrgIu7XeCbRDtgemov1XJEdZx8l+A4dcKNq3E7gziwSx/IReV3PCEhHuqMD\ne8/ed5ppr8dd4jxkYHY8MQAS3UMdAXi+HxRcDVmLjkmdMBOYSh9ZsmwLbGWUW8w6\nOCFxuVNYJo69hEPsee5iqvOcGdKK+GLa0w6AxNJU7yyNUr+1jiuksWtuaEP5au+z\nVjXuGbg7jk8Z6JVFcG0G6Rzz+4LHEngYof5NTOddiSHpnUGAp0Q5js56kPVnMNUX\nXYFX0M7VTmhoTwKCAQEAmXRlyNR2BueIJmdVXD1G9DIITyD4EEcDDYvYHKHS7fLK\nhVo9WZvPplYp+NjhmgRnLqQvSwhZYUXBJhd0ikAaCY8fccfPFr2nmyTKPtyAtqw7\nNkIdsy1ZHr1nmSFE50gG1mIfKtkCfZyDE3IkZ1bZ0rIsAladbwKDkX65qiXrMUBq\nVCg3ywAlCFXnh8M2UdsVRXqvubav3JPxA9BeLIg6nFepRl9vgL40Rc7NSf+iyWtv\n1y+ntA0NNFuEJ+Jfx1R7sa2GIzk7YLNPdfouOWtVSTGJmHqx3SHz2w+U8dMDn/kK\nXxP4Q50e1K3T819o6YI6XEs6c3f3sWrRm0Me2vpIfQKCAQEAik35Ee4ql7uL/FJq\n+ao+q1JLox3S1+7w1JbbFjdaYVfc4G5tAUtBBL8htdWVb2TQ72T0ZhJeHEnVctXB\n18ZSuHM2VaxYCSxKJJ1aeUXbKk1N9aoUKCwxy3a4NaXxW2/X8W8qzwqh4bySSigR\nU+ONgKA7Tca/KvEfoXN/O2HbZB9Pkl4hkn0hU89badsnDrDPlDjG/b9I9evkPV18\nnIX5bNNQIZttCv49BUC6+fv4Vz2NOJ/tl1GcBpBaUhxoMQ6mkLrs2gZTAZwDygRt\nPNUfMVF67Ajd2DNBsFhikL6VvDEeF6kDP8foSLRFKDViHvkh2saTNYpvfhQcEMAo\njY8sJQKCAQBwuUfU1X3GV3qhptFDXD6URjBycLJKObzPCrFfa0t7b9BbRPRw9aGK\n1+52bLKZ+OujibonwJYpfIOrq9dALLKbXPKmMs2ClK5Mgpn4P2iasBfaDHFQPjc+\nZOsNkLjTyY75aQ6Xj7MgQMXUPGmX85OuqidRYMuNgjrp7iZKyKMunwEVKqmQNOgf\nZjjc7UgMo8je+wc+PYs9OntCVK2VI/qVYCC32lPAeIfGdd5pgFYTV1aXEt0W9/Ni\nmSTOmWClAkHryJnUzmOGLBn8PbcZFloP4K6hyKVBE3x3jQzRw35L1bH8yLFeZK5Z\nYcK4oGus44T6noumicVvYgePY09dodw8\n-----END PRIVATE KEY-----\n",
            "public_key_fingerprint_md5": "b3:9d:8f:cb:15:56:e3:26:27:d6:88:a4:55:ed:54:53",
            "public_key_fingerprint_sha256": "SHA256:I76oOSLdXTFhdgLfEu4BKYdXhGhxSlZqjyef1HKwABE",
            "public_key_openssh": "ssh-rsa AAAAB3NzaC1yc2EAAAADAQABAAACAQCiDovq5ySVHo5mpZQtjeLkkKBnrfE+vxOytjeyESnvAHYS7kaESeF6IY/ChtjokHyd0GrIO5y7krfTe4RcFkERLhrdPqk+q/j6BWrA4gYCai1SCKHRpriGkVKoNNFgJgXfTE7q71wlU76R+ddKUNhqZVUUXWg6fbDWJFoKjJB9JU1yOK6o0e0vE2XQBApo9TZrQNJ0osM1qg5eT1T12oDvR08M6cwCnwuYJ6KMiJQB3/EACIy8tnnnwrfX9b2fiF9XmetSWXSBSFYbxmakiWSc2INmRolyzpJ8LUh1RulSzgXNIZf3GuxMlBoOj0XRb0/xuiCYk/7MkgENgjBJvJSMHk6k3rNVstLMVDO3/+uNL/2JcknvAtiX8d6FOCxJxlVjfQ9xtl1xb8FqWOjvec1tgDDgZJEwTLbufTWnF8+3M7rSSf9jU+EWOE6PaxDJRlHXQQxaXjTvwaZ0QJWWRyt25+oWIFVEcR3kEpqL55fyPc9XFESnpHB6bR8tJfcB4saf2WCRcoDInWW34LoRks8zkQCHqQpIORd03GUwz2RldWs9lLAYof6n3ETNVI8EmRHNyzr2o2YVYNt+3CxohmUn0wiriThq3HXWGEbex5ELQYnXAQyL+lHVfc5vmjwPybu8petUuIwpgn5P6Rfnb5OSJX23SZlaHlqMaT/vT0qa8Q==\n",
            "public_key_pem": "-----BEGIN PUBLIC KEY-----\nMIICIjANBgkqhkiG9w0BAQEFAAOCAg8AMIICCgKCAgEAog6L6ucklR6OZqWULY3i\n5JCgZ63xPr8TsrY3shEp7wB2Eu5GhEnheiGPwobY6JB8ndBqyDucu5K303uEXBZB\nES4a3T6pPqv4+gVqwOIGAmotUgih0aa4hpFSqDTRYCYF30xO6u9cJVO+kfnXSlDY\namVVFF1oOn2w1iRaCoyQfSVNcjiuqNHtLxNl0AQKaPU2a0DSdKLDNaoOXk9U9dqA\n70dPDOnMAp8LmCeijIiUAd/xAAiMvLZ558K31/W9n4hfV5nrUll0gUhWG8ZmpIlk\nnNiDZkaJcs6SfC1IdUbpUs4FzSGX9xrsTJQaDo9F0W9P8bogmJP+zJIBDYIwSbyU\njB5OpN6zVbLSzFQzt//rjS/9iXJJ7wLYl/HehTgsScZVY30PcbZdcW/Baljo73nN\nbYAw4GSRMEy27n01pxfPtzO60kn/Y1PhFjhOj2sQyUZR10EMWl4078GmdECVlkcr\ndufqFiBVRHEd5BKai+eX8j3PVxREp6Rwem0fLSX3AeLGn9lgkXKAyJ1lt+C6EZLP\nM5EAh6kKSDkXdNxlMM9kZXVrPZSwGKH+p9xEzVSPBJkRzcs69qNmFWDbftwsaIZl\nJ9MIq4k4atx11hhG3seRC0GJ1wEMi/pR1X3Ob5o8D8m7vKXrVLiMKYJ+T+kX52+T\nkiV9t0mZWh5ajGk/709KmvECAwEAAQ==\n-----END PUBLIC KEY-----\n",
            "rsa_bits": 4096
          },
          "sensitive_attributes": [
            [
              {
                "type": "get_attr",
                "value": "private_key_pem_pkcs8"
              }
            ],
            [
              {
                "type": "get_attr",
                "value": "private_key_pem"
              }
            ],
            [
              {
                "type": "get_attr",
                "value": "private_key_openssh"
              }
            ]
          ]
        }
      ]
    }
  ],
  "check_results": null
}
