{
  "version": 4,
  "terraform_version": "1.9.8",
  "serial": 47,
  "lineage": "bd84521c-b815-1282-b658-30e1992689c8",
  "outputs": {},
  "resources": [
    {
      "module": "module.aws-ec2",
      "mode": "managed",
      "type": "aws_instance",
      "name": "bastion_host",
      "provider": "provider[\"registry.terraform.io/hashicorp/aws\"]",
      "instances": [
        {
          "schema_version": 1,
          "attributes": {
            "ami": "ami-06b21ccaeff8cd686",
            "arn": "arn:aws:ec2:us-east-1:637423499518:instance/i-03bdbf21ce075b76d",
            "associate_public_ip_address": false,
            "availability_zone": "us-east-1a",
            "capacity_reservation_specification": [
              {
                "capacity_reservation_preference": "open",
                "capacity_reservation_target": []
              }
            ],
            "cpu_core_count": 1,
            "cpu_options": [
              {
                "amd_sev_snp": "",
                "core_count": 1,
                "threads_per_core": 1
              }
            ],
            "cpu_threads_per_core": 1,
            "credit_specification": [
              {
                "cpu_credits": "standard"
              }
            ],
            "disable_api_stop": false,
            "disable_api_termination": false,
            "ebs_block_device": [],
            "ebs_optimized": false,
            "enclave_options": [
              {
                "enabled": false
              }
            ],
            "ephemeral_block_device": [],
            "get_password_data": false,
            "hibernation": false,
            "host_id": "",
            "host_resource_group_arn": null,
            "iam_instance_profile": "",
            "id": "i-03bdbf21ce075b76d",
            "instance_initiated_shutdown_behavior": "stop",
            "instance_lifecycle": "",
            "instance_market_options": [],
            "instance_state": "running",
            "instance_type": "t2.micro",
            "ipv6_address_count": 0,
            "ipv6_addresses": [],
            "key_name": "due1-common-key",
            "launch_template": [],
            "maintenance_options": [
              {
                "auto_recovery": "default"
              }
            ],
            "metadata_options": [
              {
                "http_endpoint": "enabled",
                "http_protocol_ipv6": "disabled",
                "http_put_response_hop_limit": 2,
                "http_tokens": "required",
                "instance_metadata_tags": "disabled"
              }
            ],
            "monitoring": false,
            "network_interface": [],
            "outpost_arn": "",
            "password_data": "",
            "placement_group": "",
            "placement_partition_number": 0,
            "primary_network_interface_id": "eni-081c71a527d9fd6b9",
            "private_dns": "ip-10-0-10-192.ec2.internal",
            "private_dns_name_options": [
              {
                "enable_resource_name_dns_a_record": false,
                "enable_resource_name_dns_aaaa_record": false,
                "hostname_type": "ip-name"
              }
            ],
            "private_ip": "10.0.10.192",
            "public_dns": "",
            "public_ip": "",
            "root_block_device": [
              {
                "delete_on_termination": true,
                "device_name": "/dev/xvda",
                "encrypted": false,
                "iops": 3000,
                "kms_key_id": "",
                "tags": {},
                "tags_all": {},
                "throughput": 125,
                "volume_id": "vol-02aec57c009d6f59f",
                "volume_size": 8,
                "volume_type": "gp3"
              }
            ],
            "secondary_private_ips": [],
            "security_groups": [
              "sg-051b6f0e83b6b670b",
              "sg-0d6f14f109b4f784b"
            ],
            "source_dest_check": true,
            "spot_instance_request_id": "",
            "subnet_id": "subnet-02eea83a4b8e924ed",
            "tags": {
              "Name": "due1-bastion-machine",
              "Owner": "huyhoang.ph",
              "Terraform": "True"
            },
            "tags_all": {
              "Name": "due1-bastion-machine",
              "Owner": "huyhoang.ph",
              "Terraform": "True"
            },
            "tenancy": "default",
            "timeouts": null,
            "user_data": null,
            "user_data_base64": null,
            "user_data_replace_on_change": false,
            "volume_tags": null,
            "vpc_security_group_ids": [
              "sg-051b6f0e83b6b670b",
              "sg-0d6f14f109b4f784b"
            ]
          },
          "sensitive_attributes": [],
          "private": "eyJlMmJmYjczMC1lY2FhLTExZTYtOGY4OC0zNDM2M2JjN2M0YzAiOnsiY3JlYXRlIjo2MDAwMDAwMDAwMDAsImRlbGV0ZSI6MTIwMDAwMDAwMDAwMCwicmVhZCI6OTAwMDAwMDAwMDAwLCJ1cGRhdGUiOjYwMDAwMDAwMDAwMH0sInNjaGVtYV92ZXJzaW9uIjoiMSJ9",
          "dependencies": [
            "module.aws-sg.aws_security_group.basic_allow_common",
            "module.aws-sg.aws_security_group.basic_bastion_host",
            "module.aws-vpc.aws_subnet.public_subnets",
            "module.aws-vpc.aws_vpc.main_vpc",
            "module.ssh-key.aws_key_pair.common_key",
            "module.ssh-key.tls_private_key.ssh_key_instances"
          ]
        }
      ]
    },
    {
      "module": "module.aws-sg",
      "mode": "managed",
      "type": "aws_security_group",
      "name": "basic_allow_common",
      "provider": "provider[\"registry.terraform.io/hashicorp/aws\"]",
      "instances": [
        {
          "schema_version": 1,
          "attributes": {
            "arn": "arn:aws:ec2:us-east-1:637423499518:security-group/sg-051b6f0e83b6b670b",
            "description": "SG for common purpose between resources",
            "egress": [],
            "id": "sg-051b6f0e83b6b670b",
            "ingress": [
              {
                "cidr_blocks": [],
                "description": "Allow SSH traffic from bastion",
                "from_port": 22,
                "ipv6_cidr_blocks": [],
                "prefix_list_ids": [],
                "protocol": "tcp",
                "security_groups": [
                  "sg-0d6f14f109b4f784b"
                ],
                "self": false,
                "to_port": 22
              }
            ],
            "name": "due1-common-sg",
            "name_prefix": "",
            "owner_id": "637423499518",
            "revoke_rules_on_delete": false,
            "tags": {
              "Environment": "Development",
              "Name": "due1-common-sg",
              "Terraform": "True"
            },
            "tags_all": {
              "Environment": "Development",
              "Name": "due1-common-sg",
              "Terraform": "True"
            },
            "timeouts": null,
            "vpc_id": "vpc-0046178b3ec1328bd"
          },
          "sensitive_attributes": [],
          "private": "eyJlMmJmYjczMC1lY2FhLTExZTYtOGY4OC0zNDM2M2JjN2M0YzAiOnsiY3JlYXRlIjo2MDAwMDAwMDAwMDAsImRlbGV0ZSI6OTAwMDAwMDAwMDAwfSwic2NoZW1hX3ZlcnNpb24iOiIxIn0=",
          "dependencies": [
            "module.aws-vpc.aws_vpc.main_vpc"
          ]
        }
      ]
    },
    {
      "module": "module.aws-sg",
      "mode": "managed",
      "type": "aws_security_group",
      "name": "basic_allow_internet",
      "provider": "provider[\"registry.terraform.io/hashicorp/aws\"]",
      "instances": [
        {
          "schema_version": 1,
          "attributes": {
            "arn": "arn:aws:ec2:us-east-1:637423499518:security-group/sg-03cea8ab3d53ef42d",
            "description": "SG for all resources that need to access to The Internet",
            "egress": [],
            "id": "sg-03cea8ab3d53ef42d",
            "ingress": [],
            "name": "due1-allow-internet-sg",
            "name_prefix": "",
            "owner_id": "637423499518",
            "revoke_rules_on_delete": false,
            "tags": {
              "Environment": "Development",
              "Name": "due1-allow-internet-sg",
              "Terraform": "True"
            },
            "tags_all": {
              "Environment": "Development",
              "Name": "due1-allow-internet-sg",
              "Terraform": "True"
            },
            "timeouts": null,
            "vpc_id": "vpc-0046178b3ec1328bd"
          },
          "sensitive_attributes": [],
          "private": "eyJlMmJmYjczMC1lY2FhLTExZTYtOGY4OC0zNDM2M2JjN2M0YzAiOnsiY3JlYXRlIjo2MDAwMDAwMDAwMDAsImRlbGV0ZSI6OTAwMDAwMDAwMDAwfSwic2NoZW1hX3ZlcnNpb24iOiIxIn0=",
          "dependencies": [
            "module.aws-vpc.aws_vpc.main_vpc"
          ]
        }
      ]
    },
    {
      "module": "module.aws-sg",
      "mode": "managed",
      "type": "aws_security_group",
      "name": "basic_bastion_host",
      "provider": "provider[\"registry.terraform.io/hashicorp/aws\"]",
      "instances": [
        {
          "schema_version": 1,
          "attributes": {
            "arn": "arn:aws:ec2:us-east-1:637423499518:security-group/sg-0d6f14f109b4f784b",
            "description": "SG for bastion host",
            "egress": [
              {
                "cidr_blocks": [],
                "description": "Allow Bastion to ssh to all machines",
                "from_port": 22,
                "ipv6_cidr_blocks": [],
                "prefix_list_ids": [],
                "protocol": "tcp",
                "security_groups": [
                  "sg-051b6f0e83b6b670b"
                ],
                "self": false,
                "to_port": 22
              }
            ],
            "id": "sg-0d6f14f109b4f784b",
            "ingress": [
              {
                "cidr_blocks": [
                  "0.0.0.0/0"
                ],
                "description": "Allow SSH from source",
                "from_port": 22,
                "ipv6_cidr_blocks": [],
                "prefix_list_ids": [],
                "protocol": "tcp",
                "security_groups": [],
                "self": false,
                "to_port": 22
              }
            ],
            "name": "due1-bastion-sg",
            "name_prefix": "",
            "owner_id": "637423499518",
            "revoke_rules_on_delete": false,
            "tags": {
              "Environment": "Development",
              "Name": "due1-bastion-sg",
              "Terraform": "True"
            },
            "tags_all": {
              "Environment": "Development",
              "Name": "due1-bastion-sg",
              "Terraform": "True"
            },
            "timeouts": null,
            "vpc_id": "vpc-0046178b3ec1328bd"
          },
          "sensitive_attributes": [],
          "private": "eyJlMmJmYjczMC1lY2FhLTExZTYtOGY4OC0zNDM2M2JjN2M0YzAiOnsiY3JlYXRlIjo2MDAwMDAwMDAwMDAsImRlbGV0ZSI6OTAwMDAwMDAwMDAwfSwic2NoZW1hX3ZlcnNpb24iOiIxIn0=",
          "dependencies": [
            "module.aws-vpc.aws_vpc.main_vpc"
          ]
        }
      ]
    },
    {
      "module": "module.aws-sg",
      "mode": "managed",
      "type": "aws_security_group",
      "name": "basic_database",
      "provider": "provider[\"registry.terraform.io/hashicorp/aws\"]",
      "instances": [
        {
          "schema_version": 1,
          "attributes": {
            "arn": "arn:aws:ec2:us-east-1:637423499518:security-group/sg-0231846268700cba5",
            "description": "SG for database",
            "egress": [],
            "id": "sg-0231846268700cba5",
            "ingress": [],
            "name": "due1-database-sg",
            "name_prefix": "",
            "owner_id": "637423499518",
            "revoke_rules_on_delete": false,
            "tags": {
              "Environment": "Development",
              "Name": "due1-database-sg",
              "Terraform": "True"
            },
            "tags_all": {
              "Environment": "Development",
              "Name": "due1-database-sg",
              "Terraform": "True"
            },
            "timeouts": null,
            "vpc_id": "vpc-0046178b3ec1328bd"
          },
          "sensitive_attributes": [],
          "private": "eyJlMmJmYjczMC1lY2FhLTExZTYtOGY4OC0zNDM2M2JjN2M0YzAiOnsiY3JlYXRlIjo2MDAwMDAwMDAwMDAsImRlbGV0ZSI6OTAwMDAwMDAwMDAwfSwic2NoZW1hX3ZlcnNpb24iOiIxIn0=",
          "dependencies": [
            "module.aws-vpc.aws_vpc.main_vpc"
          ]
        }
      ]
    },
    {
      "module": "module.aws-sg",
      "mode": "managed",
      "type": "aws_security_group",
      "name": "basic_elb",
      "provider": "provider[\"registry.terraform.io/hashicorp/aws\"]",
      "instances": [
        {
          "schema_version": 1,
          "attributes": {
            "arn": "arn:aws:ec2:us-east-1:637423499518:security-group/sg-01c1107acd3816664",
            "description": "SG for ELB to receive traffics",
            "egress": [
              {
                "cidr_blocks": [],
                "description": "Allow traffic from ELB port 443 to WAS",
                "from_port": 443,
                "ipv6_cidr_blocks": [],
                "prefix_list_ids": [],
                "protocol": "tcp",
                "security_groups": [
                  "sg-0a22a24a4f105d9ec"
                ],
                "self": false,
                "to_port": 443
              },
              {
                "cidr_blocks": [],
                "description": "Allow traffic from ELB port 80 to WAS",
                "from_port": 80,
                "ipv6_cidr_blocks": [],
                "prefix_list_ids": [],
                "protocol": "tcp",
                "security_groups": [
                  "sg-0a22a24a4f105d9ec"
                ],
                "self": false,
                "to_port": 80
              }
            ],
            "id": "sg-01c1107acd3816664",
            "ingress": [
              {
                "cidr_blocks": [
                  "0.0.0.0/0"
                ],
                "description": "Allow public access on port 443 from ELB",
                "from_port": 443,
                "ipv6_cidr_blocks": [],
                "prefix_list_ids": [],
                "protocol": "tcp",
                "security_groups": [],
                "self": false,
                "to_port": 443
              },
              {
                "cidr_blocks": [
                  "0.0.0.0/0"
                ],
                "description": "Allow public access on port 80 from ELB",
                "from_port": 80,
                "ipv6_cidr_blocks": [],
                "prefix_list_ids": [],
                "protocol": "tcp",
                "security_groups": [],
                "self": false,
                "to_port": 80
              }
            ],
            "name": "due1-elb-sg",
            "name_prefix": "",
            "owner_id": "637423499518",
            "revoke_rules_on_delete": false,
            "tags": {
              "Environment": "Development",
              "Name": "due1-elb-sg",
              "Terraform": "True"
            },
            "tags_all": {
              "Environment": "Development",
              "Name": "due1-elb-sg",
              "Terraform": "True"
            },
            "timeouts": null,
            "vpc_id": "vpc-0046178b3ec1328bd"
          },
          "sensitive_attributes": [],
          "private": "eyJlMmJmYjczMC1lY2FhLTExZTYtOGY4OC0zNDM2M2JjN2M0YzAiOnsiY3JlYXRlIjo2MDAwMDAwMDAwMDAsImRlbGV0ZSI6OTAwMDAwMDAwMDAwfSwic2NoZW1hX3ZlcnNpb24iOiIxIn0=",
          "dependencies": [
            "module.aws-vpc.aws_vpc.main_vpc"
          ]
        }
      ]
    },
    {
      "module": "module.aws-sg",
      "mode": "managed",
      "type": "aws_security_group",
      "name": "basic_was",
      "provider": "provider[\"registry.terraform.io/hashicorp/aws\"]",
      "instances": [
        {
          "schema_version": 1,
          "attributes": {
            "arn": "arn:aws:ec2:us-east-1:637423499518:security-group/sg-0a22a24a4f105d9ec",
            "description": "SG for Web Application Server machines",
            "egress": [
              {
                "cidr_blocks": [],
                "description": "",
                "from_port": 3306,
                "ipv6_cidr_blocks": [],
                "prefix_list_ids": [],
                "protocol": "tcp",
                "security_groups": [
                  "sg-0231846268700cba5"
                ],
                "self": false,
                "to_port": 3306
              }
            ],
            "id": "sg-0a22a24a4f105d9ec",
            "ingress": [
              {
                "cidr_blocks": [],
                "description": "Receive traffic from ELB port 443",
                "from_port": 443,
                "ipv6_cidr_blocks": [],
                "prefix_list_ids": [],
                "protocol": "tcp",
                "security_groups": [
                  "sg-01c1107acd3816664"
                ],
                "self": false,
                "to_port": 443
              },
              {
                "cidr_blocks": [],
                "description": "Receive traffic from ELB port 80",
                "from_port": 80,
                "ipv6_cidr_blocks": [],
                "prefix_list_ids": [],
                "protocol": "tcp",
                "security_groups": [
                  "sg-01c1107acd3816664"
                ],
                "self": false,
                "to_port": 80
              }
            ],
            "name": "due1-was-sg",
            "name_prefix": "",
            "owner_id": "637423499518",
            "revoke_rules_on_delete": false,
            "tags": {
              "Environment": "Development",
              "Name": "due1-was-sg",
              "Terraform": "True"
            },
            "tags_all": {
              "Environment": "Development",
              "Name": "due1-was-sg",
              "Terraform": "True"
            },
            "timeouts": null,
            "vpc_id": "vpc-0046178b3ec1328bd"
          },
          "sensitive_attributes": [],
          "private": "eyJlMmJmYjczMC1lY2FhLTExZTYtOGY4OC0zNDM2M2JjN2M0YzAiOnsiY3JlYXRlIjo2MDAwMDAwMDAwMDAsImRlbGV0ZSI6OTAwMDAwMDAwMDAwfSwic2NoZW1hX3ZlcnNpb24iOiIxIn0=",
          "dependencies": [
            "module.aws-vpc.aws_vpc.main_vpc"
          ]
        }
      ]
    },
    {
      "module": "module.aws-sg",
      "mode": "managed",
      "type": "aws_vpc_security_group_egress_rule",
      "name": "bastion_to_common",
      "provider": "provider[\"registry.terraform.io/hashicorp/aws\"]",
      "instances": [
        {
          "schema_version": 0,
          "attributes": {
            "arn": "arn:aws:ec2:us-east-1:637423499518:security-group-rule/sgr-0c8c862dd5f1fb35c",
            "cidr_ipv4": null,
            "cidr_ipv6": null,
            "description": "Allow Bastion to ssh to all machines",
            "from_port": 22,
            "id": "sgr-0c8c862dd5f1fb35c",
            "ip_protocol": "tcp",
            "prefix_list_id": null,
            "referenced_security_group_id": "sg-051b6f0e83b6b670b",
            "security_group_id": "sg-0d6f14f109b4f784b",
            "security_group_rule_id": "sgr-0c8c862dd5f1fb35c",
            "tags": null,
            "tags_all": {},
            "to_port": 22
          },
          "sensitive_attributes": [],
          "dependencies": [
            "module.aws-sg.aws_security_group.basic_allow_common",
            "module.aws-sg.aws_security_group.basic_bastion_host",
            "module.aws-vpc.aws_vpc.main_vpc"
          ]
        }
      ]
    },
    {
      "module": "module.aws-sg",
      "mode": "managed",
      "type": "aws_vpc_security_group_egress_rule",
      "name": "elb_route_to_was",
      "provider": "provider[\"registry.terraform.io/hashicorp/aws\"]",
      "instances": [
        {
          "index_key": 0,
          "schema_version": 0,
          "attributes": {
            "arn": "arn:aws:ec2:us-east-1:637423499518:security-group-rule/sgr-081cba160b3f1f1e8",
            "cidr_ipv4": null,
            "cidr_ipv6": null,
            "description": "Allow traffic from ELB port 80 to WAS",
            "from_port": 80,
            "id": "sgr-081cba160b3f1f1e8",
            "ip_protocol": "tcp",
            "prefix_list_id": null,
            "referenced_security_group_id": "sg-0a22a24a4f105d9ec",
            "security_group_id": "sg-01c1107acd3816664",
            "security_group_rule_id": "sgr-081cba160b3f1f1e8",
            "tags": null,
            "tags_all": {},
            "to_port": 80
          },
          "sensitive_attributes": [],
          "dependencies": [
            "module.aws-sg.aws_security_group.basic_elb",
            "module.aws-sg.aws_security_group.basic_was",
            "module.aws-vpc.aws_vpc.main_vpc"
          ]
        },
        {
          "index_key": 1,
          "schema_version": 0,
          "attributes": {
            "arn": "arn:aws:ec2:us-east-1:637423499518:security-group-rule/sgr-0b6c30698cac32dd8",
            "cidr_ipv4": null,
            "cidr_ipv6": null,
            "description": "Allow traffic from ELB port 443 to WAS",
            "from_port": 443,
            "id": "sgr-0b6c30698cac32dd8",
            "ip_protocol": "tcp",
            "prefix_list_id": null,
            "referenced_security_group_id": "sg-0a22a24a4f105d9ec",
            "security_group_id": "sg-01c1107acd3816664",
            "security_group_rule_id": "sgr-0b6c30698cac32dd8",
            "tags": null,
            "tags_all": {},
            "to_port": 443
          },
          "sensitive_attributes": [],
          "dependencies": [
            "module.aws-sg.aws_security_group.basic_elb",
            "module.aws-sg.aws_security_group.basic_was",
            "module.aws-vpc.aws_vpc.main_vpc"
          ]
        }
      ]
    },
    {
      "module": "module.aws-sg",
      "mode": "managed",
      "type": "aws_vpc_security_group_egress_rule",
      "name": "was_to_database",
      "provider": "provider[\"registry.terraform.io/hashicorp/aws\"]",
      "instances": [
        {
          "schema_version": 0,
          "attributes": {
            "arn": "arn:aws:ec2:us-east-1:637423499518:security-group-rule/sgr-0f08dd2c7a0381c65",
            "cidr_ipv4": null,
            "cidr_ipv6": null,
            "description": null,
            "from_port": 3306,
            "id": "sgr-0f08dd2c7a0381c65",
            "ip_protocol": "tcp",
            "prefix_list_id": null,
            "referenced_security_group_id": "sg-0231846268700cba5",
            "security_group_id": "sg-0a22a24a4f105d9ec",
            "security_group_rule_id": "sgr-0f08dd2c7a0381c65",
            "tags": null,
            "tags_all": {},
            "to_port": 3306
          },
          "sensitive_attributes": [],
          "dependencies": [
            "module.aws-sg.aws_security_group.basic_database",
            "module.aws-sg.aws_security_group.basic_was",
            "module.aws-vpc.aws_vpc.main_vpc"
          ]
        }
      ]
    },
    {
      "module": "module.aws-sg",
      "mode": "managed",
      "type": "aws_vpc_security_group_ingress_rule",
      "name": "bastion_host_allow_ssh",
      "provider": "provider[\"registry.terraform.io/hashicorp/aws\"]",
      "instances": [
        {
          "schema_version": 0,
          "attributes": {
            "arn": "arn:aws:ec2:us-east-1:637423499518:security-group-rule/sgr-000a8f76ca18556c4",
            "cidr_ipv4": "0.0.0.0/0",
            "cidr_ipv6": null,
            "description": "Allow SSH from source",
            "from_port": 22,
            "id": "sgr-000a8f76ca18556c4",
            "ip_protocol": "tcp",
            "prefix_list_id": null,
            "referenced_security_group_id": null,
            "security_group_id": "sg-0d6f14f109b4f784b",
            "security_group_rule_id": "sgr-000a8f76ca18556c4",
            "tags": null,
            "tags_all": {},
            "to_port": 22
          },
          "sensitive_attributes": [],
          "dependencies": [
            "module.aws-sg.aws_security_group.basic_bastion_host",
            "module.aws-vpc.aws_vpc.main_vpc"
          ]
        }
      ]
    },
    {
      "module": "module.aws-sg",
      "mode": "managed",
      "type": "aws_vpc_security_group_ingress_rule",
      "name": "common_allow_bastion",
      "provider": "provider[\"registry.terraform.io/hashicorp/aws\"]",
      "instances": [
        {
          "schema_version": 0,
          "attributes": {
            "arn": "arn:aws:ec2:us-east-1:637423499518:security-group-rule/sgr-0699316beb6811328",
            "cidr_ipv4": null,
            "cidr_ipv6": null,
            "description": "Allow SSH traffic from bastion",
            "from_port": 22,
            "id": "sgr-0699316beb6811328",
            "ip_protocol": "tcp",
            "prefix_list_id": null,
            "referenced_security_group_id": "sg-0d6f14f109b4f784b",
            "security_group_id": "sg-051b6f0e83b6b670b",
            "security_group_rule_id": "sgr-0699316beb6811328",
            "tags": null,
            "tags_all": {},
            "to_port": 22
          },
          "sensitive_attributes": [],
          "dependencies": [
            "module.aws-sg.aws_security_group.basic_allow_common",
            "module.aws-sg.aws_security_group.basic_bastion_host",
            "module.aws-vpc.aws_vpc.main_vpc"
          ]
        }
      ]
    },
    {
      "module": "module.aws-sg",
      "mode": "managed",
      "type": "aws_vpc_security_group_ingress_rule",
      "name": "elb_allow_public",
      "provider": "provider[\"registry.terraform.io/hashicorp/aws\"]",
      "instances": [
        {
          "index_key": 0,
          "schema_version": 0,
          "attributes": {
            "arn": "arn:aws:ec2:us-east-1:637423499518:security-group-rule/sgr-0a418743ec8f691ad",
            "cidr_ipv4": "0.0.0.0/0",
            "cidr_ipv6": null,
            "description": "Allow public access on port 80 from ELB",
            "from_port": 80,
            "id": "sgr-0a418743ec8f691ad",
            "ip_protocol": "tcp",
            "prefix_list_id": null,
            "referenced_security_group_id": null,
            "security_group_id": "sg-01c1107acd3816664",
            "security_group_rule_id": "sgr-0a418743ec8f691ad",
            "tags": null,
            "tags_all": {},
            "to_port": 80
          },
          "sensitive_attributes": [],
          "dependencies": [
            "module.aws-sg.aws_security_group.basic_elb",
            "module.aws-vpc.aws_vpc.main_vpc"
          ]
        },
        {
          "index_key": 1,
          "schema_version": 0,
          "attributes": {
            "arn": "arn:aws:ec2:us-east-1:637423499518:security-group-rule/sgr-0c5d236bf643327ab",
            "cidr_ipv4": "0.0.0.0/0",
            "cidr_ipv6": null,
            "description": "Allow public access on port 443 from ELB",
            "from_port": 443,
            "id": "sgr-0c5d236bf643327ab",
            "ip_protocol": "tcp",
            "prefix_list_id": null,
            "referenced_security_group_id": null,
            "security_group_id": "sg-01c1107acd3816664",
            "security_group_rule_id": "sgr-0c5d236bf643327ab",
            "tags": null,
            "tags_all": {},
            "to_port": 443
          },
          "sensitive_attributes": [],
          "dependencies": [
            "module.aws-sg.aws_security_group.basic_elb",
            "module.aws-vpc.aws_vpc.main_vpc"
          ]
        }
      ]
    },
    {
      "module": "module.aws-sg",
      "mode": "managed",
      "type": "aws_vpc_security_group_ingress_rule",
      "name": "was_receive_elb",
      "provider": "provider[\"registry.terraform.io/hashicorp/aws\"]",
      "instances": [
        {
          "index_key": 0,
          "schema_version": 0,
          "attributes": {
            "arn": "arn:aws:ec2:us-east-1:637423499518:security-group-rule/sgr-0c8c0cda0541ca6b1",
            "cidr_ipv4": null,
            "cidr_ipv6": null,
            "description": "Receive traffic from ELB port 80",
            "from_port": 80,
            "id": "sgr-0c8c0cda0541ca6b1",
            "ip_protocol": "tcp",
            "prefix_list_id": null,
            "referenced_security_group_id": "sg-01c1107acd3816664",
            "security_group_id": "sg-0a22a24a4f105d9ec",
            "security_group_rule_id": "sgr-0c8c0cda0541ca6b1",
            "tags": null,
            "tags_all": {},
            "to_port": 80
          },
          "sensitive_attributes": [],
          "dependencies": [
            "module.aws-sg.aws_security_group.basic_elb",
            "module.aws-sg.aws_security_group.basic_was",
            "module.aws-vpc.aws_vpc.main_vpc"
          ]
        },
        {
          "index_key": 1,
          "schema_version": 0,
          "attributes": {
            "arn": "arn:aws:ec2:us-east-1:637423499518:security-group-rule/sgr-0fcbb1894d1b87117",
            "cidr_ipv4": null,
            "cidr_ipv6": null,
            "description": "Receive traffic from ELB port 443",
            "from_port": 443,
            "id": "sgr-0fcbb1894d1b87117",
            "ip_protocol": "tcp",
            "prefix_list_id": null,
            "referenced_security_group_id": "sg-01c1107acd3816664",
            "security_group_id": "sg-0a22a24a4f105d9ec",
            "security_group_rule_id": "sgr-0fcbb1894d1b87117",
            "tags": null,
            "tags_all": {},
            "to_port": 443
          },
          "sensitive_attributes": [],
          "dependencies": [
            "module.aws-sg.aws_security_group.basic_elb",
            "module.aws-sg.aws_security_group.basic_was",
            "module.aws-vpc.aws_vpc.main_vpc"
          ]
        }
      ]
    },
    {
      "module": "module.aws-vpc",
      "mode": "managed",
      "type": "aws_default_security_group",
      "name": "default",
      "provider": "provider[\"registry.terraform.io/hashicorp/aws\"]",
      "instances": [
        {
          "schema_version": 1,
          "attributes": {
            "arn": "arn:aws:ec2:us-east-1:637423499518:security-group/sg-088a8e1d3176e9993",
            "description": "default VPC security group",
            "egress": [],
            "id": "sg-088a8e1d3176e9993",
            "ingress": [],
            "name": "default",
            "name_prefix": "",
            "owner_id": "637423499518",
            "revoke_rules_on_delete": false,
            "tags": {},
            "tags_all": {},
            "vpc_id": "vpc-0046178b3ec1328bd"
          },
          "sensitive_attributes": [],
          "private": "eyJzY2hlbWFfdmVyc2lvbiI6IjEifQ==",
          "dependencies": [
            "module.aws-vpc.aws_vpc.main_vpc"
          ]
        }
      ]
    },
    {
      "module": "module.aws-vpc",
      "mode": "managed",
      "type": "aws_eip",
      "name": "bastion_eip",
      "provider": "provider[\"registry.terraform.io/hashicorp/aws\"]",
      "instances": [
        {
          "schema_version": 0,
          "attributes": {
            "address": null,
            "allocation_id": "eipalloc-082fb8ce15cb3b7e6",
            "arn": "arn:aws:ec2:us-east-1:637423499518:elastic-ip/eipalloc-082fb8ce15cb3b7e6",
            "associate_with_private_ip": null,
            "association_id": "",
            "carrier_ip": "",
            "customer_owned_ip": "",
            "customer_owned_ipv4_pool": "",
            "domain": "vpc",
            "id": "eipalloc-082fb8ce15cb3b7e6",
            "instance": "",
            "ipam_pool_id": null,
            "network_border_group": "us-east-1",
            "network_interface": "",
            "private_dns": null,
            "private_ip": "",
            "ptr_record": "",
            "public_dns": "ec2-34-233-174-217.compute-1.amazonaws.com",
            "public_ip": "34.233.174.217",
            "public_ipv4_pool": "amazon",
            "tags": {
              "Environment": "Development",
              "Name": "due1-bastion-eip",
              "Terraform": "True"
            },
            "tags_all": {
              "Environment": "Development",
              "Name": "due1-bastion-eip",
              "Terraform": "True"
            },
            "timeouts": null,
            "vpc": true
          },
          "sensitive_attributes": [],
          "private": "eyJlMmJmYjczMC1lY2FhLTExZTYtOGY4OC0zNDM2M2JjN2M0YzAiOnsiZGVsZXRlIjoxODAwMDAwMDAwMDAsInJlYWQiOjkwMDAwMDAwMDAwMCwidXBkYXRlIjozMDAwMDAwMDAwMDB9fQ=="
        }
      ]
    },
    {
      "module": "module.aws-vpc",
      "mode": "managed",
      "type": "aws_eip",
      "name": "nat_eip",
      "provider": "provider[\"registry.terraform.io/hashicorp/aws\"]",
      "instances": [
        {
          "schema_version": 0,
          "attributes": {
            "address": null,
            "allocation_id": "eipalloc-02cc5bc6b81a76188",
            "arn": "arn:aws:ec2:us-east-1:637423499518:elastic-ip/eipalloc-02cc5bc6b81a76188",
            "associate_with_private_ip": null,
            "association_id": "eipassoc-0bf3563be6c05677f",
            "carrier_ip": "",
            "customer_owned_ip": "",
            "customer_owned_ipv4_pool": "",
            "domain": "vpc",
            "id": "eipalloc-02cc5bc6b81a76188",
            "instance": "",
            "ipam_pool_id": null,
            "network_border_group": "us-east-1",
            "network_interface": "eni-0be8e22937f76694d",
            "private_dns": "ip-10-0-10-190.ec2.internal",
            "private_ip": "10.0.10.190",
            "ptr_record": "",
            "public_dns": "ec2-3-231-63-199.compute-1.amazonaws.com",
            "public_ip": "3.231.63.199",
            "public_ipv4_pool": "amazon",
            "tags": {
              "Environment": "Development",
              "Name": "due1-nat-eip",
              "Terraform": "True"
            },
            "tags_all": {
              "Environment": "Development",
              "Name": "due1-nat-eip",
              "Terraform": "True"
            },
            "timeouts": null,
            "vpc": true
          },
          "sensitive_attributes": [],
          "private": "eyJlMmJmYjczMC1lY2FhLTExZTYtOGY4OC0zNDM2M2JjN2M0YzAiOnsiZGVsZXRlIjoxODAwMDAwMDAwMDAsInJlYWQiOjkwMDAwMDAwMDAwMCwidXBkYXRlIjozMDAwMDAwMDAwMDB9fQ=="
        }
      ]
    },
    {
      "module": "module.aws-vpc",
      "mode": "managed",
      "type": "aws_internet_gateway",
      "name": "public-gateway",
      "provider": "provider[\"registry.terraform.io/hashicorp/aws\"]",
      "instances": [
        {
          "schema_version": 0,
          "attributes": {
            "arn": "arn:aws:ec2:us-east-1:637423499518:internet-gateway/igw-0b317c3a3ae3294ce",
            "id": "igw-0b317c3a3ae3294ce",
            "owner_id": "637423499518",
            "tags": {
              "Environment": "Development",
              "Name": "due1-main-igw",
              "Terraform": "True"
            },
            "tags_all": {
              "Environment": "Development",
              "Name": "due1-main-igw",
              "Terraform": "True"
            },
            "timeouts": null,
            "vpc_id": "vpc-0046178b3ec1328bd"
          },
          "sensitive_attributes": [],
          "private": "eyJlMmJmYjczMC1lY2FhLTExZTYtOGY4OC0zNDM2M2JjN2M0YzAiOnsiY3JlYXRlIjoxMjAwMDAwMDAwMDAwLCJkZWxldGUiOjEyMDAwMDAwMDAwMDAsInVwZGF0ZSI6MTIwMDAwMDAwMDAwMH19",
          "dependencies": [
            "module.aws-vpc.aws_vpc.main_vpc"
          ]
        }
      ]
    },
    {
      "module": "module.aws-vpc",
      "mode": "managed",
      "type": "aws_nat_gateway",
      "name": "main_nat",
      "provider": "provider[\"registry.terraform.io/hashicorp/aws\"]",
      "instances": [
        {
          "schema_version": 0,
          "attributes": {
            "allocation_id": "eipalloc-02cc5bc6b81a76188",
            "association_id": "eipassoc-0bf3563be6c05677f",
            "connectivity_type": "public",
            "id": "nat-09a8c801992c6aead",
            "network_interface_id": "eni-0be8e22937f76694d",
            "private_ip": "10.0.10.190",
            "public_ip": "3.231.63.199",
            "secondary_allocation_ids": [],
            "secondary_private_ip_address_count": 0,
            "secondary_private_ip_addresses": [],
            "subnet_id": "subnet-02eea83a4b8e924ed",
            "tags": {
              "Environment": "Development",
              "Name": "due1-main-nat-gateway",
              "Terraform": "True"
            },
            "tags_all": {
              "Environment": "Development",
              "Name": "due1-main-nat-gateway",
              "Terraform": "True"
            },
            "timeouts": null
          },
          "sensitive_attributes": [],
          "private": "eyJlMmJmYjczMC1lY2FhLTExZTYtOGY4OC0zNDM2M2JjN2M0YzAiOnsiY3JlYXRlIjo2MDAwMDAwMDAwMDAsImRlbGV0ZSI6MTgwMDAwMDAwMDAwMCwidXBkYXRlIjo2MDAwMDAwMDAwMDB9fQ==",
          "dependencies": [
            "module.aws-vpc.aws_eip.nat_eip",
            "module.aws-vpc.aws_subnet.public_subnets",
            "module.aws-vpc.aws_vpc.main_vpc"
          ]
        }
      ]
    },
    {
      "module": "module.aws-vpc",
      "mode": "managed",
      "type": "aws_route_table",
      "name": "private_route_table",
      "provider": "provider[\"registry.terraform.io/hashicorp/aws\"]",
      "instances": [
        {
          "schema_version": 0,
          "attributes": {
            "arn": "arn:aws:ec2:us-east-1:637423499518:route-table/rtb-0873eef3304c0f376",
            "id": "rtb-0873eef3304c0f376",
            "owner_id": "637423499518",
            "propagating_vgws": [],
            "route": [
              {
                "carrier_gateway_id": "",
                "cidr_block": "0.0.0.0/0",
                "core_network_arn": "",
                "destination_prefix_list_id": "",
                "egress_only_gateway_id": "",
                "gateway_id": "",
                "ipv6_cidr_block": "",
                "local_gateway_id": "",
                "nat_gateway_id": "nat-09a8c801992c6aead",
                "network_interface_id": "",
                "transit_gateway_id": "",
                "vpc_endpoint_id": "",
                "vpc_peering_connection_id": ""
              }
            ],
            "tags": {
              "Environment": "Development",
              "Name": "due1-pri-route-table",
              "Terraform": "True"
            },
            "tags_all": {
              "Environment": "Development",
              "Name": "due1-pri-route-table",
              "Terraform": "True"
            },
            "timeouts": null,
            "vpc_id": "vpc-0046178b3ec1328bd"
          },
          "sensitive_attributes": [],
          "private": "eyJlMmJmYjczMC1lY2FhLTExZTYtOGY4OC0zNDM2M2JjN2M0YzAiOnsiY3JlYXRlIjozMDAwMDAwMDAwMDAsImRlbGV0ZSI6MzAwMDAwMDAwMDAwLCJ1cGRhdGUiOjEyMDAwMDAwMDAwMH19",
          "dependencies": [
            "module.aws-vpc.aws_eip.nat_eip",
            "module.aws-vpc.aws_nat_gateway.main_nat",
            "module.aws-vpc.aws_subnet.public_subnets",
            "module.aws-vpc.aws_vpc.main_vpc"
          ]
        }
      ]
    },
    {
      "module": "module.aws-vpc",
      "mode": "managed",
      "type": "aws_route_table",
      "name": "public_route_table",
      "provider": "provider[\"registry.terraform.io/hashicorp/aws\"]",
      "instances": [
        {
          "schema_version": 0,
          "attributes": {
            "arn": "arn:aws:ec2:us-east-1:637423499518:route-table/rtb-0c662d258fa3642d8",
            "id": "rtb-0c662d258fa3642d8",
            "owner_id": "637423499518",
            "propagating_vgws": [],
            "route": [
              {
                "carrier_gateway_id": "",
                "cidr_block": "0.0.0.0/0",
                "core_network_arn": "",
                "destination_prefix_list_id": "",
                "egress_only_gateway_id": "",
                "gateway_id": "igw-0b317c3a3ae3294ce",
                "ipv6_cidr_block": "",
                "local_gateway_id": "",
                "nat_gateway_id": "",
                "network_interface_id": "",
                "transit_gateway_id": "",
                "vpc_endpoint_id": "",
                "vpc_peering_connection_id": ""
              }
            ],
            "tags": {
              "Environment": "Development",
              "Name": "due1-pub-route-table",
              "Terraform": "True"
            },
            "tags_all": {
              "Environment": "Development",
              "Name": "due1-pub-route-table",
              "Terraform": "True"
            },
            "timeouts": null,
            "vpc_id": "vpc-0046178b3ec1328bd"
          },
          "sensitive_attributes": [],
          "private": "eyJlMmJmYjczMC1lY2FhLTExZTYtOGY4OC0zNDM2M2JjN2M0YzAiOnsiY3JlYXRlIjozMDAwMDAwMDAwMDAsImRlbGV0ZSI6MzAwMDAwMDAwMDAwLCJ1cGRhdGUiOjEyMDAwMDAwMDAwMH19",
          "dependencies": [
            "module.aws-vpc.aws_internet_gateway.public-gateway",
            "module.aws-vpc.aws_vpc.main_vpc"
          ]
        }
      ]
    },
    {
      "module": "module.aws-vpc",
      "mode": "managed",
      "type": "aws_route_table_association",
      "name": "pri_association",
      "provider": "provider[\"registry.terraform.io/hashicorp/aws\"]",
      "instances": [
        {
          "index_key": 0,
          "schema_version": 0,
          "attributes": {
            "gateway_id": "",
            "id": "rtbassoc-0148833fe7f7ae02b",
            "route_table_id": "rtb-0873eef3304c0f376",
            "subnet_id": "subnet-0ac6a60c4ac10b7f7",
            "timeouts": null
          },
          "sensitive_attributes": [],
          "private": "eyJlMmJmYjczMC1lY2FhLTExZTYtOGY4OC0zNDM2M2JjN2M0YzAiOnsiY3JlYXRlIjozMDAwMDAwMDAwMDAsImRlbGV0ZSI6MzAwMDAwMDAwMDAwLCJ1cGRhdGUiOjEyMDAwMDAwMDAwMH19",
          "dependencies": [
            "module.aws-vpc.aws_eip.nat_eip",
            "module.aws-vpc.aws_nat_gateway.main_nat",
            "module.aws-vpc.aws_route_table.private_route_table",
            "module.aws-vpc.aws_subnet.private_subnets",
            "module.aws-vpc.aws_subnet.public_subnets",
            "module.aws-vpc.aws_vpc.main_vpc"
          ]
        },
        {
          "index_key": 1,
          "schema_version": 0,
          "attributes": {
            "gateway_id": "",
            "id": "rtbassoc-00e356b5cd24ed939",
            "route_table_id": "rtb-0873eef3304c0f376",
            "subnet_id": "subnet-07de34901163e57ab",
            "timeouts": null
          },
          "sensitive_attributes": [],
          "private": "eyJlMmJmYjczMC1lY2FhLTExZTYtOGY4OC0zNDM2M2JjN2M0YzAiOnsiY3JlYXRlIjozMDAwMDAwMDAwMDAsImRlbGV0ZSI6MzAwMDAwMDAwMDAwLCJ1cGRhdGUiOjEyMDAwMDAwMDAwMH19",
          "dependencies": [
            "module.aws-vpc.aws_eip.nat_eip",
            "module.aws-vpc.aws_nat_gateway.main_nat",
            "module.aws-vpc.aws_route_table.private_route_table",
            "module.aws-vpc.aws_subnet.private_subnets",
            "module.aws-vpc.aws_subnet.public_subnets",
            "module.aws-vpc.aws_vpc.main_vpc"
          ]
        },
        {
          "index_key": 2,
          "schema_version": 0,
          "attributes": {
            "gateway_id": "",
            "id": "rtbassoc-0c812d3c0165e8fad",
            "route_table_id": "rtb-0873eef3304c0f376",
            "subnet_id": "subnet-00a612e23eb7438aa",
            "timeouts": null
          },
          "sensitive_attributes": [],
          "private": "eyJlMmJmYjczMC1lY2FhLTExZTYtOGY4OC0zNDM2M2JjN2M0YzAiOnsiY3JlYXRlIjozMDAwMDAwMDAwMDAsImRlbGV0ZSI6MzAwMDAwMDAwMDAwLCJ1cGRhdGUiOjEyMDAwMDAwMDAwMH19",
          "dependencies": [
            "module.aws-vpc.aws_eip.nat_eip",
            "module.aws-vpc.aws_nat_gateway.main_nat",
            "module.aws-vpc.aws_route_table.private_route_table",
            "module.aws-vpc.aws_subnet.private_subnets",
            "module.aws-vpc.aws_subnet.public_subnets",
            "module.aws-vpc.aws_vpc.main_vpc"
          ]
        }
      ]
    },
    {
      "module": "module.aws-vpc",
      "mode": "managed",
      "type": "aws_route_table_association",
      "name": "pub_association",
      "provider": "provider[\"registry.terraform.io/hashicorp/aws\"]",
      "instances": [
        {
          "index_key": 0,
          "schema_version": 0,
          "attributes": {
            "gateway_id": "",
            "id": "rtbassoc-025b91f5becdf9526",
            "route_table_id": "rtb-0c662d258fa3642d8",
            "subnet_id": "subnet-02eea83a4b8e924ed",
            "timeouts": null
          },
          "sensitive_attributes": [],
          "private": "eyJlMmJmYjczMC1lY2FhLTExZTYtOGY4OC0zNDM2M2JjN2M0YzAiOnsiY3JlYXRlIjozMDAwMDAwMDAwMDAsImRlbGV0ZSI6MzAwMDAwMDAwMDAwLCJ1cGRhdGUiOjEyMDAwMDAwMDAwMH19",
          "dependencies": [
            "module.aws-vpc.aws_internet_gateway.public-gateway",
            "module.aws-vpc.aws_route_table.public_route_table",
            "module.aws-vpc.aws_subnet.public_subnets",
            "module.aws-vpc.aws_vpc.main_vpc"
          ]
        },
        {
          "index_key": 1,
          "schema_version": 0,
          "attributes": {
            "gateway_id": "",
            "id": "rtbassoc-0dda3faf76548ee8e",
            "route_table_id": "rtb-0c662d258fa3642d8",
            "subnet_id": "subnet-0b487a8722ea5e691",
            "timeouts": null
          },
          "sensitive_attributes": [],
          "private": "eyJlMmJmYjczMC1lY2FhLTExZTYtOGY4OC0zNDM2M2JjN2M0YzAiOnsiY3JlYXRlIjozMDAwMDAwMDAwMDAsImRlbGV0ZSI6MzAwMDAwMDAwMDAwLCJ1cGRhdGUiOjEyMDAwMDAwMDAwMH19",
          "dependencies": [
            "module.aws-vpc.aws_internet_gateway.public-gateway",
            "module.aws-vpc.aws_route_table.public_route_table",
            "module.aws-vpc.aws_subnet.public_subnets",
            "module.aws-vpc.aws_vpc.main_vpc"
          ]
        },
        {
          "index_key": 2,
          "schema_version": 0,
          "attributes": {
            "gateway_id": "",
            "id": "rtbassoc-0b45dce6e483dd500",
            "route_table_id": "rtb-0c662d258fa3642d8",
            "subnet_id": "subnet-0d5eebd7a4372081d",
            "timeouts": null
          },
          "sensitive_attributes": [],
          "private": "eyJlMmJmYjczMC1lY2FhLTExZTYtOGY4OC0zNDM2M2JjN2M0YzAiOnsiY3JlYXRlIjozMDAwMDAwMDAwMDAsImRlbGV0ZSI6MzAwMDAwMDAwMDAwLCJ1cGRhdGUiOjEyMDAwMDAwMDAwMH19",
          "dependencies": [
            "module.aws-vpc.aws_internet_gateway.public-gateway",
            "module.aws-vpc.aws_route_table.public_route_table",
            "module.aws-vpc.aws_subnet.public_subnets",
            "module.aws-vpc.aws_vpc.main_vpc"
          ]
        }
      ]
    },
    {
      "module": "module.aws-vpc",
      "mode": "managed",
      "type": "aws_subnet",
      "name": "database_subnets",
      "provider": "provider[\"registry.terraform.io/hashicorp/aws\"]",
      "instances": [
        {
          "index_key": 0,
          "schema_version": 1,
          "attributes": {
            "arn": "arn:aws:ec2:us-east-1:637423499518:subnet/subnet-0def388bf0e4c48fe",
            "assign_ipv6_address_on_creation": false,
            "availability_zone": "us-east-1a",
            "availability_zone_id": "use1-az4",
            "cidr_block": "10.0.12.0/24",
            "customer_owned_ipv4_pool": "",
            "enable_dns64": false,
            "enable_lni_at_device_index": 0,
            "enable_resource_name_dns_a_record_on_launch": false,
            "enable_resource_name_dns_aaaa_record_on_launch": false,
            "id": "subnet-0def388bf0e4c48fe",
            "ipv6_cidr_block": "",
            "ipv6_cidr_block_association_id": "",
            "ipv6_native": false,
            "map_customer_owned_ip_on_launch": false,
            "map_public_ip_on_launch": false,
            "outpost_arn": "",
            "owner_id": "637423499518",
            "private_dns_hostname_type_on_launch": "ip-name",
            "tags": {
              "Environment": "Development",
              "Name": "due1-db-subnet-001",
              "Terraform": "True"
            },
            "tags_all": {
              "Environment": "Development",
              "Name": "due1-db-subnet-001",
              "Terraform": "True"
            },
            "timeouts": null,
            "vpc_id": "vpc-0046178b3ec1328bd"
          },
          "sensitive_attributes": [],
          "private": "eyJlMmJmYjczMC1lY2FhLTExZTYtOGY4OC0zNDM2M2JjN2M0YzAiOnsiY3JlYXRlIjo2MDAwMDAwMDAwMDAsImRlbGV0ZSI6MTIwMDAwMDAwMDAwMH0sInNjaGVtYV92ZXJzaW9uIjoiMSJ9",
          "dependencies": [
            "module.aws-vpc.aws_vpc.main_vpc"
          ]
        },
        {
          "index_key": 1,
          "schema_version": 1,
          "attributes": {
            "arn": "arn:aws:ec2:us-east-1:637423499518:subnet/subnet-01980b03f7f17062f",
            "assign_ipv6_address_on_creation": false,
            "availability_zone": "us-east-1b",
            "availability_zone_id": "use1-az6",
            "cidr_block": "10.0.22.0/24",
            "customer_owned_ipv4_pool": "",
            "enable_dns64": false,
            "enable_lni_at_device_index": 0,
            "enable_resource_name_dns_a_record_on_launch": false,
            "enable_resource_name_dns_aaaa_record_on_launch": false,
            "id": "subnet-01980b03f7f17062f",
            "ipv6_cidr_block": "",
            "ipv6_cidr_block_association_id": "",
            "ipv6_native": false,
            "map_customer_owned_ip_on_launch": false,
            "map_public_ip_on_launch": false,
            "outpost_arn": "",
            "owner_id": "637423499518",
            "private_dns_hostname_type_on_launch": "ip-name",
            "tags": {
              "Environment": "Development",
              "Name": "due1-db-subnet-002",
              "Terraform": "True"
            },
            "tags_all": {
              "Environment": "Development",
              "Name": "due1-db-subnet-002",
              "Terraform": "True"
            },
            "timeouts": null,
            "vpc_id": "vpc-0046178b3ec1328bd"
          },
          "sensitive_attributes": [],
          "private": "eyJlMmJmYjczMC1lY2FhLTExZTYtOGY4OC0zNDM2M2JjN2M0YzAiOnsiY3JlYXRlIjo2MDAwMDAwMDAwMDAsImRlbGV0ZSI6MTIwMDAwMDAwMDAwMH0sInNjaGVtYV92ZXJzaW9uIjoiMSJ9",
          "dependencies": [
            "module.aws-vpc.aws_vpc.main_vpc"
          ]
        },
        {
          "index_key": 2,
          "schema_version": 1,
          "attributes": {
            "arn": "arn:aws:ec2:us-east-1:637423499518:subnet/subnet-02551c2c37e033c49",
            "assign_ipv6_address_on_creation": false,
            "availability_zone": "us-east-1c",
            "availability_zone_id": "use1-az1",
            "cidr_block": "10.0.32.0/24",
            "customer_owned_ipv4_pool": "",
            "enable_dns64": false,
            "enable_lni_at_device_index": 0,
            "enable_resource_name_dns_a_record_on_launch": false,
            "enable_resource_name_dns_aaaa_record_on_launch": false,
            "id": "subnet-02551c2c37e033c49",
            "ipv6_cidr_block": "",
            "ipv6_cidr_block_association_id": "",
            "ipv6_native": false,
            "map_customer_owned_ip_on_launch": false,
            "map_public_ip_on_launch": false,
            "outpost_arn": "",
            "owner_id": "637423499518",
            "private_dns_hostname_type_on_launch": "ip-name",
            "tags": {
              "Environment": "Development",
              "Name": "due1-db-subnet-003",
              "Terraform": "True"
            },
            "tags_all": {
              "Environment": "Development",
              "Name": "due1-db-subnet-003",
              "Terraform": "True"
            },
            "timeouts": null,
            "vpc_id": "vpc-0046178b3ec1328bd"
          },
          "sensitive_attributes": [],
          "private": "eyJlMmJmYjczMC1lY2FhLTExZTYtOGY4OC0zNDM2M2JjN2M0YzAiOnsiY3JlYXRlIjo2MDAwMDAwMDAwMDAsImRlbGV0ZSI6MTIwMDAwMDAwMDAwMH0sInNjaGVtYV92ZXJzaW9uIjoiMSJ9",
          "dependencies": [
            "module.aws-vpc.aws_vpc.main_vpc"
          ]
        }
      ]
    },
    {
      "module": "module.aws-vpc",
      "mode": "managed",
      "type": "aws_subnet",
      "name": "private_subnets",
      "provider": "provider[\"registry.terraform.io/hashicorp/aws\"]",
      "instances": [
        {
          "index_key": 0,
          "schema_version": 1,
          "attributes": {
            "arn": "arn:aws:ec2:us-east-1:637423499518:subnet/subnet-0ac6a60c4ac10b7f7",
            "assign_ipv6_address_on_creation": false,
            "availability_zone": "us-east-1a",
            "availability_zone_id": "use1-az4",
            "cidr_block": "10.0.11.0/24",
            "customer_owned_ipv4_pool": "",
            "enable_dns64": false,
            "enable_lni_at_device_index": 0,
            "enable_resource_name_dns_a_record_on_launch": false,
            "enable_resource_name_dns_aaaa_record_on_launch": false,
            "id": "subnet-0ac6a60c4ac10b7f7",
            "ipv6_cidr_block": "",
            "ipv6_cidr_block_association_id": "",
            "ipv6_native": false,
            "map_customer_owned_ip_on_launch": false,
            "map_public_ip_on_launch": false,
            "outpost_arn": "",
            "owner_id": "637423499518",
            "private_dns_hostname_type_on_launch": "ip-name",
            "tags": {
              "Environment": "Development",
              "Name": "due1-pri-subnet-001",
              "Terraform": "True"
            },
            "tags_all": {
              "Environment": "Development",
              "Name": "due1-pri-subnet-001",
              "Terraform": "True"
            },
            "timeouts": null,
            "vpc_id": "vpc-0046178b3ec1328bd"
          },
          "sensitive_attributes": [],
          "private": "eyJlMmJmYjczMC1lY2FhLTExZTYtOGY4OC0zNDM2M2JjN2M0YzAiOnsiY3JlYXRlIjo2MDAwMDAwMDAwMDAsImRlbGV0ZSI6MTIwMDAwMDAwMDAwMH0sInNjaGVtYV92ZXJzaW9uIjoiMSJ9",
          "dependencies": [
            "module.aws-vpc.aws_vpc.main_vpc"
          ]
        },
        {
          "index_key": 1,
          "schema_version": 1,
          "attributes": {
            "arn": "arn:aws:ec2:us-east-1:637423499518:subnet/subnet-07de34901163e57ab",
            "assign_ipv6_address_on_creation": false,
            "availability_zone": "us-east-1b",
            "availability_zone_id": "use1-az6",
            "cidr_block": "10.0.21.0/24",
            "customer_owned_ipv4_pool": "",
            "enable_dns64": false,
            "enable_lni_at_device_index": 0,
            "enable_resource_name_dns_a_record_on_launch": false,
            "enable_resource_name_dns_aaaa_record_on_launch": false,
            "id": "subnet-07de34901163e57ab",
            "ipv6_cidr_block": "",
            "ipv6_cidr_block_association_id": "",
            "ipv6_native": false,
            "map_customer_owned_ip_on_launch": false,
            "map_public_ip_on_launch": false,
            "outpost_arn": "",
            "owner_id": "637423499518",
            "private_dns_hostname_type_on_launch": "ip-name",
            "tags": {
              "Environment": "Development",
              "Name": "due1-pri-subnet-002",
              "Terraform": "True"
            },
            "tags_all": {
              "Environment": "Development",
              "Name": "due1-pri-subnet-002",
              "Terraform": "True"
            },
            "timeouts": null,
            "vpc_id": "vpc-0046178b3ec1328bd"
          },
          "sensitive_attributes": [],
          "private": "eyJlMmJmYjczMC1lY2FhLTExZTYtOGY4OC0zNDM2M2JjN2M0YzAiOnsiY3JlYXRlIjo2MDAwMDAwMDAwMDAsImRlbGV0ZSI6MTIwMDAwMDAwMDAwMH0sInNjaGVtYV92ZXJzaW9uIjoiMSJ9",
          "dependencies": [
            "module.aws-vpc.aws_vpc.main_vpc"
          ]
        },
        {
          "index_key": 2,
          "schema_version": 1,
          "attributes": {
            "arn": "arn:aws:ec2:us-east-1:637423499518:subnet/subnet-00a612e23eb7438aa",
            "assign_ipv6_address_on_creation": false,
            "availability_zone": "us-east-1c",
            "availability_zone_id": "use1-az1",
            "cidr_block": "10.0.31.0/24",
            "customer_owned_ipv4_pool": "",
            "enable_dns64": false,
            "enable_lni_at_device_index": 0,
            "enable_resource_name_dns_a_record_on_launch": false,
            "enable_resource_name_dns_aaaa_record_on_launch": false,
            "id": "subnet-00a612e23eb7438aa",
            "ipv6_cidr_block": "",
            "ipv6_cidr_block_association_id": "",
            "ipv6_native": false,
            "map_customer_owned_ip_on_launch": false,
            "map_public_ip_on_launch": false,
            "outpost_arn": "",
            "owner_id": "637423499518",
            "private_dns_hostname_type_on_launch": "ip-name",
            "tags": {
              "Environment": "Development",
              "Name": "due1-pri-subnet-003",
              "Terraform": "True"
            },
            "tags_all": {
              "Environment": "Development",
              "Name": "due1-pri-subnet-003",
              "Terraform": "True"
            },
            "timeouts": null,
            "vpc_id": "vpc-0046178b3ec1328bd"
          },
          "sensitive_attributes": [],
          "private": "eyJlMmJmYjczMC1lY2FhLTExZTYtOGY4OC0zNDM2M2JjN2M0YzAiOnsiY3JlYXRlIjo2MDAwMDAwMDAwMDAsImRlbGV0ZSI6MTIwMDAwMDAwMDAwMH0sInNjaGVtYV92ZXJzaW9uIjoiMSJ9",
          "dependencies": [
            "module.aws-vpc.aws_vpc.main_vpc"
          ]
        }
      ]
    },
    {
      "module": "module.aws-vpc",
      "mode": "managed",
      "type": "aws_subnet",
      "name": "public_subnets",
      "provider": "provider[\"registry.terraform.io/hashicorp/aws\"]",
      "instances": [
        {
          "index_key": 0,
          "schema_version": 1,
          "attributes": {
            "arn": "arn:aws:ec2:us-east-1:637423499518:subnet/subnet-02eea83a4b8e924ed",
            "assign_ipv6_address_on_creation": false,
            "availability_zone": "us-east-1a",
            "availability_zone_id": "use1-az4",
            "cidr_block": "10.0.10.0/24",
            "customer_owned_ipv4_pool": "",
            "enable_dns64": false,
            "enable_lni_at_device_index": 0,
            "enable_resource_name_dns_a_record_on_launch": false,
            "enable_resource_name_dns_aaaa_record_on_launch": false,
            "id": "subnet-02eea83a4b8e924ed",
            "ipv6_cidr_block": "",
            "ipv6_cidr_block_association_id": "",
            "ipv6_native": false,
            "map_customer_owned_ip_on_launch": false,
            "map_public_ip_on_launch": false,
            "outpost_arn": "",
            "owner_id": "637423499518",
            "private_dns_hostname_type_on_launch": "ip-name",
            "tags": {
              "Environment": "Development",
              "Name": "due1-pub-subnet-001",
              "Terraform": "True"
            },
            "tags_all": {
              "Environment": "Development",
              "Name": "due1-pub-subnet-001",
              "Terraform": "True"
            },
            "timeouts": null,
            "vpc_id": "vpc-0046178b3ec1328bd"
          },
          "sensitive_attributes": [],
          "private": "eyJlMmJmYjczMC1lY2FhLTExZTYtOGY4OC0zNDM2M2JjN2M0YzAiOnsiY3JlYXRlIjo2MDAwMDAwMDAwMDAsImRlbGV0ZSI6MTIwMDAwMDAwMDAwMH0sInNjaGVtYV92ZXJzaW9uIjoiMSJ9",
          "dependencies": [
            "module.aws-vpc.aws_vpc.main_vpc"
          ]
        },
        {
          "index_key": 1,
          "schema_version": 1,
          "attributes": {
            "arn": "arn:aws:ec2:us-east-1:637423499518:subnet/subnet-0b487a8722ea5e691",
            "assign_ipv6_address_on_creation": false,
            "availability_zone": "us-east-1b",
            "availability_zone_id": "use1-az6",
            "cidr_block": "10.0.20.0/24",
            "customer_owned_ipv4_pool": "",
            "enable_dns64": false,
            "enable_lni_at_device_index": 0,
            "enable_resource_name_dns_a_record_on_launch": false,
            "enable_resource_name_dns_aaaa_record_on_launch": false,
            "id": "subnet-0b487a8722ea5e691",
            "ipv6_cidr_block": "",
            "ipv6_cidr_block_association_id": "",
            "ipv6_native": false,
            "map_customer_owned_ip_on_launch": false,
            "map_public_ip_on_launch": false,
            "outpost_arn": "",
            "owner_id": "637423499518",
            "private_dns_hostname_type_on_launch": "ip-name",
            "tags": {
              "Environment": "Development",
              "Name": "due1-pub-subnet-002",
              "Terraform": "True"
            },
            "tags_all": {
              "Environment": "Development",
              "Name": "due1-pub-subnet-002",
              "Terraform": "True"
            },
            "timeouts": null,
            "vpc_id": "vpc-0046178b3ec1328bd"
          },
          "sensitive_attributes": [],
          "private": "eyJlMmJmYjczMC1lY2FhLTExZTYtOGY4OC0zNDM2M2JjN2M0YzAiOnsiY3JlYXRlIjo2MDAwMDAwMDAwMDAsImRlbGV0ZSI6MTIwMDAwMDAwMDAwMH0sInNjaGVtYV92ZXJzaW9uIjoiMSJ9",
          "dependencies": [
            "module.aws-vpc.aws_vpc.main_vpc"
          ]
        },
        {
          "index_key": 2,
          "schema_version": 1,
          "attributes": {
            "arn": "arn:aws:ec2:us-east-1:637423499518:subnet/subnet-0d5eebd7a4372081d",
            "assign_ipv6_address_on_creation": false,
            "availability_zone": "us-east-1c",
            "availability_zone_id": "use1-az1",
            "cidr_block": "10.0.30.0/24",
            "customer_owned_ipv4_pool": "",
            "enable_dns64": false,
            "enable_lni_at_device_index": 0,
            "enable_resource_name_dns_a_record_on_launch": false,
            "enable_resource_name_dns_aaaa_record_on_launch": false,
            "id": "subnet-0d5eebd7a4372081d",
            "ipv6_cidr_block": "",
            "ipv6_cidr_block_association_id": "",
            "ipv6_native": false,
            "map_customer_owned_ip_on_launch": false,
            "map_public_ip_on_launch": false,
            "outpost_arn": "",
            "owner_id": "637423499518",
            "private_dns_hostname_type_on_launch": "ip-name",
            "tags": {
              "Environment": "Development",
              "Name": "due1-pub-subnet-003",
              "Terraform": "True"
            },
            "tags_all": {
              "Environment": "Development",
              "Name": "due1-pub-subnet-003",
              "Terraform": "True"
            },
            "timeouts": null,
            "vpc_id": "vpc-0046178b3ec1328bd"
          },
          "sensitive_attributes": [],
          "private": "eyJlMmJmYjczMC1lY2FhLTExZTYtOGY4OC0zNDM2M2JjN2M0YzAiOnsiY3JlYXRlIjo2MDAwMDAwMDAwMDAsImRlbGV0ZSI6MTIwMDAwMDAwMDAwMH0sInNjaGVtYV92ZXJzaW9uIjoiMSJ9",
          "dependencies": [
            "module.aws-vpc.aws_vpc.main_vpc"
          ]
        }
      ]
    },
    {
      "module": "module.aws-vpc",
      "mode": "managed",
      "type": "aws_vpc",
      "name": "main_vpc",
      "provider": "provider[\"registry.terraform.io/hashicorp/aws\"]",
      "instances": [
        {
          "schema_version": 1,
          "attributes": {
            "arn": "arn:aws:ec2:us-east-1:637423499518:vpc/vpc-0046178b3ec1328bd",
            "assign_generated_ipv6_cidr_block": false,
            "cidr_block": "10.0.0.0/16",
            "default_network_acl_id": "acl-0ba873325fbcd3b36",
            "default_route_table_id": "rtb-0db9b1758957fb4b5",
            "default_security_group_id": "sg-088a8e1d3176e9993",
            "dhcp_options_id": "dopt-05a87793671630ca7",
            "enable_dns_hostnames": false,
            "enable_dns_support": true,
            "enable_network_address_usage_metrics": false,
            "id": "vpc-0046178b3ec1328bd",
            "instance_tenancy": "default",
            "ipv4_ipam_pool_id": null,
            "ipv4_netmask_length": null,
            "ipv6_association_id": "",
            "ipv6_cidr_block": "",
            "ipv6_cidr_block_network_border_group": "",
            "ipv6_ipam_pool_id": "",
            "ipv6_netmask_length": 0,
            "main_route_table_id": "rtb-0db9b1758957fb4b5",
            "owner_id": "637423499518",
            "tags": {
              "Environment": "Development",
              "Name": "due1-main-vpc",
              "Terraform": "True"
            },
            "tags_all": {
              "Environment": "Development",
              "Name": "due1-main-vpc",
              "Terraform": "True"
            }
          },
          "sensitive_attributes": [],
          "private": "eyJzY2hlbWFfdmVyc2lvbiI6IjEifQ=="
        }
      ]
    },
    {
      "module": "module.ssh-key",
      "mode": "managed",
      "type": "aws_key_pair",
      "name": "common_key",
      "provider": "provider[\"registry.terraform.io/hashicorp/aws\"]",
      "instances": [
        {
          "schema_version": 1,
          "attributes": {
            "arn": "arn:aws:ec2:us-east-1:637423499518:key-pair/due1-common-key",
            "fingerprint": "8c:dd:1b:ff:d7:32:5c:06:02:df:7d:38:7f:28:1c:2e",
            "id": "due1-common-key",
            "key_name": "due1-common-key",
            "key_name_prefix": "",
            "key_pair_id": "key-00bbac913503c058d",
            "key_type": "rsa",
            "public_key": "ssh-rsa AAAAB3NzaC1yc2EAAAADAQABAAACAQC/Y94AIA2pq4muVAacOXkFUB7CNKZv4bitFjSHRB2CbYy8HRECVipN9NExJ/uSRJYthX8Onad8I45/RmRvXYi34W2ZjvckNJSjm1Pkz9O0dJDM7K7/nJy3qBgOXn2QcZ9xq+iyxtHX2l1Ayl+QysZEsWV3QcWjo8KCpht0UBgRCg1mefaj7pOizudZmtVkYaO3f+vltRIcdGQDjIYqrSBo9QIKS99GQ8uLkI9EilTKm6rLkqBriwRNbPYR7K+PxUbdI/AlBC8CVyEBBNl7tmDH67IkVE59pc6zApvr3tMgorHnnk0Nir3q7YrBWZ9Zw02KP1XFYVRnEzltDx5p7Ig1AybbQIN5o23Rd1hLcJH9N4iTDE5u0cG0t7lZ353L6k+nt9uT+QEYGOIyKhA/hyNDVOaXdMGdKI7J7Job6KbjV+6+hTAU+g8vYp3Oz/hNIgntlMU74mw6pQBNTrXdaVDTycNR6uYkpDC5nDE2CRpTd3HJpinRHRnSAVehbYfs1goCwO5EIKdQLSLwvRvDzJnopo2d1h6XkjLY5Ky6Oi4dXrT73VHzqlNjItdbf+86OvogPc1nwlxCNI041erFYH0LqZ6soQu4zl1ISdOU3Yu8mowO7OM5EQ5yCejS2tz6fDGxE3IRM5YGyNgDoxOhwfIOEkRGzbH0cKuBNZqKTeJmxw==",
            "tags": {
              "Name": "due1-common-key",
              "Terraform": "True"
            },
            "tags_all": {
              "Name": "due1-common-key",
              "Terraform": "True"
            }
          },
          "sensitive_attributes": [],
          "private": "eyJzY2hlbWFfdmVyc2lvbiI6IjEifQ==",
          "dependencies": [
            "module.ssh-key.tls_private_key.ssh_key_instances"
          ]
        }
      ]
    },
    {
      "module": "module.ssh-key",
      "mode": "managed",
      "type": "tls_private_key",
      "name": "ssh_key_instances",
      "provider": "provider[\"registry.terraform.io/hashicorp/tls\"]",
      "instances": [
        {
          "schema_version": 1,
          "attributes": {
            "algorithm": "RSA",
            "ecdsa_curve": "P224",
            "id": "4b1f13c13080fd529c6e1ed6c0053c17e486430c",
            "private_key_openssh": "-----BEGIN OPENSSH PRIVATE KEY-----\nb3BlbnNzaC1rZXktdjEAAAAABG5vbmUAAAAEbm9uZQAAAAAAAAABAAACFwAAAAdz\nc2gtcnNhAAAAAwEAAQAAAgEAv2PeACANqauJrlQGnDl5BVAewjSmb+G4rRY0h0Qd\ngm2MvB0RAlYqTfTRMSf7kkSWLYV/Dp2nfCOOf0Zkb12It+FtmY73JDSUo5tT5M/T\ntHSQzOyu/5yct6gYDl59kHGfcavossbR19pdQMpfkMrGRLFld0HFo6PCgqYbdFAY\nEQoNZnn2o+6Tos7nWZrVZGGjt3/r5bUSHHRkA4yGKq0gaPUCCkvfRkPLi5CPRIpU\nypuqy5Kga4sETWz2Eeyvj8VG3SPwJQQvAlchAQTZe7Zgx+uyJFROfaXOswKb697T\nIKKx555NDYq96u2KwVmfWcNNij9VxWFUZxM5bQ8eaeyINQMm20CDeaNt0XdYS3CR\n/TeIkwxObtHBtLe5Wd+dy+pPp7fbk/kBGBjiMioQP4cjQ1Tml3TBnSiOyeyaG+im\n41fuvoUwFPoPL2Kdzs/4TSIJ7ZTFO+JsOqUATU613WlQ08nDUermJKQwuZwxNgka\nU3dxyaYp0R0Z0gFXoW2H7NYKAsDuRCCnUC0i8L0bw8yZ6KaNndYel5Iy2OSsujou\nHV60+91R86pTYyLXW3/vOjr6ID3NZ8JcQjSNONXqxWB9C6merKELuM5dSEnTlN2L\nvJqMDuzjOREOcgno0trc+nwxsRNyETOWBsjYA6MTocHyDhJERs2x9HCrgTWaik3i\nZscAAAc4sGmhPLBpoTwAAAAHc3NoLXJzYQAAAgEAv2PeACANqauJrlQGnDl5BVAe\nwjSmb+G4rRY0h0Qdgm2MvB0RAlYqTfTRMSf7kkSWLYV/Dp2nfCOOf0Zkb12It+Ft\nmY73JDSUo5tT5M/TtHSQzOyu/5yct6gYDl59kHGfcavossbR19pdQMpfkMrGRLFl\nd0HFo6PCgqYbdFAYEQoNZnn2o+6Tos7nWZrVZGGjt3/r5bUSHHRkA4yGKq0gaPUC\nCkvfRkPLi5CPRIpUypuqy5Kga4sETWz2Eeyvj8VG3SPwJQQvAlchAQTZe7Zgx+uy\nJFROfaXOswKb697TIKKx555NDYq96u2KwVmfWcNNij9VxWFUZxM5bQ8eaeyINQMm\n20CDeaNt0XdYS3CR/TeIkwxObtHBtLe5Wd+dy+pPp7fbk/kBGBjiMioQP4cjQ1Tm\nl3TBnSiOyeyaG+im41fuvoUwFPoPL2Kdzs/4TSIJ7ZTFO+JsOqUATU613WlQ08nD\nUermJKQwuZwxNgkaU3dxyaYp0R0Z0gFXoW2H7NYKAsDuRCCnUC0i8L0bw8yZ6KaN\nndYel5Iy2OSsujouHV60+91R86pTYyLXW3/vOjr6ID3NZ8JcQjSNONXqxWB9C6me\nrKELuM5dSEnTlN2LvJqMDuzjOREOcgno0trc+nwxsRNyETOWBsjYA6MTocHyDhJE\nRs2x9HCrgTWaik3iZscAAAADAQABAAACAF7IToExXpLQaPb0lfF4ZP7ElvcGrAZs\netD9VjZG/XZCWpgurOXDVmAVBiSZ8HSXkugoXKwYV4Ga+k79xW+Bmtu1wFlz++Dq\nSVJc8kc2xVlxAOT7sg7UuKgbjw5OrVCDdLsOr8cZv4JumhAkKP/D7DzIvb85y28n\nAoVBTgdkQwbtO4WskQDOfj76yIgPre5wjGur5l90NOvymDVJuogYBRz1eXUv7fsW\nSA9uIAWJnERao1L94oRf7FmLxLFLzgYdZOLPkXZDhCRckfO3Ox2RTIy1pRtoxRZk\nruDoQd+mEljvObvDIdW7CCL4UOdAQzJpDlWQ2CFP+kSxuJbSDfXXNfxu9223gJp2\nOYXPCg2zO1uJpUemnIjLUUAsWfggIUbuDtrQ454BkifD8lsIA7MpgcADW7o9Wvo2\nQChAQmGLLeB2BGmEbR5n+RIuXHt5oCQJOOQgELFRtPN8xBoYPhrcSaWw8jCPyyDN\n1LrF68halGpaNKr2y6EuOVSqSniApTDW/TF+2y6HobLmxVfc2/60JO/avvm8xdbj\nqiXxPCdgq2Di8QTaUnojpgO8T0bBB7J8jCnwI9oH/iacU8uhvVMlUMacQTko6xrc\ngzfywPcF5+Rs1tFAVHjbYkI2913QKExI/EOWgtTRFrSQmPuBdw49Is8jvR9hF3cn\nrBoY03Nc91+BAAABAQDk2EecOJvv0bbP3udS2+m9o2rojuvaxOdn/roE6a98pZdD\ntSmfXE8fTL/4b79MWhpV5M994zUfZShvhO+go36x1ye47g+AjLCK0X1P1ySqdfrJ\n31y2zLKTyxUNElZ6PVHsfkOk7CpRbs4oDHuzWbr7FJXxPmA3PR/Ity3t/OEHeqJC\n1fJFabmZJ8l3LzGNVqy8GR+aKuBWq5sodifHlJc5efSMj2jIdsOFBe++Iq2hhClo\nSHa61WHU1JSFvtRmunIiSG83b9QjVqzv+nX/ct2MMIFMVOQ8ORavMSeuYxi04nMQ\nGerLItDkhp4RmT4OJAcAY4ioAm5S8jOoGvR0PSkkAAABAQDwuMeDs4C9vPmuyHpn\n/RzeGLpLhjDFcky3HHmu0MLsQO+tuL00g8Gc8eojhq5bS3IdUNBtammK/EaAv1oP\ndBD0vijSrqZdHGxRf1yKlSvaG9ANedh7+kI5bcymxj7Vze58jvnZb2V5XSLiVvyw\nJWKD5j7vLGSRmREf0EZ8nv9AbJQzkNfqRM4R/f+ZvtPJJUVGqh6eDFgEXTmchMSk\nOAerD92bJypODd98L+rqWW2FCFI+rKaRKqTApjozjiTL2PEFO3oBydE/ZhZb4Ap6\nxxvsSGPeXQ+wGO3a2Csjj9ZtyhMQrhO5oFZ6WedNQn6jEvGDCLKp8e8h27OqpKHd\nZxSJAAABAQDLiY1XXApiqX3MGLU6O8moHf6lXQntkF9gYgfNJ1b9gc7SLZMlSPQf\n++Zjz3UtMUg/gZqpBuCw/Ro6nXjcKziUfwXSIT59dxFA1WybXXgo+Mzgy+nphOw6\na4PnKVULflY7SOcqS+WGZ76l3GIPeEc4lclYunlnIxbLs+HjnSHcrpdo2xO5EJVZ\nG3zTcm1Ee9z89LAn25L2IcWu/m8knEew2oDLq0mov56De6/PFQvXVeT+k9Vapkyq\nBhqLUo5CtIrb2rsnxiJO7vTtUCiWpT+H/+m4+jHV3DtbGNIPd9M2yPIaMD6xFQFV\nY9QQw7L1FyypYs2DKulcanL0S5DaJ2zPAAAAAAEC\n-----END OPENSSH PRIVATE KEY-----\n",
            "private_key_pem": "-----BEGIN RSA PRIVATE KEY-----\nMIIJKQIBAAKCAgEAv2PeACANqauJrlQGnDl5BVAewjSmb+G4rRY0h0Qdgm2MvB0R\nAlYqTfTRMSf7kkSWLYV/Dp2nfCOOf0Zkb12It+FtmY73JDSUo5tT5M/TtHSQzOyu\n/5yct6gYDl59kHGfcavossbR19pdQMpfkMrGRLFld0HFo6PCgqYbdFAYEQoNZnn2\no+6Tos7nWZrVZGGjt3/r5bUSHHRkA4yGKq0gaPUCCkvfRkPLi5CPRIpUypuqy5Kg\na4sETWz2Eeyvj8VG3SPwJQQvAlchAQTZe7Zgx+uyJFROfaXOswKb697TIKKx555N\nDYq96u2KwVmfWcNNij9VxWFUZxM5bQ8eaeyINQMm20CDeaNt0XdYS3CR/TeIkwxO\nbtHBtLe5Wd+dy+pPp7fbk/kBGBjiMioQP4cjQ1Tml3TBnSiOyeyaG+im41fuvoUw\nFPoPL2Kdzs/4TSIJ7ZTFO+JsOqUATU613WlQ08nDUermJKQwuZwxNgkaU3dxyaYp\n0R0Z0gFXoW2H7NYKAsDuRCCnUC0i8L0bw8yZ6KaNndYel5Iy2OSsujouHV60+91R\n86pTYyLXW3/vOjr6ID3NZ8JcQjSNONXqxWB9C6merKELuM5dSEnTlN2LvJqMDuzj\nOREOcgno0trc+nwxsRNyETOWBsjYA6MTocHyDhJERs2x9HCrgTWaik3iZscCAwEA\nAQKCAgBeyE6BMV6S0Gj29JXxeGT+xJb3BqwGbHrQ/VY2Rv12QlqYLqzlw1ZgFQYk\nmfB0l5LoKFysGFeBmvpO/cVvgZrbtcBZc/vg6klSXPJHNsVZcQDk+7IO1LioG48O\nTq1Qg3S7Dq/HGb+CbpoQJCj/w+w8yL2/OctvJwKFQU4HZEMG7TuFrJEAzn4++siI\nD63ucIxrq+ZfdDTr8pg1SbqIGAUc9Xl1L+37FkgPbiAFiZxEWqNS/eKEX+xZi8Sx\nS84GHWTiz5F2Q4QkXJHztzsdkUyMtaUbaMUWZK7g6EHfphJY7zm7wyHVuwgi+FDn\nQEMyaQ5VkNghT/pEsbiW0g311zX8bvdtt4CadjmFzwoNsztbiaVHppyIy1FALFn4\nICFG7g7a0OOeAZInw/JbCAOzKYHAA1u6PVr6NkAoQEJhiy3gdgRphG0eZ/kSLlx7\neaAkCTjkIBCxUbTzfMQaGD4a3EmlsPIwj8sgzdS6xevIWpRqWjSq9suhLjlUqkp4\ngKUw1v0xftsuh6Gy5sVX3Nv+tCTv2r75vMXW46ol8TwnYKtg4vEE2lJ6I6YDvE9G\nwQeyfIwp8CPaB/4mnFPLob1TJVDGnEE5KOsa3IM38sD3BefkbNbRQFR422JCNvdd\n0ChMSPxDloLU0Ra0kJj7gXcOPSLPI70fYRd3J6waGNNzXPdfgQKCAQEA8LjHg7OA\nvbz5rsh6Z/0c3hi6S4YwxXJMtxx5rtDC7EDvrbi9NIPBnPHqI4auW0tyHVDQbWpp\nivxGgL9aD3QQ9L4o0q6mXRxsUX9cipUr2hvQDXnYe/pCOW3MpsY+1c3ufI752W9l\neV0i4lb8sCVig+Y+7yxkkZkRH9BGfJ7/QGyUM5DX6kTOEf3/mb7TySVFRqoengxY\nBF05nITEpDgHqw/dmycqTg3ffC/q6llthQhSPqymkSqkwKY6M44ky9jxBTt6AcnR\nP2YWW+AKescb7Ehj3l0PsBjt2tgrI4/WbcoTEK4TuaBWelnnTUJ+oxLxgwiyqfHv\nIduzqqSh3WcUiQKCAQEAy4mNV1wKYql9zBi1OjvJqB3+pV0J7ZBfYGIHzSdW/YHO\n0i2TJUj0H/vmY891LTFIP4GaqQbgsP0aOp143Cs4lH8F0iE+fXcRQNVsm114KPjM\n4Mvp6YTsOmuD5ylVC35WO0jnKkvlhme+pdxiD3hHOJXJWLp5ZyMWy7Ph450h3K6X\naNsTuRCVWRt803JtRHvc/PSwJ9uS9iHFrv5vJJxHsNqAy6tJqL+eg3uvzxUL11Xk\n/pPVWqZMqgYai1KOQrSK29q7J8YiTu707VAolqU/h//puPox1dw7WxjSD3fTNsjy\nGjA+sRUBVWPUEMOy9RcsqWLNgyrpXGpy9EuQ2idszwKCAQEAoE6tr2tPBQxgSqF/\nwtiw7McS6VDIEfV4WUlBT8X+yU7FTq+EcQB9Y4NHJbl/S5UGvbcf1n3TI5e1a/AC\njeABmrs4fHWKnN9c0zk566BDv9Bd0Vufa5DRoWUZsMa8+a1WcOTWRpMExLndjVXY\nmYWMAcLHjofFwaBp4wHUrxFDcyfb2itPXtfLU/gOy9hlOcL0S4bnNOGLi/x5bV6N\nhb86fBTow3Zlme1rM0zF6KL9aGaOPubDVlFLvm/0unii0I38lDtzmNVJ4CqgITcm\nQ3VthwD+YQsgc2lmnSLwN5KGfj7gS29h+3BnprtQagcqRndLFrQoJzzSv32MPMu+\nb69B4QKCAQB3qkiKOxf0B9hpHYG3Wh1mlTP4/yluHbqljR0vFdkENMRnN9pSSoEV\nKOG8fuVSi64BgG5wwBVsmXJJUfoT3+llDQVcFKWL2GwxZQl0ktCprhWueNTusXK9\nqiajyt4wYrfKJUObz4GDsw0YsOiKVdnxv8bgPspPxAaL/xdo3iJhf9iPEnaXENPt\nzsZl/tmVMQmtQyMqW+MciKCUEQ1BRgy0QtMEa5FkADzu6tJjeuk6UkrPDhWbNTjP\nocULcp8nQsR9HC165feX1s/zknQ6la8zg1djpN2V8eSH26Ds7TMl+6CzmvfQ3xuo\nm4e7z4Mwq85bTDatzpXi+sbZMHBagmFrAoIBAQDk2EecOJvv0bbP3udS2+m9o2ro\njuvaxOdn/roE6a98pZdDtSmfXE8fTL/4b79MWhpV5M994zUfZShvhO+go36x1ye4\n7g+AjLCK0X1P1ySqdfrJ31y2zLKTyxUNElZ6PVHsfkOk7CpRbs4oDHuzWbr7FJXx\nPmA3PR/Ity3t/OEHeqJC1fJFabmZJ8l3LzGNVqy8GR+aKuBWq5sodifHlJc5efSM\nj2jIdsOFBe++Iq2hhCloSHa61WHU1JSFvtRmunIiSG83b9QjVqzv+nX/ct2MMIFM\nVOQ8ORavMSeuYxi04nMQGerLItDkhp4RmT4OJAcAY4ioAm5S8jOoGvR0PSkk\n-----END RSA PRIVATE KEY-----\n",
            "private_key_pem_pkcs8": "-----BEGIN PRIVATE KEY-----\nMIIJQwIBADANBgkqhkiG9w0BAQEFAASCCS0wggkpAgEAAoICAQC/Y94AIA2pq4mu\nVAacOXkFUB7CNKZv4bitFjSHRB2CbYy8HRECVipN9NExJ/uSRJYthX8Onad8I45/\nRmRvXYi34W2ZjvckNJSjm1Pkz9O0dJDM7K7/nJy3qBgOXn2QcZ9xq+iyxtHX2l1A\nyl+QysZEsWV3QcWjo8KCpht0UBgRCg1mefaj7pOizudZmtVkYaO3f+vltRIcdGQD\njIYqrSBo9QIKS99GQ8uLkI9EilTKm6rLkqBriwRNbPYR7K+PxUbdI/AlBC8CVyEB\nBNl7tmDH67IkVE59pc6zApvr3tMgorHnnk0Nir3q7YrBWZ9Zw02KP1XFYVRnEzlt\nDx5p7Ig1AybbQIN5o23Rd1hLcJH9N4iTDE5u0cG0t7lZ353L6k+nt9uT+QEYGOIy\nKhA/hyNDVOaXdMGdKI7J7Job6KbjV+6+hTAU+g8vYp3Oz/hNIgntlMU74mw6pQBN\nTrXdaVDTycNR6uYkpDC5nDE2CRpTd3HJpinRHRnSAVehbYfs1goCwO5EIKdQLSLw\nvRvDzJnopo2d1h6XkjLY5Ky6Oi4dXrT73VHzqlNjItdbf+86OvogPc1nwlxCNI04\n1erFYH0LqZ6soQu4zl1ISdOU3Yu8mowO7OM5EQ5yCejS2tz6fDGxE3IRM5YGyNgD\noxOhwfIOEkRGzbH0cKuBNZqKTeJmxwIDAQABAoICAF7IToExXpLQaPb0lfF4ZP7E\nlvcGrAZsetD9VjZG/XZCWpgurOXDVmAVBiSZ8HSXkugoXKwYV4Ga+k79xW+Bmtu1\nwFlz++DqSVJc8kc2xVlxAOT7sg7UuKgbjw5OrVCDdLsOr8cZv4JumhAkKP/D7DzI\nvb85y28nAoVBTgdkQwbtO4WskQDOfj76yIgPre5wjGur5l90NOvymDVJuogYBRz1\neXUv7fsWSA9uIAWJnERao1L94oRf7FmLxLFLzgYdZOLPkXZDhCRckfO3Ox2RTIy1\npRtoxRZkruDoQd+mEljvObvDIdW7CCL4UOdAQzJpDlWQ2CFP+kSxuJbSDfXXNfxu\n9223gJp2OYXPCg2zO1uJpUemnIjLUUAsWfggIUbuDtrQ454BkifD8lsIA7MpgcAD\nW7o9Wvo2QChAQmGLLeB2BGmEbR5n+RIuXHt5oCQJOOQgELFRtPN8xBoYPhrcSaWw\n8jCPyyDN1LrF68halGpaNKr2y6EuOVSqSniApTDW/TF+2y6HobLmxVfc2/60JO/a\nvvm8xdbjqiXxPCdgq2Di8QTaUnojpgO8T0bBB7J8jCnwI9oH/iacU8uhvVMlUMac\nQTko6xrcgzfywPcF5+Rs1tFAVHjbYkI2913QKExI/EOWgtTRFrSQmPuBdw49Is8j\nvR9hF3cnrBoY03Nc91+BAoIBAQDwuMeDs4C9vPmuyHpn/RzeGLpLhjDFcky3HHmu\n0MLsQO+tuL00g8Gc8eojhq5bS3IdUNBtammK/EaAv1oPdBD0vijSrqZdHGxRf1yK\nlSvaG9ANedh7+kI5bcymxj7Vze58jvnZb2V5XSLiVvywJWKD5j7vLGSRmREf0EZ8\nnv9AbJQzkNfqRM4R/f+ZvtPJJUVGqh6eDFgEXTmchMSkOAerD92bJypODd98L+rq\nWW2FCFI+rKaRKqTApjozjiTL2PEFO3oBydE/ZhZb4Ap6xxvsSGPeXQ+wGO3a2Csj\nj9ZtyhMQrhO5oFZ6WedNQn6jEvGDCLKp8e8h27OqpKHdZxSJAoIBAQDLiY1XXApi\nqX3MGLU6O8moHf6lXQntkF9gYgfNJ1b9gc7SLZMlSPQf++Zjz3UtMUg/gZqpBuCw\n/Ro6nXjcKziUfwXSIT59dxFA1WybXXgo+Mzgy+nphOw6a4PnKVULflY7SOcqS+WG\nZ76l3GIPeEc4lclYunlnIxbLs+HjnSHcrpdo2xO5EJVZG3zTcm1Ee9z89LAn25L2\nIcWu/m8knEew2oDLq0mov56De6/PFQvXVeT+k9VapkyqBhqLUo5CtIrb2rsnxiJO\n7vTtUCiWpT+H/+m4+jHV3DtbGNIPd9M2yPIaMD6xFQFVY9QQw7L1FyypYs2DKulc\nanL0S5DaJ2zPAoIBAQCgTq2va08FDGBKoX/C2LDsxxLpUMgR9XhZSUFPxf7JTsVO\nr4RxAH1jg0cluX9LlQa9tx/WfdMjl7Vr8AKN4AGauzh8dYqc31zTOTnroEO/0F3R\nW59rkNGhZRmwxrz5rVZw5NZGkwTEud2NVdiZhYwBwseOh8XBoGnjAdSvEUNzJ9va\nK09e18tT+A7L2GU5wvRLhuc04YuL/HltXo2Fvzp8FOjDdmWZ7WszTMXoov1oZo4+\n5sNWUUu+b/S6eKLQjfyUO3OY1UngKqAhNyZDdW2HAP5hCyBzaWadIvA3koZ+PuBL\nb2H7cGemu1BqBypGd0sWtCgnPNK/fYw8y75vr0HhAoIBAHeqSIo7F/QH2Gkdgbda\nHWaVM/j/KW4duqWNHS8V2QQ0xGc32lJKgRUo4bx+5VKLrgGAbnDAFWyZcklR+hPf\n6WUNBVwUpYvYbDFlCXSS0KmuFa541O6xcr2qJqPK3jBit8olQ5vPgYOzDRiw6IpV\n2fG/xuA+yk/EBov/F2jeImF/2I8SdpcQ0+3OxmX+2ZUxCa1DIypb4xyIoJQRDUFG\nDLRC0wRrkWQAPO7q0mN66TpSSs8OFZs1OM+hxQtynydCxH0cLXrl95fWz/OSdDqV\nrzODV2Ok3ZXx5IfboOztMyX7oLOa99DfG6ibh7vPgzCrzltMNq3OleL6xtkwcFqC\nYWsCggEBAOTYR5w4m+/Rts/e51Lb6b2jauiO69rE52f+ugTpr3yll0O1KZ9cTx9M\nv/hvv0xaGlXkz33jNR9lKG+E76CjfrHXJ7juD4CMsIrRfU/XJKp1+snfXLbMspPL\nFQ0SVno9Uex+Q6TsKlFuzigMe7NZuvsUlfE+YDc9H8i3Le384Qd6okLV8kVpuZkn\nyXcvMY1WrLwZH5oq4Farmyh2J8eUlzl59IyPaMh2w4UF774iraGEKWhIdrrVYdTU\nlIW+1Ga6ciJIbzdv1CNWrO/6df9y3YwwgUxU5Dw5Fq8xJ65jGLTicxAZ6ssi0OSG\nnhGZPg4kBwBjiKgCblLyM6ga9HQ9KSQ=\n-----END PRIVATE KEY-----\n",
            "public_key_fingerprint_md5": "9c:d2:8c:6e:de:d2:bd:88:76:ef:93:63:ad:dd:b7:04",
            "public_key_fingerprint_sha256": "SHA256:DPRQn6yDIDBeHfc4QCwurpBozgi/ln1QOwqPMTX1BNI",
            "public_key_openssh": "ssh-rsa AAAAB3NzaC1yc2EAAAADAQABAAACAQC/Y94AIA2pq4muVAacOXkFUB7CNKZv4bitFjSHRB2CbYy8HRECVipN9NExJ/uSRJYthX8Onad8I45/RmRvXYi34W2ZjvckNJSjm1Pkz9O0dJDM7K7/nJy3qBgOXn2QcZ9xq+iyxtHX2l1Ayl+QysZEsWV3QcWjo8KCpht0UBgRCg1mefaj7pOizudZmtVkYaO3f+vltRIcdGQDjIYqrSBo9QIKS99GQ8uLkI9EilTKm6rLkqBriwRNbPYR7K+PxUbdI/AlBC8CVyEBBNl7tmDH67IkVE59pc6zApvr3tMgorHnnk0Nir3q7YrBWZ9Zw02KP1XFYVRnEzltDx5p7Ig1AybbQIN5o23Rd1hLcJH9N4iTDE5u0cG0t7lZ353L6k+nt9uT+QEYGOIyKhA/hyNDVOaXdMGdKI7J7Job6KbjV+6+hTAU+g8vYp3Oz/hNIgntlMU74mw6pQBNTrXdaVDTycNR6uYkpDC5nDE2CRpTd3HJpinRHRnSAVehbYfs1goCwO5EIKdQLSLwvRvDzJnopo2d1h6XkjLY5Ky6Oi4dXrT73VHzqlNjItdbf+86OvogPc1nwlxCNI041erFYH0LqZ6soQu4zl1ISdOU3Yu8mowO7OM5EQ5yCejS2tz6fDGxE3IRM5YGyNgDoxOhwfIOEkRGzbH0cKuBNZqKTeJmxw==\n",
            "public_key_pem": "-----BEGIN PUBLIC KEY-----\nMIICIjANBgkqhkiG9w0BAQEFAAOCAg8AMIICCgKCAgEAv2PeACANqauJrlQGnDl5\nBVAewjSmb+G4rRY0h0Qdgm2MvB0RAlYqTfTRMSf7kkSWLYV/Dp2nfCOOf0Zkb12I\nt+FtmY73JDSUo5tT5M/TtHSQzOyu/5yct6gYDl59kHGfcavossbR19pdQMpfkMrG\nRLFld0HFo6PCgqYbdFAYEQoNZnn2o+6Tos7nWZrVZGGjt3/r5bUSHHRkA4yGKq0g\naPUCCkvfRkPLi5CPRIpUypuqy5Kga4sETWz2Eeyvj8VG3SPwJQQvAlchAQTZe7Zg\nx+uyJFROfaXOswKb697TIKKx555NDYq96u2KwVmfWcNNij9VxWFUZxM5bQ8eaeyI\nNQMm20CDeaNt0XdYS3CR/TeIkwxObtHBtLe5Wd+dy+pPp7fbk/kBGBjiMioQP4cj\nQ1Tml3TBnSiOyeyaG+im41fuvoUwFPoPL2Kdzs/4TSIJ7ZTFO+JsOqUATU613WlQ\n08nDUermJKQwuZwxNgkaU3dxyaYp0R0Z0gFXoW2H7NYKAsDuRCCnUC0i8L0bw8yZ\n6KaNndYel5Iy2OSsujouHV60+91R86pTYyLXW3/vOjr6ID3NZ8JcQjSNONXqxWB9\nC6merKELuM5dSEnTlN2LvJqMDuzjOREOcgno0trc+nwxsRNyETOWBsjYA6MTocHy\nDhJERs2x9HCrgTWaik3iZscCAwEAAQ==\n-----END PUBLIC KEY-----\n",
            "rsa_bits": 4096
          },
          "sensitive_attributes": [
            [
              {
                "type": "get_attr",
                "value": "private_key_pem"
              }
            ],
            [
              {
                "type": "get_attr",
                "value": "private_key_openssh"
              }
            ],
            [
              {
                "type": "get_attr",
                "value": "private_key_pem_pkcs8"
              }
            ]
          ]
        }
      ]
    }
  ],
  "check_results": null
}
